Microsoft Visual Studio Solution File, Format Version 9.00
# Visual Studio 2005
Project("{D0A7707A-04E2-4AA9-A44E-89783E5BD8A8}") = "Mediator", "Mediator.cpsproj", "{EFC1F5B5-562F-416B-BDDF-FC87D0C75ABF}"
EndProject
Global
	GlobalSection(SolutionConfigurationPlatforms) = preSolution
		Debug|Any CPU = Debug|Any CPU
		Release|Any CPU = Release|Any CPU
	EndGlobalSection
	GlobalSection(ProjectConfigurationPlatforms) = postSolution
		{EFC1F5B5-562F-416B-BDDF-FC87D0C75ABF}.Debug|Any CPU.ActiveCfg = Debug|Any CPU
		{EFC1F5B5-562F-416B-BDDF-FC87D0C75ABF}.Debug|Any CPU.Build.0 = Debug|Any CPU
		{EFC1F5B5-562F-416B-BDDF-FC87D0C75ABF}.Release|Any CPU.ActiveCfg = Release|Any CPU
		{EFC1F5B5-562F-416B-BDDF-FC87D0C75ABF}.Release|Any CPU.Build.0 = Release|Any CPU
	EndGlobalSection
	GlobalSection(SolutionProperties) = preSolution
		HideSolutionNode = FALSE
	EndGlobalSection
EndGlobal
