
Microsoft Visual Studio Solution File, Format Version 9.00
# Visual Studio 2005
Project("{930C7802-8A8C-48F9-8165-68863BCCD9DD}") = "WixStarLight", "WixStarLight.wixproj", "{1904619E-BFD5-4DB1-855A-CD9D98707241}"
EndProject
Global
	GlobalSection(TextTemplating) = postSolution
		TextTemplating = 1
	EndGlobalSection
	GlobalSection(SolutionConfigurationPlatforms) = preSolution
		Debug|Any CPU = Debug|Any CPU
		Release|Any CPU = Release|Any CPU
	EndGlobalSection
	GlobalSection(ProjectConfigurationPlatforms) = postSolution
		{1904619E-BFD5-4DB1-855A-CD9D98707241}.Debug|Any CPU.ActiveCfg = Debug|Any CPU
		{1904619E-BFD5-4DB1-855A-CD9D98707241}.Debug|Any CPU.Build.0 = Debug|Any CPU
		{1904619E-BFD5-4DB1-855A-CD9D98707241}.Release|Any CPU.ActiveCfg = Release|Any CPU
		{1904619E-BFD5-4DB1-855A-CD9D98707241}.Release|Any CPU.Build.0 = Release|Any CPU
	EndGlobalSection
	GlobalSection(SolutionProperties) = preSolution
		HideSolutionNode = FALSE
	EndGlobalSection
EndGlobal
