Microsoft Visual Studio Solution File, Format Version 8.00
Project("{E6FDF86B-F3D1-11D4-8576-0002A516ECE8}") = "Strategy", "Strategy.vjsproj", "{132037E3-63DC-4DA2-A297-6CC41C97FC83}"
	ProjectSection(ProjectDependencies) = postProject
	EndProjectSection
EndProject
Global
	GlobalSection(SolutionConfiguration) = preSolution
		Debug = Debug
		Release = Release
	EndGlobalSection
	GlobalSection(ProjectConfiguration) = postSolution
		{132037E3-63DC-4DA2-A297-6CC41C97FC83}.Debug.ActiveCfg = Debug|.NET
		{132037E3-63DC-4DA2-A297-6CC41C97FC83}.Debug.Build.0 = Debug|.NET
		{132037E3-63DC-4DA2-A297-6CC41C97FC83}.Release.ActiveCfg = Release|.NET
		{132037E3-63DC-4DA2-A297-6CC41C97FC83}.Release.Build.0 = Release|.NET
	EndGlobalSection
	GlobalSection(ExtensibilityGlobals) = postSolution
	EndGlobalSection
	GlobalSection(ExtensibilityAddIns) = postSolution
	EndGlobalSection
EndGlobal
