Microsoft Visual Studio Solution File, Format Version 8.00
Project("{E6FDF86B-F3D1-11D4-8576-0002A516ECE8}") = "FactoryMethod", "FactoryMethod.vjsproj", "{7A2C6DD3-387F-4B15-AEDF-DB34BF927D75}"
	ProjectSection(ProjectDependencies) = postProject
	EndProjectSection
EndProject
Global
	GlobalSection(SolutionConfiguration) = preSolution
		Debug = Debug
		Release = Release
	EndGlobalSection
	GlobalSection(ProjectConfiguration) = postSolution
		{7A2C6DD3-387F-4B15-AEDF-DB34BF927D75}.Debug.ActiveCfg = Debug|.NET
		{7A2C6DD3-387F-4B15-AEDF-DB34BF927D75}.Debug.Build.0 = Debug|.NET
		{7A2C6DD3-387F-4B15-AEDF-DB34BF927D75}.Release.ActiveCfg = Release|.NET
		{7A2C6DD3-387F-4B15-AEDF-DB34BF927D75}.Release.Build.0 = Release|.NET
	EndGlobalSection
	GlobalSection(ExtensibilityGlobals) = postSolution
	EndGlobalSection
	GlobalSection(ExtensibilityAddIns) = postSolution
	EndGlobalSection
EndGlobal
