Microsoft Visual Studio Solution File, Format Version 8.00
Project("{E6FDF86B-F3D1-11D4-8576-0002A516ECE8}") = "Composite", "Composite.vjsproj", "{9FE774FF-E180-4B3A-88C8-731481501E1D}"
	ProjectSection(ProjectDependencies) = postProject
	EndProjectSection
EndProject
Global
	GlobalSection(SolutionConfiguration) = preSolution
		Debug = Debug
		Release = Release
	EndGlobalSection
	GlobalSection(ProjectConfiguration) = postSolution
		{9FE774FF-E180-4B3A-88C8-731481501E1D}.Debug.ActiveCfg = Debug|.NET
		{9FE774FF-E180-4B3A-88C8-731481501E1D}.Debug.Build.0 = Debug|.NET
		{9FE774FF-E180-4B3A-88C8-731481501E1D}.Release.ActiveCfg = Release|.NET
		{9FE774FF-E180-4B3A-88C8-731481501E1D}.Release.Build.0 = Release|.NET
	EndGlobalSection
	GlobalSection(ExtensibilityGlobals) = postSolution
	EndGlobalSection
	GlobalSection(ExtensibilityAddIns) = postSolution
	EndGlobalSection
EndGlobal
