Microsoft Visual Studio Solution File, Format Version 8.00
Project("{E6FDF86B-F3D1-11D4-8576-0002A516ECE8}") = "Facade", "Facade.vjsproj", "{EDC9BDFA-3A7F-4FD7-8C68-99B0422594ED}"
	ProjectSection(ProjectDependencies) = postProject
	EndProjectSection
EndProject
Global
	GlobalSection(SolutionConfiguration) = preSolution
		Debug = Debug
		Release = Release
	EndGlobalSection
	GlobalSection(ProjectConfiguration) = postSolution
		{EDC9BDFA-3A7F-4FD7-8C68-99B0422594ED}.Debug.ActiveCfg = Debug|.NET
		{EDC9BDFA-3A7F-4FD7-8C68-99B0422594ED}.Debug.Build.0 = Debug|.NET
		{EDC9BDFA-3A7F-4FD7-8C68-99B0422594ED}.Release.ActiveCfg = Release|.NET
		{EDC9BDFA-3A7F-4FD7-8C68-99B0422594ED}.Release.Build.0 = Release|.NET
	EndGlobalSection
	GlobalSection(ExtensibilityGlobals) = postSolution
	EndGlobalSection
	GlobalSection(ExtensibilityAddIns) = postSolution
	EndGlobalSection
EndGlobal
