Microsoft Visual Studio Solution File, Format Version 8.00
Project("{FAE04EC0-301F-11D3-BF4B-00C04F79EFBC}") = "ComposestarVSAddin", "ComposestarVSAddin.csproj", "{CDABFDB2-E16D-4DAA-BD96-4322A799F93B}"
	ProjectSection(ProjectDependencies) = postProject
	EndProjectSection
EndProject
Global
	GlobalSection(SolutionConfiguration) = preSolution
		Debug = Debug
		Release = Release
	EndGlobalSection
	GlobalSection(ProjectConfiguration) = postSolution
		{CDABFDB2-E16D-4DAA-BD96-4322A799F93B}.Debug.ActiveCfg = Debug|.NET
		{CDABFDB2-E16D-4DAA-BD96-4322A799F93B}.Debug.Build.0 = Debug|.NET
		{CDABFDB2-E16D-4DAA-BD96-4322A799F93B}.Release.ActiveCfg = Release|.NET
		{CDABFDB2-E16D-4DAA-BD96-4322A799F93B}.Release.Build.0 = Release|.NET
		{E48DB645-E47D-425A-BDD5-1CB7CB2D7998}.Debug.ActiveCfg = Debug
		{E48DB645-E47D-425A-BDD5-1CB7CB2D7998}.Release.ActiveCfg = Release
		{E48DB645-E47D-425A-BDD5-1CB7CB2D7998}.Release.Build.0 = Release
	EndGlobalSection
	GlobalSection(ExtensibilityGlobals) = postSolution
	EndGlobalSection
	GlobalSection(ExtensibilityAddIns) = postSolution
	EndGlobalSection
EndGlobal
