Microsoft Visual Studio Solution File, Format Version 8.00
Project("{E6FDF86B-F3D1-11D4-8576-0002A516ECE8}") = "Interpreter", "Interpreter.vjsproj", "{B2E68ACC-0129-42C0-8A40-71C6E98C14D6}"
	ProjectSection(ProjectDependencies) = postProject
	EndProjectSection
EndProject
Global
	GlobalSection(SolutionConfiguration) = preSolution
		Debug = Debug
		Release = Release
	EndGlobalSection
	GlobalSection(ProjectConfiguration) = postSolution
		{B2E68ACC-0129-42C0-8A40-71C6E98C14D6}.Debug.ActiveCfg = Debug|.NET
		{B2E68ACC-0129-42C0-8A40-71C6E98C14D6}.Debug.Build.0 = Debug|.NET
		{B2E68ACC-0129-42C0-8A40-71C6E98C14D6}.Release.ActiveCfg = Release|.NET
		{B2E68ACC-0129-42C0-8A40-71C6E98C14D6}.Release.Build.0 = Release|.NET
	EndGlobalSection
	GlobalSection(ExtensibilityGlobals) = postSolution
	EndGlobalSection
	GlobalSection(ExtensibilityAddIns) = postSolution
	EndGlobalSection
EndGlobal
