
Microsoft Visual Studio Solution File, Format Version 9.00
# Visual Studio 2005
Project("{E6FDF86B-F3D1-11D4-8576-0002A516ECE8}") = "StarlLightJavaCompiletime", "StarlLightJavaCompiletime.vjsproj", "{55E29217-7071-4FA1-8810-79614584BBBB}"
EndProject
Project("{FAE04EC0-301F-11D3-BF4B-00C04F79EFBC}") = "Mono.Cecil", "Starlight\cecil-0.4.3\Mono.Cecil.csproj", "{D8F63DFF-5230-43E4-9AB2-DA6E721A1FAE}"
EndProject
Project("{FAE04EC0-301F-11D3-BF4B-00C04F79EFBC}") = "ILAnalyzer", "Starlight\ILAnalyzer\ILAnalyzer.csproj", "{DBE39397-4AAC-443E-B18F-8C2FFE097E3D}"
EndProject
Project("{FAE04EC0-301F-11D3-BF4B-00C04F79EFBC}") = "ILAnalyzerCaller", "Starlight\ILAnalyzerCaller\ILAnalyzerCaller.csproj", "{D5CBF671-B1EF-442F-80CD-0606EE8C44D8}"
EndProject
Project("{FAE04EC0-301F-11D3-BF4B-00C04F79EFBC}") = "ILWeaver", "Starlight\ILWeaver\ILWeaver.csproj", "{7A30904D-40C9-408D-813E-12E16C488EAA}"
EndProject
Project("{2150E333-8FDC-42A3-9474-1A3956D46DE8}") = "Libraries", "Libraries", "{37EFCE76-0C25-4760-90C9-CCB69ABA61C5}"
EndProject
Project("{2150E333-8FDC-42A3-9474-1A3956D46DE8}") = "Source", "Source", "{B750A861-A08C-4E1A-82BC-DE4B521FF221}"
EndProject
Project("{2150E333-8FDC-42A3-9474-1A3956D46DE8}") = "UnitTests", "UnitTests", "{C0F8605A-5ACF-4D1E-AA33-8D059E509998}"
EndProject
Project("{FAE04EC0-301F-11D3-BF4B-00C04F79EFBC}") = "TestILAnalyzer", "UnitTests\ILAnalyzer\TestILAnalyzer.csproj", "{1B4B4933-6267-4AEC-9F9C-1FF8B6C7546B}"
EndProject
Global
	GlobalSection(SolutionConfigurationPlatforms) = preSolution
		Debug|Any CPU = Debug|Any CPU
		Debug|Mixed Platforms = Debug|Mixed Platforms
		Debug|x86 = Debug|x86
		Release|Any CPU = Release|Any CPU
		Release|Mixed Platforms = Release|Mixed Platforms
		Release|x86 = Release|x86
	EndGlobalSection
	GlobalSection(ProjectConfigurationPlatforms) = postSolution
		{55E29217-7071-4FA1-8810-79614584BBBB}.Debug|Any CPU.ActiveCfg = Debug|x86
		{55E29217-7071-4FA1-8810-79614584BBBB}.Debug|Mixed Platforms.ActiveCfg = Debug|x86
		{55E29217-7071-4FA1-8810-79614584BBBB}.Debug|x86.ActiveCfg = Debug|x86
		{55E29217-7071-4FA1-8810-79614584BBBB}.Debug|x86.Build.0 = Debug|x86
		{55E29217-7071-4FA1-8810-79614584BBBB}.Release|Any CPU.ActiveCfg = Release|x86
		{55E29217-7071-4FA1-8810-79614584BBBB}.Release|Mixed Platforms.ActiveCfg = Release|x86
		{55E29217-7071-4FA1-8810-79614584BBBB}.Release|x86.ActiveCfg = Release|x86
		{55E29217-7071-4FA1-8810-79614584BBBB}.Release|x86.Build.0 = Release|x86
		{D8F63DFF-5230-43E4-9AB2-DA6E721A1FAE}.Debug|Any CPU.ActiveCfg = Debug|Any CPU
		{D8F63DFF-5230-43E4-9AB2-DA6E721A1FAE}.Debug|Any CPU.Build.0 = Debug|Any CPU
		{D8F63DFF-5230-43E4-9AB2-DA6E721A1FAE}.Debug|Mixed Platforms.ActiveCfg = Debug|Any CPU
		{D8F63DFF-5230-43E4-9AB2-DA6E721A1FAE}.Debug|Mixed Platforms.Build.0 = Debug|Any CPU
		{D8F63DFF-5230-43E4-9AB2-DA6E721A1FAE}.Debug|x86.ActiveCfg = Debug|Any CPU
		{D8F63DFF-5230-43E4-9AB2-DA6E721A1FAE}.Release|Any CPU.ActiveCfg = Release|Any CPU
		{D8F63DFF-5230-43E4-9AB2-DA6E721A1FAE}.Release|Any CPU.Build.0 = Release|Any CPU
		{D8F63DFF-5230-43E4-9AB2-DA6E721A1FAE}.Release|Mixed Platforms.ActiveCfg = Release|Any CPU
		{D8F63DFF-5230-43E4-9AB2-DA6E721A1FAE}.Release|Mixed Platforms.Build.0 = Release|Any CPU
		{D8F63DFF-5230-43E4-9AB2-DA6E721A1FAE}.Release|x86.ActiveCfg = Release|Any CPU
		{DBE39397-4AAC-443E-B18F-8C2FFE097E3D}.Debug|Any CPU.ActiveCfg = Debug|Any CPU
		{DBE39397-4AAC-443E-B18F-8C2FFE097E3D}.Debug|Any CPU.Build.0 = Debug|Any CPU
		{DBE39397-4AAC-443E-B18F-8C2FFE097E3D}.Debug|Mixed Platforms.ActiveCfg = Debug|Any CPU
		{DBE39397-4AAC-443E-B18F-8C2FFE097E3D}.Debug|Mixed Platforms.Build.0 = Debug|Any CPU
		{DBE39397-4AAC-443E-B18F-8C2FFE097E3D}.Debug|x86.ActiveCfg = Debug|Any CPU
		{DBE39397-4AAC-443E-B18F-8C2FFE097E3D}.Release|Any CPU.ActiveCfg = Release|Any CPU
		{DBE39397-4AAC-443E-B18F-8C2FFE097E3D}.Release|Any CPU.Build.0 = Release|Any CPU
		{DBE39397-4AAC-443E-B18F-8C2FFE097E3D}.Release|Mixed Platforms.ActiveCfg = Release|Any CPU
		{DBE39397-4AAC-443E-B18F-8C2FFE097E3D}.Release|Mixed Platforms.Build.0 = Release|Any CPU
		{DBE39397-4AAC-443E-B18F-8C2FFE097E3D}.Release|x86.ActiveCfg = Release|Any CPU
		{D5CBF671-B1EF-442F-80CD-0606EE8C44D8}.Debug|Any CPU.ActiveCfg = Debug|Any CPU
		{D5CBF671-B1EF-442F-80CD-0606EE8C44D8}.Debug|Any CPU.Build.0 = Debug|Any CPU
		{D5CBF671-B1EF-442F-80CD-0606EE8C44D8}.Debug|Mixed Platforms.ActiveCfg = Debug|Any CPU
		{D5CBF671-B1EF-442F-80CD-0606EE8C44D8}.Debug|Mixed Platforms.Build.0 = Debug|Any CPU
		{D5CBF671-B1EF-442F-80CD-0606EE8C44D8}.Debug|x86.ActiveCfg = Debug|Any CPU
		{D5CBF671-B1EF-442F-80CD-0606EE8C44D8}.Release|Any CPU.ActiveCfg = Release|Any CPU
		{D5CBF671-B1EF-442F-80CD-0606EE8C44D8}.Release|Any CPU.Build.0 = Release|Any CPU
		{D5CBF671-B1EF-442F-80CD-0606EE8C44D8}.Release|Mixed Platforms.ActiveCfg = Release|Any CPU
		{D5CBF671-B1EF-442F-80CD-0606EE8C44D8}.Release|Mixed Platforms.Build.0 = Release|Any CPU
		{D5CBF671-B1EF-442F-80CD-0606EE8C44D8}.Release|x86.ActiveCfg = Release|Any CPU
		{7A30904D-40C9-408D-813E-12E16C488EAA}.Debug|Any CPU.ActiveCfg = Debug|Any CPU
		{7A30904D-40C9-408D-813E-12E16C488EAA}.Debug|Any CPU.Build.0 = Debug|Any CPU
		{7A30904D-40C9-408D-813E-12E16C488EAA}.Debug|Mixed Platforms.ActiveCfg = Debug|Any CPU
		{7A30904D-40C9-408D-813E-12E16C488EAA}.Debug|Mixed Platforms.Build.0 = Debug|Any CPU
		{7A30904D-40C9-408D-813E-12E16C488EAA}.Debug|x86.ActiveCfg = Debug|Any CPU
		{7A30904D-40C9-408D-813E-12E16C488EAA}.Release|Any CPU.ActiveCfg = Release|Any CPU
		{7A30904D-40C9-408D-813E-12E16C488EAA}.Release|Any CPU.Build.0 = Release|Any CPU
		{7A30904D-40C9-408D-813E-12E16C488EAA}.Release|Mixed Platforms.ActiveCfg = Release|Any CPU
		{7A30904D-40C9-408D-813E-12E16C488EAA}.Release|Mixed Platforms.Build.0 = Release|Any CPU
		{7A30904D-40C9-408D-813E-12E16C488EAA}.Release|x86.ActiveCfg = Release|Any CPU
		{1B4B4933-6267-4AEC-9F9C-1FF8B6C7546B}.Debug|Any CPU.ActiveCfg = Debug|Any CPU
		{1B4B4933-6267-4AEC-9F9C-1FF8B6C7546B}.Debug|Any CPU.Build.0 = Debug|Any CPU
		{1B4B4933-6267-4AEC-9F9C-1FF8B6C7546B}.Debug|Mixed Platforms.ActiveCfg = Debug|Any CPU
		{1B4B4933-6267-4AEC-9F9C-1FF8B6C7546B}.Debug|Mixed Platforms.Build.0 = Debug|Any CPU
		{1B4B4933-6267-4AEC-9F9C-1FF8B6C7546B}.Debug|x86.ActiveCfg = Debug|Any CPU
		{1B4B4933-6267-4AEC-9F9C-1FF8B6C7546B}.Release|Any CPU.ActiveCfg = Release|Any CPU
		{1B4B4933-6267-4AEC-9F9C-1FF8B6C7546B}.Release|Any CPU.Build.0 = Release|Any CPU
		{1B4B4933-6267-4AEC-9F9C-1FF8B6C7546B}.Release|Mixed Platforms.ActiveCfg = Release|Any CPU
		{1B4B4933-6267-4AEC-9F9C-1FF8B6C7546B}.Release|Mixed Platforms.Build.0 = Release|Any CPU
		{1B4B4933-6267-4AEC-9F9C-1FF8B6C7546B}.Release|x86.ActiveCfg = Release|Any CPU
	EndGlobalSection
	GlobalSection(SolutionProperties) = preSolution
		HideSolutionNode = FALSE
	EndGlobalSection
	GlobalSection(NestedProjects) = preSolution
		{D8F63DFF-5230-43E4-9AB2-DA6E721A1FAE} = {37EFCE76-0C25-4760-90C9-CCB69ABA61C5}
		{D5CBF671-B1EF-442F-80CD-0606EE8C44D8} = {B750A861-A08C-4E1A-82BC-DE4B521FF221}
		{DBE39397-4AAC-443E-B18F-8C2FFE097E3D} = {B750A861-A08C-4E1A-82BC-DE4B521FF221}
		{7A30904D-40C9-408D-813E-12E16C488EAA} = {B750A861-A08C-4E1A-82BC-DE4B521FF221}
		{55E29217-7071-4FA1-8810-79614584BBBB} = {B750A861-A08C-4E1A-82BC-DE4B521FF221}
		{1B4B4933-6267-4AEC-9F9C-1FF8B6C7546B} = {C0F8605A-5ACF-4D1E-AA33-8D059E509998}
	EndGlobalSection
EndGlobal
