Microsoft Visual Studio Solution File, Format Version 8.00
Project("{E6FDF86B-F3D1-11D4-8576-0002A516ECE8}") = "Observer", "Observer.vjsproj", "{EB1457AD-5E29-4116-9F3D-A2E5514038B6}"
	ProjectSection(ProjectDependencies) = postProject
	EndProjectSection
EndProject
Global
	GlobalSection(SolutionConfiguration) = preSolution
		Debug = Debug
		Release = Release
	EndGlobalSection
	GlobalSection(ProjectConfiguration) = postSolution
		{EB1457AD-5E29-4116-9F3D-A2E5514038B6}.Debug.ActiveCfg = Debug|.NET
		{EB1457AD-5E29-4116-9F3D-A2E5514038B6}.Debug.Build.0 = Debug|.NET
		{EB1457AD-5E29-4116-9F3D-A2E5514038B6}.Release.ActiveCfg = Release|.NET
		{EB1457AD-5E29-4116-9F3D-A2E5514038B6}.Release.Build.0 = Release|.NET
	EndGlobalSection
	GlobalSection(ExtensibilityGlobals) = postSolution
	EndGlobalSection
	GlobalSection(ExtensibilityAddIns) = postSolution
	EndGlobalSection
EndGlobal
