Microsoft Visual Studio Solution File, Format Version 8.00
Project("{FAE04EC0-301F-11D3-BF4B-00C04F79EFBC}") = "PeWeaver", "PeWeaver\PeWeaver.csproj", "{713820B1-2488-49DF-B864-5E253CE25A90}"
	ProjectSection(ProjectDependencies) = postProject
		{503DC896-C3AA-4AB1-B935-D72CE2072593} = {503DC896-C3AA-4AB1-B935-D72CE2072593}
	EndProjectSection
EndProject
Project("{FAE04EC0-301F-11D3-BF4B-00C04F79EFBC}") = "IlWeaver", "IlWeaver\IlWeaver.csproj", "{48C3C0E7-0E88-4D33-B86F-EB9B698BF24D}"
	ProjectSection(ProjectDependencies) = postProject
	EndProjectSection
EndProject
Project("{FAE04EC0-301F-11D3-BF4B-00C04F79EFBC}") = "WeaveLibrary", "WeaveLibrary\WeaveLibrary.csproj", "{503DC896-C3AA-4AB1-B935-D72CE2072593}"
	ProjectSection(ProjectDependencies) = postProject
	EndProjectSection
EndProject
Global
	GlobalSection(SolutionConfiguration) = preSolution
		Debug = Debug
		Release = Release
	EndGlobalSection
	GlobalSection(ProjectConfiguration) = postSolution
		{713820B1-2488-49DF-B864-5E253CE25A90}.Debug.ActiveCfg = Debug|.NET
		{713820B1-2488-49DF-B864-5E253CE25A90}.Debug.Build.0 = Debug|.NET
		{713820B1-2488-49DF-B864-5E253CE25A90}.Release.ActiveCfg = Release|.NET
		{713820B1-2488-49DF-B864-5E253CE25A90}.Release.Build.0 = Release|.NET
		{48C3C0E7-0E88-4D33-B86F-EB9B698BF24D}.Debug.ActiveCfg = Debug|.NET
		{48C3C0E7-0E88-4D33-B86F-EB9B698BF24D}.Debug.Build.0 = Debug|.NET
		{48C3C0E7-0E88-4D33-B86F-EB9B698BF24D}.Release.ActiveCfg = Release|.NET
		{48C3C0E7-0E88-4D33-B86F-EB9B698BF24D}.Release.Build.0 = Release|.NET
		{503DC896-C3AA-4AB1-B935-D72CE2072593}.Debug.ActiveCfg = Debug|.NET
		{503DC896-C3AA-4AB1-B935-D72CE2072593}.Debug.Build.0 = Debug|.NET
		{503DC896-C3AA-4AB1-B935-D72CE2072593}.Release.ActiveCfg = Release|.NET
		{503DC896-C3AA-4AB1-B935-D72CE2072593}.Release.Build.0 = Release|.NET
	EndGlobalSection
	GlobalSection(ExtensibilityGlobals) = postSolution
	EndGlobalSection
	GlobalSection(ExtensibilityAddIns) = postSolution
	EndGlobalSection
EndGlobal
