
Microsoft Visual Studio Solution File, Format Version 9.00
# Visual Studio 2005
Project("{D0A7707A-04E2-4AA9-A44E-89783E5BD8A8}") = "InventoryTwo", "InventoryTwo.cpsproj", "{84D7DF87-C679-42DA-B722-E80ECB65D0BE}"
EndProject
Global
	GlobalSection(SolutionConfigurationPlatforms) = preSolution
		Debug|Any CPU = Debug|Any CPU
		Release|Any CPU = Release|Any CPU
	EndGlobalSection
	GlobalSection(ProjectConfigurationPlatforms) = postSolution
		{84D7DF87-C679-42DA-B722-E80ECB65D0BE}.Debug|Any CPU.ActiveCfg = Debug|Any CPU
		{84D7DF87-C679-42DA-B722-E80ECB65D0BE}.Debug|Any CPU.Build.0 = Debug|Any CPU
		{84D7DF87-C679-42DA-B722-E80ECB65D0BE}.Release|Any CPU.ActiveCfg = Release|Any CPU
		{84D7DF87-C679-42DA-B722-E80ECB65D0BE}.Release|Any CPU.Build.0 = Release|Any CPU
	EndGlobalSection
	GlobalSection(SolutionProperties) = preSolution
		HideSolutionNode = FALSE
	EndGlobalSection
EndGlobal
