Microsoft Visual Studio Solution File, Format Version 9.00
# Visual Studio 2005
Project("{D0A7707A-04E2-4AA9-A44E-89783E5BD8A8}") = "Composite", "Composite.cpsproj", "{9FE774FF-E180-4B3A-88C8-731481501E1D}"
EndProject
Global
	GlobalSection(SolutionConfigurationPlatforms) = preSolution
		Debug|Any CPU = Debug|Any CPU
		Release|Any CPU = Release|Any CPU
	EndGlobalSection
	GlobalSection(ProjectConfigurationPlatforms) = postSolution
		{9FE774FF-E180-4B3A-88C8-731481501E1D}.Debug|Any CPU.ActiveCfg = Debug|Any CPU
		{9FE774FF-E180-4B3A-88C8-731481501E1D}.Debug|Any CPU.Build.0 = Debug|Any CPU
		{9FE774FF-E180-4B3A-88C8-731481501E1D}.Release|Any CPU.ActiveCfg = Release|Any CPU
		{9FE774FF-E180-4B3A-88C8-731481501E1D}.Release|Any CPU.Build.0 = Release|Any CPU
	EndGlobalSection
	GlobalSection(SolutionProperties) = preSolution
		HideSolutionNode = FALSE
	EndGlobalSection
EndGlobal
