Microsoft Visual Studio Solution File, Format Version 8.00
Project("{FAE04EC0-301F-11D3-BF4B-00C04F79EFBC}") = "ErrorFilterTest", "ErrorFilterTest.csproj", "{93A19AC1-945D-4D27-824F-CE5E4330D619}"
	ProjectSection(ProjectDependencies) = postProject
	EndProjectSection
EndProject
Global
	GlobalSection(SolutionConfiguration) = preSolution
		Debug = Debug
		Release = Release
	EndGlobalSection
	GlobalSection(ProjectConfiguration) = postSolution
		{93A19AC1-945D-4D27-824F-CE5E4330D619}.Debug.ActiveCfg = Debug|.NET
		{93A19AC1-945D-4D27-824F-CE5E4330D619}.Debug.Build.0 = Debug|.NET
		{93A19AC1-945D-4D27-824F-CE5E4330D619}.Release.ActiveCfg = Release|.NET
		{93A19AC1-945D-4D27-824F-CE5E4330D619}.Release.Build.0 = Release|.NET
	EndGlobalSection
	GlobalSection(ExtensibilityGlobals) = postSolution
	EndGlobalSection
	GlobalSection(ExtensibilityAddIns) = postSolution
	EndGlobalSection
EndGlobal
