
Microsoft Visual Studio Solution File, Format Version 9.00
# Visual Studio 2005
Project("{2150E333-8FDC-42A3-9474-1A3956D46DE8}") = "Libraries", "Libraries", "{37EFCE76-0C25-4760-90C9-CCB69ABA61C5}"
	ProjectSection(FolderStartupServices) = postProject
		{B4F97281-0DBD-4835-9ED8-7DFB966E87FF} = {B4F97281-0DBD-4835-9ED8-7DFB966E87FF}
	EndProjectSection
EndProject
Project("{2150E333-8FDC-42A3-9474-1A3956D46DE8}") = "Source", "Source", "{B750A861-A08C-4E1A-82BC-DE4B521FF221}"
	ProjectSection(FolderStartupServices) = postProject
		{B4F97281-0DBD-4835-9ED8-7DFB966E87FF} = {B4F97281-0DBD-4835-9ED8-7DFB966E87FF}
	EndProjectSection
EndProject
Project("{2150E333-8FDC-42A3-9474-1A3956D46DE8}") = "IL Analyzer and Weaver", "IL Analyzer and Weaver", "{187D6F5F-8A84-4527-B63B-5037CD93E1E6}"
	ProjectSection(FolderStartupServices) = postProject
		{B4F97281-0DBD-4835-9ED8-7DFB966E87FF} = {B4F97281-0DBD-4835-9ED8-7DFB966E87FF}
	EndProjectSection
EndProject
Project("{2150E333-8FDC-42A3-9474-1A3956D46DE8}") = "Visual Studio Integration", "Visual Studio Integration", "{C71100E4-D848-4173-BCA9-578E6E874CB1}"
	ProjectSection(FolderStartupServices) = postProject
		{B4F97281-0DBD-4835-9ED8-7DFB966E87FF} = {B4F97281-0DBD-4835-9ED8-7DFB966E87FF}
	EndProjectSection
EndProject
Project("{FAE04EC0-301F-11D3-BF4B-00C04F79EFBC}") = "StarLight.VisualStudio.LanguageServices", "VSIntegration\VisualStudio.LanguageServices\StarLight.VisualStudio.LanguageServices.csproj", "{74788B39-49AB-4708-AD96-B5558AF48C7A}"
EndProject
Project("{FAE04EC0-301F-11D3-BF4B-00C04F79EFBC}") = "StarLight.VisualStudio.Project", "VSIntegration\VisualStudio.Project\StarLight.VisualStudio.Project.csproj", "{6F6C0C53-6489-439D-A92F-2EBA93D8A889}"
EndProject
Project("{FAE04EC0-301F-11D3-BF4B-00C04F79EFBC}") = "StarLight.MSBuild.Tasks", "VSIntegration\MSBuildTasks\StarLight.MSBuild.Tasks.csproj", "{B37EA36C-9C56-4EC2-BD17-4B884F9D6ACE}"
EndProject
Project("{2150E333-8FDC-42A3-9474-1A3956D46DE8}") = "Data Store", "Data Store", "{5942A443-37C5-49CE-AB3A-E47154593FBD}"
	ProjectSection(FolderStartupServices) = postProject
		{B4F97281-0DBD-4835-9ED8-7DFB966E87FF} = {B4F97281-0DBD-4835-9ED8-7DFB966E87FF}
	EndProjectSection
EndProject
Project("{2150E333-8FDC-42A3-9474-1A3956D46DE8}") = "Core Elements", "Core Elements", "{CF898BD4-44FA-4045-A52F-09096C0AF42D}"
	ProjectSection(FolderStartupServices) = postProject
		{B4F97281-0DBD-4835-9ED8-7DFB966E87FF} = {B4F97281-0DBD-4835-9ED8-7DFB966E87FF}
	EndProjectSection
EndProject
Project("{FAE04EC0-301F-11D3-BF4B-00C04F79EFBC}") = "StarLight.ContextInfo", "ContextInfo\StarLight.ContextInfo.csproj", "{C61238A6-EA8A-427F-BCF1-5D70DBEF06F6}"
EndProject
Project("{FAE04EC0-301F-11D3-BF4B-00C04F79EFBC}") = "StarLight.CoreServices", "CoreServices\StarLight.CoreServices.csproj", "{11331540-BE27-41A8-B10C-D1C7A686E554}"
EndProject
Project("{2150E333-8FDC-42A3-9474-1A3956D46DE8}") = "Core Services", "Core Services", "{871E4607-2A33-4BBD-9F47-F337536829B0}"
	ProjectSection(FolderStartupServices) = postProject
		{B4F97281-0DBD-4835-9ED8-7DFB966E87FF} = {B4F97281-0DBD-4835-9ED8-7DFB966E87FF}
	EndProjectSection
EndProject
Project("{FAE04EC0-301F-11D3-BF4B-00C04F79EFBC}") = "ILAnalyzer", "ILAnalyzer\ILAnalyzer.csproj", "{DBE39397-4AAC-443E-B18F-8C2FFE097E3D}"
EndProject
Project("{FAE04EC0-301F-11D3-BF4B-00C04F79EFBC}") = "ILAnalyzerCaller", "ILAnalyzerCaller\ILAnalyzerCaller.csproj", "{D5CBF671-B1EF-442F-80CD-0606EE8C44D8}"
EndProject
Project("{FAE04EC0-301F-11D3-BF4B-00C04F79EFBC}") = "ILWeaver", "ILWeaver\ILWeaver.csproj", "{7A30904D-40C9-408D-813E-12E16C488EAA}"
EndProject
Project("{FAE04EC0-301F-11D3-BF4B-00C04F79EFBC}") = "DataStoreContainer", "Repository\DataStoreContainer.csproj", "{40B1F906-58AC-42AD-837C-3F31B289659C}"
EndProject
Project("{2150E333-8FDC-42A3-9474-1A3956D46DE8}") = "CpsParser", "CpsParser", "{6283BC6E-A74C-4023-AEBE-856AA7E86092}"
	ProjectSection(FolderStartupServices) = postProject
		{B4F97281-0DBD-4835-9ED8-7DFB966E87FF} = {B4F97281-0DBD-4835-9ED8-7DFB966E87FF}
	EndProjectSection
EndProject
Project("{FAE04EC0-301F-11D3-BF4B-00C04F79EFBC}") = "CpsParser", "CpsParser\CpsParser.csproj", "{4684F559-E4BA-466E-8EED-962987B34363}"
EndProject
Project("{FAE04EC0-301F-11D3-BF4B-00C04F79EFBC}") = "CpsParserCaller", "CpsParserCaller\CpsParserCaller.csproj", "{1FEAFB7D-1173-4B2D-ABB1-B546941053AB}"
EndProject
Project("{2150E333-8FDC-42A3-9474-1A3956D46DE8}") = "Utilities", "Utilities", "{BEED8A0E-EE58-4823-97E2-951AAEA7799B}"
	ProjectSection(FolderStartupServices) = postProject
		{B4F97281-0DBD-4835-9ED8-7DFB966E87FF} = {B4F97281-0DBD-4835-9ED8-7DFB966E87FF}
	EndProjectSection
EndProject
Project("{FAE04EC0-301F-11D3-BF4B-00C04F79EFBC}") = "CecilUtilities", "Utilities\Cecil\CecilUtilities.csproj", "{125370E1-A7FB-4458-A2AC-CA7C044FC944}"
EndProject
Project("{FAE04EC0-301F-11D3-BF4B-00C04F79EFBC}") = "StarLightEntities", "StarLightEntities\StarLightEntities.csproj", "{8E92B6F7-3D6E-4B01-B465-7B600E4E2FF9}"
EndProject
Project("{FAE04EC0-301F-11D3-BF4B-00C04F79EFBC}") = "StarLight.Filters", "StarLight.Filters\StarLight.Filters.csproj", "{2E8080B8-CD6E-4AFC-AB32-6032ED9F99C5}"
EndProject
Project("{FAE04EC0-301F-11D3-BF4B-00C04F79EFBC}") = "StarLight.Weaving", "StarLight.Weaving\StarLight.Weaving.csproj", "{B393DAD9-0D9F-441A-B269-5D23EF444410}"
EndProject
Project("{FAE04EC0-301F-11D3-BF4B-00C04F79EFBC}") = "StarLight.Weaving.BuildIn", "StarLight.Weaving.BuildIn\StarLight.Weaving.BuildIn.csproj", "{76AFCDB4-119F-4881-99AB-C750832DE0C5}"
EndProject
Project("{2150E333-8FDC-42A3-9474-1A3956D46DE8}") = "Documentation", "Documentation", "{CCC92ACB-FD44-4592-B099-8021832D1A4B}"
	ProjectSection(FolderStartupServices) = postProject
		{B4F97281-0DBD-4835-9ED8-7DFB966E87FF} = {B4F97281-0DBD-4835-9ED8-7DFB966E87FF}
	EndProjectSection
EndProject
Project("{E24C65DC-7377-472B-9ABA-BC803B73C61A}") = "C:\...\HTML\", "..\Documentation\HTML", "{C4CA2E94-9E2B-41FC-BF25-6A32849B1E6D}"
	ProjectSection(WebsiteProperties) = preProject
		Debug.AspNetCompiler.VirtualPath = "/HTML"
		Debug.AspNetCompiler.PhysicalPath = "..\Documentation\HTML\"
		Debug.AspNetCompiler.TargetPath = "PrecompiledWeb\HTML\"
		Debug.AspNetCompiler.Updateable = "true"
		Debug.AspNetCompiler.ForceOverwrite = "true"
		Debug.AspNetCompiler.FixedNames = "false"
		Debug.AspNetCompiler.Debug = "True"
		Release.AspNetCompiler.VirtualPath = "/HTML"
		Release.AspNetCompiler.PhysicalPath = "..\Documentation\HTML\"
		Release.AspNetCompiler.TargetPath = "PrecompiledWeb\HTML\"
		Release.AspNetCompiler.Updateable = "true"
		Release.AspNetCompiler.ForceOverwrite = "true"
		Release.AspNetCompiler.FixedNames = "false"
		Release.AspNetCompiler.Debug = "False"
		VWDPort = "2642"
	EndProjectSection
EndProject
Project("{FAE04EC0-301F-11D3-BF4B-00C04F79EFBC}") = "Mono.Cecil", "..\Libraries\cecil\Mono.Cecil.csproj", "{D8F63DFF-5230-43E4-9AB2-DA6E721A1FAE}"
EndProject
Project("{FAE04EC0-301F-11D3-BF4B-00C04F79EFBC}") = "Mono.Cecil.Pdb", "..\Libraries\cecil-pdb\Mono.Cecil.Pdb.csproj", "{4FEBBB25-D5C0-48F0-A822-2E0D6F3D777E}"
EndProject
Project("{FAE04EC0-301F-11D3-BF4B-00C04F79EFBC}") = "Mono.CompilerServices.SymbolStore", "..\Libraries\cecil-cildb\Mono.CompilerServices.SymbolStore.csproj", "{A43C651D-C467-4214-86EE-23EDF2242A1F}"
EndProject
Global
	GlobalSection(TextTemplating) = postSolution
		TextTemplating = 1
	EndGlobalSection
	GlobalSection(SolutionConfigurationPlatforms) = preSolution
		Debug|.NET = Debug|.NET
		Debug|Any CPU = Debug|Any CPU
		Debug|Mixed Platforms = Debug|Mixed Platforms
		Debug|x86 = Debug|x86
		DebugNUnit|.NET = DebugNUnit|.NET
		DebugNUnit|Any CPU = DebugNUnit|Any CPU
		DebugNUnit|Mixed Platforms = DebugNUnit|Mixed Platforms
		DebugNUnit|x86 = DebugNUnit|x86
		DebugVSIntegration|.NET = DebugVSIntegration|.NET
		DebugVSIntegration|Any CPU = DebugVSIntegration|Any CPU
		DebugVSIntegration|Mixed Platforms = DebugVSIntegration|Mixed Platforms
		DebugVSIntegration|x86 = DebugVSIntegration|x86
		Release|.NET = Release|.NET
		Release|Any CPU = Release|Any CPU
		Release|Mixed Platforms = Release|Mixed Platforms
		Release|x86 = Release|x86
	EndGlobalSection
	GlobalSection(ProjectConfigurationPlatforms) = postSolution
		{74788B39-49AB-4708-AD96-B5558AF48C7A}.Debug|.NET.ActiveCfg = Debug|Any CPU
		{74788B39-49AB-4708-AD96-B5558AF48C7A}.Debug|Any CPU.ActiveCfg = Debug|Any CPU
		{74788B39-49AB-4708-AD96-B5558AF48C7A}.Debug|Any CPU.Build.0 = Debug|Any CPU
		{74788B39-49AB-4708-AD96-B5558AF48C7A}.Debug|Mixed Platforms.ActiveCfg = Debug|Any CPU
		{74788B39-49AB-4708-AD96-B5558AF48C7A}.Debug|x86.ActiveCfg = Debug|Any CPU
		{74788B39-49AB-4708-AD96-B5558AF48C7A}.DebugNUnit|.NET.ActiveCfg = DebugVSIntegration|Any CPU
		{74788B39-49AB-4708-AD96-B5558AF48C7A}.DebugNUnit|Any CPU.ActiveCfg = Debug|Any CPU
		{74788B39-49AB-4708-AD96-B5558AF48C7A}.DebugNUnit|Any CPU.Build.0 = Debug|Any CPU
		{74788B39-49AB-4708-AD96-B5558AF48C7A}.DebugNUnit|Mixed Platforms.ActiveCfg = Debug|Any CPU
		{74788B39-49AB-4708-AD96-B5558AF48C7A}.DebugNUnit|Mixed Platforms.Build.0 = Debug|Any CPU
		{74788B39-49AB-4708-AD96-B5558AF48C7A}.DebugNUnit|x86.ActiveCfg = Debug|Any CPU
		{74788B39-49AB-4708-AD96-B5558AF48C7A}.DebugVSIntegration|.NET.ActiveCfg = DebugVSIntegration|Any CPU
		{74788B39-49AB-4708-AD96-B5558AF48C7A}.DebugVSIntegration|Any CPU.ActiveCfg = DebugVSIntegration|Any CPU
		{74788B39-49AB-4708-AD96-B5558AF48C7A}.DebugVSIntegration|Any CPU.Build.0 = DebugVSIntegration|Any CPU
		{74788B39-49AB-4708-AD96-B5558AF48C7A}.DebugVSIntegration|Mixed Platforms.ActiveCfg = DebugVSIntegration|Any CPU
		{74788B39-49AB-4708-AD96-B5558AF48C7A}.DebugVSIntegration|Mixed Platforms.Build.0 = DebugVSIntegration|Any CPU
		{74788B39-49AB-4708-AD96-B5558AF48C7A}.DebugVSIntegration|x86.ActiveCfg = DebugVSIntegration|Any CPU
		{74788B39-49AB-4708-AD96-B5558AF48C7A}.Release|.NET.ActiveCfg = Release|Any CPU
		{74788B39-49AB-4708-AD96-B5558AF48C7A}.Release|Any CPU.ActiveCfg = Release|Any CPU
		{74788B39-49AB-4708-AD96-B5558AF48C7A}.Release|Any CPU.Build.0 = Release|Any CPU
		{74788B39-49AB-4708-AD96-B5558AF48C7A}.Release|Mixed Platforms.ActiveCfg = Release|Any CPU
		{74788B39-49AB-4708-AD96-B5558AF48C7A}.Release|Mixed Platforms.Build.0 = Release|Any CPU
		{74788B39-49AB-4708-AD96-B5558AF48C7A}.Release|x86.ActiveCfg = Release|Any CPU
		{6F6C0C53-6489-439D-A92F-2EBA93D8A889}.Debug|.NET.ActiveCfg = Debug|Any CPU
		{6F6C0C53-6489-439D-A92F-2EBA93D8A889}.Debug|Any CPU.ActiveCfg = Debug|Any CPU
		{6F6C0C53-6489-439D-A92F-2EBA93D8A889}.Debug|Any CPU.Build.0 = Debug|Any CPU
		{6F6C0C53-6489-439D-A92F-2EBA93D8A889}.Debug|Mixed Platforms.ActiveCfg = Debug|Any CPU
		{6F6C0C53-6489-439D-A92F-2EBA93D8A889}.Debug|x86.ActiveCfg = Debug|Any CPU
		{6F6C0C53-6489-439D-A92F-2EBA93D8A889}.DebugNUnit|.NET.ActiveCfg = DebugVSIntegration|Any CPU
		{6F6C0C53-6489-439D-A92F-2EBA93D8A889}.DebugNUnit|Any CPU.ActiveCfg = Debug|Any CPU
		{6F6C0C53-6489-439D-A92F-2EBA93D8A889}.DebugNUnit|Any CPU.Build.0 = Debug|Any CPU
		{6F6C0C53-6489-439D-A92F-2EBA93D8A889}.DebugNUnit|Mixed Platforms.ActiveCfg = Debug|Any CPU
		{6F6C0C53-6489-439D-A92F-2EBA93D8A889}.DebugNUnit|Mixed Platforms.Build.0 = Debug|Any CPU
		{6F6C0C53-6489-439D-A92F-2EBA93D8A889}.DebugNUnit|x86.ActiveCfg = Debug|Any CPU
		{6F6C0C53-6489-439D-A92F-2EBA93D8A889}.DebugVSIntegration|.NET.ActiveCfg = DebugVSIntegration|Any CPU
		{6F6C0C53-6489-439D-A92F-2EBA93D8A889}.DebugVSIntegration|Any CPU.ActiveCfg = DebugVSIntegration|Any CPU
		{6F6C0C53-6489-439D-A92F-2EBA93D8A889}.DebugVSIntegration|Any CPU.Build.0 = DebugVSIntegration|Any CPU
		{6F6C0C53-6489-439D-A92F-2EBA93D8A889}.DebugVSIntegration|Mixed Platforms.ActiveCfg = DebugVSIntegration|Any CPU
		{6F6C0C53-6489-439D-A92F-2EBA93D8A889}.DebugVSIntegration|Mixed Platforms.Build.0 = DebugVSIntegration|Any CPU
		{6F6C0C53-6489-439D-A92F-2EBA93D8A889}.DebugVSIntegration|x86.ActiveCfg = DebugVSIntegration|Any CPU
		{6F6C0C53-6489-439D-A92F-2EBA93D8A889}.Release|.NET.ActiveCfg = Release|Any CPU
		{6F6C0C53-6489-439D-A92F-2EBA93D8A889}.Release|Any CPU.ActiveCfg = Release|Any CPU
		{6F6C0C53-6489-439D-A92F-2EBA93D8A889}.Release|Any CPU.Build.0 = Release|Any CPU
		{6F6C0C53-6489-439D-A92F-2EBA93D8A889}.Release|Mixed Platforms.ActiveCfg = Release|Any CPU
		{6F6C0C53-6489-439D-A92F-2EBA93D8A889}.Release|Mixed Platforms.Build.0 = Release|Any CPU
		{6F6C0C53-6489-439D-A92F-2EBA93D8A889}.Release|x86.ActiveCfg = Release|Any CPU
		{B37EA36C-9C56-4EC2-BD17-4B884F9D6ACE}.Debug|.NET.ActiveCfg = Debug|Any CPU
		{B37EA36C-9C56-4EC2-BD17-4B884F9D6ACE}.Debug|Any CPU.ActiveCfg = Debug|Any CPU
		{B37EA36C-9C56-4EC2-BD17-4B884F9D6ACE}.Debug|Any CPU.Build.0 = Debug|Any CPU
		{B37EA36C-9C56-4EC2-BD17-4B884F9D6ACE}.Debug|Mixed Platforms.ActiveCfg = Debug|Any CPU
		{B37EA36C-9C56-4EC2-BD17-4B884F9D6ACE}.Debug|x86.ActiveCfg = Debug|Any CPU
		{B37EA36C-9C56-4EC2-BD17-4B884F9D6ACE}.DebugNUnit|.NET.ActiveCfg = DebugVSIntegration|Any CPU
		{B37EA36C-9C56-4EC2-BD17-4B884F9D6ACE}.DebugNUnit|Any CPU.ActiveCfg = Debug|Any CPU
		{B37EA36C-9C56-4EC2-BD17-4B884F9D6ACE}.DebugNUnit|Any CPU.Build.0 = Debug|Any CPU
		{B37EA36C-9C56-4EC2-BD17-4B884F9D6ACE}.DebugNUnit|Mixed Platforms.ActiveCfg = Debug|Any CPU
		{B37EA36C-9C56-4EC2-BD17-4B884F9D6ACE}.DebugNUnit|Mixed Platforms.Build.0 = Debug|Any CPU
		{B37EA36C-9C56-4EC2-BD17-4B884F9D6ACE}.DebugNUnit|x86.ActiveCfg = Debug|Any CPU
		{B37EA36C-9C56-4EC2-BD17-4B884F9D6ACE}.DebugVSIntegration|.NET.ActiveCfg = DebugVSIntegration|Any CPU
		{B37EA36C-9C56-4EC2-BD17-4B884F9D6ACE}.DebugVSIntegration|Any CPU.ActiveCfg = DebugVSIntegration|Any CPU
		{B37EA36C-9C56-4EC2-BD17-4B884F9D6ACE}.DebugVSIntegration|Any CPU.Build.0 = DebugVSIntegration|Any CPU
		{B37EA36C-9C56-4EC2-BD17-4B884F9D6ACE}.DebugVSIntegration|Mixed Platforms.ActiveCfg = DebugVSIntegration|Any CPU
		{B37EA36C-9C56-4EC2-BD17-4B884F9D6ACE}.DebugVSIntegration|Mixed Platforms.Build.0 = DebugVSIntegration|Any CPU
		{B37EA36C-9C56-4EC2-BD17-4B884F9D6ACE}.DebugVSIntegration|x86.ActiveCfg = DebugVSIntegration|Any CPU
		{B37EA36C-9C56-4EC2-BD17-4B884F9D6ACE}.Release|.NET.ActiveCfg = Release|Any CPU
		{B37EA36C-9C56-4EC2-BD17-4B884F9D6ACE}.Release|Any CPU.ActiveCfg = Release|Any CPU
		{B37EA36C-9C56-4EC2-BD17-4B884F9D6ACE}.Release|Any CPU.Build.0 = Release|Any CPU
		{B37EA36C-9C56-4EC2-BD17-4B884F9D6ACE}.Release|Mixed Platforms.ActiveCfg = Release|Any CPU
		{B37EA36C-9C56-4EC2-BD17-4B884F9D6ACE}.Release|Mixed Platforms.Build.0 = Release|Any CPU
		{B37EA36C-9C56-4EC2-BD17-4B884F9D6ACE}.Release|x86.ActiveCfg = Release|Any CPU
		{C61238A6-EA8A-427F-BCF1-5D70DBEF06F6}.Debug|.NET.ActiveCfg = Debug|Any CPU
		{C61238A6-EA8A-427F-BCF1-5D70DBEF06F6}.Debug|Any CPU.ActiveCfg = Debug|Any CPU
		{C61238A6-EA8A-427F-BCF1-5D70DBEF06F6}.Debug|Any CPU.Build.0 = Debug|Any CPU
		{C61238A6-EA8A-427F-BCF1-5D70DBEF06F6}.Debug|Mixed Platforms.ActiveCfg = Debug|Any CPU
		{C61238A6-EA8A-427F-BCF1-5D70DBEF06F6}.Debug|Mixed Platforms.Build.0 = Debug|Any CPU
		{C61238A6-EA8A-427F-BCF1-5D70DBEF06F6}.Debug|x86.ActiveCfg = Debug|Any CPU
		{C61238A6-EA8A-427F-BCF1-5D70DBEF06F6}.DebugNUnit|.NET.ActiveCfg = Debug|Any CPU
		{C61238A6-EA8A-427F-BCF1-5D70DBEF06F6}.DebugNUnit|Any CPU.ActiveCfg = Debug|Any CPU
		{C61238A6-EA8A-427F-BCF1-5D70DBEF06F6}.DebugNUnit|Any CPU.Build.0 = Debug|Any CPU
		{C61238A6-EA8A-427F-BCF1-5D70DBEF06F6}.DebugNUnit|Mixed Platforms.ActiveCfg = Debug|Any CPU
		{C61238A6-EA8A-427F-BCF1-5D70DBEF06F6}.DebugNUnit|Mixed Platforms.Build.0 = Debug|Any CPU
		{C61238A6-EA8A-427F-BCF1-5D70DBEF06F6}.DebugNUnit|x86.ActiveCfg = Debug|Any CPU
		{C61238A6-EA8A-427F-BCF1-5D70DBEF06F6}.DebugVSIntegration|.NET.ActiveCfg = Debug|Any CPU
		{C61238A6-EA8A-427F-BCF1-5D70DBEF06F6}.DebugVSIntegration|Any CPU.ActiveCfg = Debug|Any CPU
		{C61238A6-EA8A-427F-BCF1-5D70DBEF06F6}.DebugVSIntegration|Any CPU.Build.0 = Debug|Any CPU
		{C61238A6-EA8A-427F-BCF1-5D70DBEF06F6}.DebugVSIntegration|Mixed Platforms.ActiveCfg = Debug|Any CPU
		{C61238A6-EA8A-427F-BCF1-5D70DBEF06F6}.DebugVSIntegration|Mixed Platforms.Build.0 = Debug|Any CPU
		{C61238A6-EA8A-427F-BCF1-5D70DBEF06F6}.DebugVSIntegration|x86.ActiveCfg = Debug|Any CPU
		{C61238A6-EA8A-427F-BCF1-5D70DBEF06F6}.Release|.NET.ActiveCfg = Release|Any CPU
		{C61238A6-EA8A-427F-BCF1-5D70DBEF06F6}.Release|Any CPU.ActiveCfg = Release|Any CPU
		{C61238A6-EA8A-427F-BCF1-5D70DBEF06F6}.Release|Any CPU.Build.0 = Release|Any CPU
		{C61238A6-EA8A-427F-BCF1-5D70DBEF06F6}.Release|Mixed Platforms.ActiveCfg = Release|Any CPU
		{C61238A6-EA8A-427F-BCF1-5D70DBEF06F6}.Release|Mixed Platforms.Build.0 = Release|Any CPU
		{C61238A6-EA8A-427F-BCF1-5D70DBEF06F6}.Release|x86.ActiveCfg = Release|Any CPU
		{11331540-BE27-41A8-B10C-D1C7A686E554}.Debug|.NET.ActiveCfg = Debug|Any CPU
		{11331540-BE27-41A8-B10C-D1C7A686E554}.Debug|Any CPU.ActiveCfg = Debug|Any CPU
		{11331540-BE27-41A8-B10C-D1C7A686E554}.Debug|Any CPU.Build.0 = Debug|Any CPU
		{11331540-BE27-41A8-B10C-D1C7A686E554}.Debug|Mixed Platforms.ActiveCfg = Debug|Any CPU
		{11331540-BE27-41A8-B10C-D1C7A686E554}.Debug|Mixed Platforms.Build.0 = Debug|Any CPU
		{11331540-BE27-41A8-B10C-D1C7A686E554}.Debug|x86.ActiveCfg = Debug|Any CPU
		{11331540-BE27-41A8-B10C-D1C7A686E554}.DebugNUnit|.NET.ActiveCfg = Debug|Any CPU
		{11331540-BE27-41A8-B10C-D1C7A686E554}.DebugNUnit|Any CPU.ActiveCfg = Debug|Any CPU
		{11331540-BE27-41A8-B10C-D1C7A686E554}.DebugNUnit|Any CPU.Build.0 = Debug|Any CPU
		{11331540-BE27-41A8-B10C-D1C7A686E554}.DebugNUnit|Mixed Platforms.ActiveCfg = Debug|Any CPU
		{11331540-BE27-41A8-B10C-D1C7A686E554}.DebugNUnit|Mixed Platforms.Build.0 = Debug|Any CPU
		{11331540-BE27-41A8-B10C-D1C7A686E554}.DebugNUnit|x86.ActiveCfg = Debug|Any CPU
		{11331540-BE27-41A8-B10C-D1C7A686E554}.DebugVSIntegration|.NET.ActiveCfg = Debug|Any CPU
		{11331540-BE27-41A8-B10C-D1C7A686E554}.DebugVSIntegration|Any CPU.ActiveCfg = Debug|Any CPU
		{11331540-BE27-41A8-B10C-D1C7A686E554}.DebugVSIntegration|Any CPU.Build.0 = Debug|Any CPU
		{11331540-BE27-41A8-B10C-D1C7A686E554}.DebugVSIntegration|Mixed Platforms.ActiveCfg = Debug|Any CPU
		{11331540-BE27-41A8-B10C-D1C7A686E554}.DebugVSIntegration|Mixed Platforms.Build.0 = Debug|Any CPU
		{11331540-BE27-41A8-B10C-D1C7A686E554}.DebugVSIntegration|x86.ActiveCfg = Debug|Any CPU
		{11331540-BE27-41A8-B10C-D1C7A686E554}.Release|.NET.ActiveCfg = Release|Any CPU
		{11331540-BE27-41A8-B10C-D1C7A686E554}.Release|Any CPU.ActiveCfg = Release|Any CPU
		{11331540-BE27-41A8-B10C-D1C7A686E554}.Release|Any CPU.Build.0 = Release|Any CPU
		{11331540-BE27-41A8-B10C-D1C7A686E554}.Release|Mixed Platforms.ActiveCfg = Release|Any CPU
		{11331540-BE27-41A8-B10C-D1C7A686E554}.Release|Mixed Platforms.Build.0 = Release|Any CPU
		{11331540-BE27-41A8-B10C-D1C7A686E554}.Release|x86.ActiveCfg = Release|Any CPU
		{DBE39397-4AAC-443E-B18F-8C2FFE097E3D}.Debug|.NET.ActiveCfg = Debug|Any CPU
		{DBE39397-4AAC-443E-B18F-8C2FFE097E3D}.Debug|Any CPU.ActiveCfg = Debug|Any CPU
		{DBE39397-4AAC-443E-B18F-8C2FFE097E3D}.Debug|Any CPU.Build.0 = Debug|Any CPU
		{DBE39397-4AAC-443E-B18F-8C2FFE097E3D}.Debug|Mixed Platforms.ActiveCfg = Debug|Any CPU
		{DBE39397-4AAC-443E-B18F-8C2FFE097E3D}.Debug|Mixed Platforms.Build.0 = Debug|Any CPU
		{DBE39397-4AAC-443E-B18F-8C2FFE097E3D}.Debug|x86.ActiveCfg = Debug|Any CPU
		{DBE39397-4AAC-443E-B18F-8C2FFE097E3D}.DebugNUnit|.NET.ActiveCfg = DebugNUnit|Any CPU
		{DBE39397-4AAC-443E-B18F-8C2FFE097E3D}.DebugNUnit|Any CPU.ActiveCfg = DebugNUnit|Any CPU
		{DBE39397-4AAC-443E-B18F-8C2FFE097E3D}.DebugNUnit|Any CPU.Build.0 = DebugNUnit|Any CPU
		{DBE39397-4AAC-443E-B18F-8C2FFE097E3D}.DebugNUnit|Mixed Platforms.ActiveCfg = DebugNUnit|Any CPU
		{DBE39397-4AAC-443E-B18F-8C2FFE097E3D}.DebugNUnit|Mixed Platforms.Build.0 = DebugNUnit|Any CPU
		{DBE39397-4AAC-443E-B18F-8C2FFE097E3D}.DebugNUnit|x86.ActiveCfg = DebugNUnit|Any CPU
		{DBE39397-4AAC-443E-B18F-8C2FFE097E3D}.DebugVSIntegration|.NET.ActiveCfg = DebugVSIntegration|Any CPU
		{DBE39397-4AAC-443E-B18F-8C2FFE097E3D}.DebugVSIntegration|Any CPU.ActiveCfg = DebugVSIntegration|Any CPU
		{DBE39397-4AAC-443E-B18F-8C2FFE097E3D}.DebugVSIntegration|Any CPU.Build.0 = DebugVSIntegration|Any CPU
		{DBE39397-4AAC-443E-B18F-8C2FFE097E3D}.DebugVSIntegration|Mixed Platforms.ActiveCfg = DebugVSIntegration|Any CPU
		{DBE39397-4AAC-443E-B18F-8C2FFE097E3D}.DebugVSIntegration|Mixed Platforms.Build.0 = DebugVSIntegration|Any CPU
		{DBE39397-4AAC-443E-B18F-8C2FFE097E3D}.DebugVSIntegration|x86.ActiveCfg = DebugVSIntegration|Any CPU
		{DBE39397-4AAC-443E-B18F-8C2FFE097E3D}.Release|.NET.ActiveCfg = Release|Any CPU
		{DBE39397-4AAC-443E-B18F-8C2FFE097E3D}.Release|Any CPU.ActiveCfg = Release|Any CPU
		{DBE39397-4AAC-443E-B18F-8C2FFE097E3D}.Release|Any CPU.Build.0 = Release|Any CPU
		{DBE39397-4AAC-443E-B18F-8C2FFE097E3D}.Release|Mixed Platforms.ActiveCfg = Release|Any CPU
		{DBE39397-4AAC-443E-B18F-8C2FFE097E3D}.Release|Mixed Platforms.Build.0 = Release|Any CPU
		{DBE39397-4AAC-443E-B18F-8C2FFE097E3D}.Release|x86.ActiveCfg = Release|Any CPU
		{D5CBF671-B1EF-442F-80CD-0606EE8C44D8}.Debug|.NET.ActiveCfg = Debug|Any CPU
		{D5CBF671-B1EF-442F-80CD-0606EE8C44D8}.Debug|Any CPU.ActiveCfg = Debug|Any CPU
		{D5CBF671-B1EF-442F-80CD-0606EE8C44D8}.Debug|Any CPU.Build.0 = Debug|Any CPU
		{D5CBF671-B1EF-442F-80CD-0606EE8C44D8}.Debug|Mixed Platforms.ActiveCfg = Debug|Any CPU
		{D5CBF671-B1EF-442F-80CD-0606EE8C44D8}.Debug|Mixed Platforms.Build.0 = Debug|Any CPU
		{D5CBF671-B1EF-442F-80CD-0606EE8C44D8}.Debug|x86.ActiveCfg = Debug|Any CPU
		{D5CBF671-B1EF-442F-80CD-0606EE8C44D8}.DebugNUnit|.NET.ActiveCfg = DebugNUnit|Any CPU
		{D5CBF671-B1EF-442F-80CD-0606EE8C44D8}.DebugNUnit|Any CPU.ActiveCfg = DebugNUnit|Any CPU
		{D5CBF671-B1EF-442F-80CD-0606EE8C44D8}.DebugNUnit|Any CPU.Build.0 = DebugNUnit|Any CPU
		{D5CBF671-B1EF-442F-80CD-0606EE8C44D8}.DebugNUnit|Mixed Platforms.ActiveCfg = DebugNUnit|Any CPU
		{D5CBF671-B1EF-442F-80CD-0606EE8C44D8}.DebugNUnit|Mixed Platforms.Build.0 = DebugNUnit|Any CPU
		{D5CBF671-B1EF-442F-80CD-0606EE8C44D8}.DebugNUnit|x86.ActiveCfg = DebugNUnit|Any CPU
		{D5CBF671-B1EF-442F-80CD-0606EE8C44D8}.DebugVSIntegration|.NET.ActiveCfg = DebugVSIntegration|Any CPU
		{D5CBF671-B1EF-442F-80CD-0606EE8C44D8}.DebugVSIntegration|Any CPU.ActiveCfg = DebugVSIntegration|Any CPU
		{D5CBF671-B1EF-442F-80CD-0606EE8C44D8}.DebugVSIntegration|Any CPU.Build.0 = DebugVSIntegration|Any CPU
		{D5CBF671-B1EF-442F-80CD-0606EE8C44D8}.DebugVSIntegration|Mixed Platforms.ActiveCfg = DebugVSIntegration|Any CPU
		{D5CBF671-B1EF-442F-80CD-0606EE8C44D8}.DebugVSIntegration|Mixed Platforms.Build.0 = DebugVSIntegration|Any CPU
		{D5CBF671-B1EF-442F-80CD-0606EE8C44D8}.DebugVSIntegration|x86.ActiveCfg = DebugVSIntegration|Any CPU
		{D5CBF671-B1EF-442F-80CD-0606EE8C44D8}.Release|.NET.ActiveCfg = Release|Any CPU
		{D5CBF671-B1EF-442F-80CD-0606EE8C44D8}.Release|Any CPU.ActiveCfg = Release|Any CPU
		{D5CBF671-B1EF-442F-80CD-0606EE8C44D8}.Release|Any CPU.Build.0 = Release|Any CPU
		{D5CBF671-B1EF-442F-80CD-0606EE8C44D8}.Release|Mixed Platforms.ActiveCfg = Release|Any CPU
		{D5CBF671-B1EF-442F-80CD-0606EE8C44D8}.Release|Mixed Platforms.Build.0 = Release|Any CPU
		{D5CBF671-B1EF-442F-80CD-0606EE8C44D8}.Release|x86.ActiveCfg = Release|Any CPU
		{7A30904D-40C9-408D-813E-12E16C488EAA}.Debug|.NET.ActiveCfg = Debug|Any CPU
		{7A30904D-40C9-408D-813E-12E16C488EAA}.Debug|Any CPU.ActiveCfg = Debug|Any CPU
		{7A30904D-40C9-408D-813E-12E16C488EAA}.Debug|Any CPU.Build.0 = Debug|Any CPU
		{7A30904D-40C9-408D-813E-12E16C488EAA}.Debug|Mixed Platforms.ActiveCfg = Debug|Any CPU
		{7A30904D-40C9-408D-813E-12E16C488EAA}.Debug|Mixed Platforms.Build.0 = Debug|Any CPU
		{7A30904D-40C9-408D-813E-12E16C488EAA}.Debug|x86.ActiveCfg = Debug|Any CPU
		{7A30904D-40C9-408D-813E-12E16C488EAA}.DebugNUnit|.NET.ActiveCfg = DebugNUnit|Any CPU
		{7A30904D-40C9-408D-813E-12E16C488EAA}.DebugNUnit|Any CPU.ActiveCfg = DebugNUnit|Any CPU
		{7A30904D-40C9-408D-813E-12E16C488EAA}.DebugNUnit|Any CPU.Build.0 = DebugNUnit|Any CPU
		{7A30904D-40C9-408D-813E-12E16C488EAA}.DebugNUnit|Mixed Platforms.ActiveCfg = DebugNUnit|Any CPU
		{7A30904D-40C9-408D-813E-12E16C488EAA}.DebugNUnit|Mixed Platforms.Build.0 = DebugNUnit|Any CPU
		{7A30904D-40C9-408D-813E-12E16C488EAA}.DebugNUnit|x86.ActiveCfg = DebugNUnit|Any CPU
		{7A30904D-40C9-408D-813E-12E16C488EAA}.DebugVSIntegration|.NET.ActiveCfg = DebugVSIntegration|Any CPU
		{7A30904D-40C9-408D-813E-12E16C488EAA}.DebugVSIntegration|Any CPU.ActiveCfg = DebugVSIntegration|Any CPU
		{7A30904D-40C9-408D-813E-12E16C488EAA}.DebugVSIntegration|Any CPU.Build.0 = DebugVSIntegration|Any CPU
		{7A30904D-40C9-408D-813E-12E16C488EAA}.DebugVSIntegration|Mixed Platforms.ActiveCfg = DebugVSIntegration|Any CPU
		{7A30904D-40C9-408D-813E-12E16C488EAA}.DebugVSIntegration|Mixed Platforms.Build.0 = DebugVSIntegration|Any CPU
		{7A30904D-40C9-408D-813E-12E16C488EAA}.DebugVSIntegration|x86.ActiveCfg = DebugVSIntegration|Any CPU
		{7A30904D-40C9-408D-813E-12E16C488EAA}.Release|.NET.ActiveCfg = Release|Any CPU
		{7A30904D-40C9-408D-813E-12E16C488EAA}.Release|Any CPU.ActiveCfg = Release|Any CPU
		{7A30904D-40C9-408D-813E-12E16C488EAA}.Release|Any CPU.Build.0 = Release|Any CPU
		{7A30904D-40C9-408D-813E-12E16C488EAA}.Release|Mixed Platforms.ActiveCfg = Release|Any CPU
		{7A30904D-40C9-408D-813E-12E16C488EAA}.Release|Mixed Platforms.Build.0 = Release|Any CPU
		{7A30904D-40C9-408D-813E-12E16C488EAA}.Release|x86.ActiveCfg = Release|Any CPU
		{40B1F906-58AC-42AD-837C-3F31B289659C}.Debug|.NET.ActiveCfg = Debug|Any CPU
		{40B1F906-58AC-42AD-837C-3F31B289659C}.Debug|Any CPU.ActiveCfg = Debug|Any CPU
		{40B1F906-58AC-42AD-837C-3F31B289659C}.Debug|Any CPU.Build.0 = Debug|Any CPU
		{40B1F906-58AC-42AD-837C-3F31B289659C}.Debug|Mixed Platforms.ActiveCfg = Debug|Any CPU
		{40B1F906-58AC-42AD-837C-3F31B289659C}.Debug|Mixed Platforms.Build.0 = Debug|Any CPU
		{40B1F906-58AC-42AD-837C-3F31B289659C}.Debug|x86.ActiveCfg = Debug|Any CPU
		{40B1F906-58AC-42AD-837C-3F31B289659C}.DebugNUnit|.NET.ActiveCfg = Debug|Any CPU
		{40B1F906-58AC-42AD-837C-3F31B289659C}.DebugNUnit|Any CPU.ActiveCfg = Debug|Any CPU
		{40B1F906-58AC-42AD-837C-3F31B289659C}.DebugNUnit|Any CPU.Build.0 = Debug|Any CPU
		{40B1F906-58AC-42AD-837C-3F31B289659C}.DebugNUnit|Mixed Platforms.ActiveCfg = Debug|Any CPU
		{40B1F906-58AC-42AD-837C-3F31B289659C}.DebugNUnit|Mixed Platforms.Build.0 = Debug|Any CPU
		{40B1F906-58AC-42AD-837C-3F31B289659C}.DebugNUnit|x86.ActiveCfg = Debug|Any CPU
		{40B1F906-58AC-42AD-837C-3F31B289659C}.DebugVSIntegration|.NET.ActiveCfg = Debug|Any CPU
		{40B1F906-58AC-42AD-837C-3F31B289659C}.DebugVSIntegration|Any CPU.ActiveCfg = Debug|Any CPU
		{40B1F906-58AC-42AD-837C-3F31B289659C}.DebugVSIntegration|Any CPU.Build.0 = Debug|Any CPU
		{40B1F906-58AC-42AD-837C-3F31B289659C}.DebugVSIntegration|Mixed Platforms.ActiveCfg = Debug|Any CPU
		{40B1F906-58AC-42AD-837C-3F31B289659C}.DebugVSIntegration|Mixed Platforms.Build.0 = Debug|Any CPU
		{40B1F906-58AC-42AD-837C-3F31B289659C}.DebugVSIntegration|x86.ActiveCfg = Debug|Any CPU
		{40B1F906-58AC-42AD-837C-3F31B289659C}.Release|.NET.ActiveCfg = Release|Any CPU
		{40B1F906-58AC-42AD-837C-3F31B289659C}.Release|Any CPU.ActiveCfg = Release|Any CPU
		{40B1F906-58AC-42AD-837C-3F31B289659C}.Release|Any CPU.Build.0 = Release|Any CPU
		{40B1F906-58AC-42AD-837C-3F31B289659C}.Release|Mixed Platforms.ActiveCfg = Release|Any CPU
		{40B1F906-58AC-42AD-837C-3F31B289659C}.Release|Mixed Platforms.Build.0 = Release|Any CPU
		{40B1F906-58AC-42AD-837C-3F31B289659C}.Release|x86.ActiveCfg = Release|Any CPU
		{4684F559-E4BA-466E-8EED-962987B34363}.Debug|.NET.ActiveCfg = Debug|Any CPU
		{4684F559-E4BA-466E-8EED-962987B34363}.Debug|Any CPU.ActiveCfg = Debug|Any CPU
		{4684F559-E4BA-466E-8EED-962987B34363}.Debug|Any CPU.Build.0 = Debug|Any CPU
		{4684F559-E4BA-466E-8EED-962987B34363}.Debug|Mixed Platforms.ActiveCfg = Debug|Any CPU
		{4684F559-E4BA-466E-8EED-962987B34363}.Debug|Mixed Platforms.Build.0 = Debug|Any CPU
		{4684F559-E4BA-466E-8EED-962987B34363}.Debug|x86.ActiveCfg = Debug|Any CPU
		{4684F559-E4BA-466E-8EED-962987B34363}.DebugNUnit|.NET.ActiveCfg = Debug|Any CPU
		{4684F559-E4BA-466E-8EED-962987B34363}.DebugNUnit|Any CPU.ActiveCfg = Debug|Any CPU
		{4684F559-E4BA-466E-8EED-962987B34363}.DebugNUnit|Any CPU.Build.0 = Debug|Any CPU
		{4684F559-E4BA-466E-8EED-962987B34363}.DebugNUnit|Mixed Platforms.ActiveCfg = Debug|Any CPU
		{4684F559-E4BA-466E-8EED-962987B34363}.DebugNUnit|Mixed Platforms.Build.0 = Debug|Any CPU
		{4684F559-E4BA-466E-8EED-962987B34363}.DebugNUnit|x86.ActiveCfg = Debug|Any CPU
		{4684F559-E4BA-466E-8EED-962987B34363}.DebugVSIntegration|.NET.ActiveCfg = Debug|Any CPU
		{4684F559-E4BA-466E-8EED-962987B34363}.DebugVSIntegration|Any CPU.ActiveCfg = Debug|Any CPU
		{4684F559-E4BA-466E-8EED-962987B34363}.DebugVSIntegration|Any CPU.Build.0 = Debug|Any CPU
		{4684F559-E4BA-466E-8EED-962987B34363}.DebugVSIntegration|Mixed Platforms.ActiveCfg = Debug|Any CPU
		{4684F559-E4BA-466E-8EED-962987B34363}.DebugVSIntegration|Mixed Platforms.Build.0 = Debug|Any CPU
		{4684F559-E4BA-466E-8EED-962987B34363}.DebugVSIntegration|x86.ActiveCfg = Debug|Any CPU
		{4684F559-E4BA-466E-8EED-962987B34363}.Release|.NET.ActiveCfg = Release|Any CPU
		{4684F559-E4BA-466E-8EED-962987B34363}.Release|Any CPU.ActiveCfg = Release|Any CPU
		{4684F559-E4BA-466E-8EED-962987B34363}.Release|Any CPU.Build.0 = Release|Any CPU
		{4684F559-E4BA-466E-8EED-962987B34363}.Release|Mixed Platforms.ActiveCfg = Release|Any CPU
		{4684F559-E4BA-466E-8EED-962987B34363}.Release|Mixed Platforms.Build.0 = Release|Any CPU
		{4684F559-E4BA-466E-8EED-962987B34363}.Release|x86.ActiveCfg = Release|Any CPU
		{1FEAFB7D-1173-4B2D-ABB1-B546941053AB}.Debug|.NET.ActiveCfg = Debug|Any CPU
		{1FEAFB7D-1173-4B2D-ABB1-B546941053AB}.Debug|Any CPU.ActiveCfg = Debug|Any CPU
		{1FEAFB7D-1173-4B2D-ABB1-B546941053AB}.Debug|Any CPU.Build.0 = Debug|Any CPU
		{1FEAFB7D-1173-4B2D-ABB1-B546941053AB}.Debug|Mixed Platforms.ActiveCfg = Debug|Any CPU
		{1FEAFB7D-1173-4B2D-ABB1-B546941053AB}.Debug|Mixed Platforms.Build.0 = Debug|Any CPU
		{1FEAFB7D-1173-4B2D-ABB1-B546941053AB}.Debug|x86.ActiveCfg = Debug|Any CPU
		{1FEAFB7D-1173-4B2D-ABB1-B546941053AB}.DebugNUnit|.NET.ActiveCfg = Debug|Any CPU
		{1FEAFB7D-1173-4B2D-ABB1-B546941053AB}.DebugNUnit|Any CPU.ActiveCfg = Debug|Any CPU
		{1FEAFB7D-1173-4B2D-ABB1-B546941053AB}.DebugNUnit|Any CPU.Build.0 = Debug|Any CPU
		{1FEAFB7D-1173-4B2D-ABB1-B546941053AB}.DebugNUnit|Mixed Platforms.ActiveCfg = Debug|Any CPU
		{1FEAFB7D-1173-4B2D-ABB1-B546941053AB}.DebugNUnit|Mixed Platforms.Build.0 = Debug|Any CPU
		{1FEAFB7D-1173-4B2D-ABB1-B546941053AB}.DebugNUnit|x86.ActiveCfg = Debug|Any CPU
		{1FEAFB7D-1173-4B2D-ABB1-B546941053AB}.DebugVSIntegration|.NET.ActiveCfg = Debug|Any CPU
		{1FEAFB7D-1173-4B2D-ABB1-B546941053AB}.DebugVSIntegration|Any CPU.ActiveCfg = Debug|Any CPU
		{1FEAFB7D-1173-4B2D-ABB1-B546941053AB}.DebugVSIntegration|Any CPU.Build.0 = Debug|Any CPU
		{1FEAFB7D-1173-4B2D-ABB1-B546941053AB}.DebugVSIntegration|Mixed Platforms.ActiveCfg = Debug|Any CPU
		{1FEAFB7D-1173-4B2D-ABB1-B546941053AB}.DebugVSIntegration|Mixed Platforms.Build.0 = Debug|Any CPU
		{1FEAFB7D-1173-4B2D-ABB1-B546941053AB}.DebugVSIntegration|x86.ActiveCfg = Debug|Any CPU
		{1FEAFB7D-1173-4B2D-ABB1-B546941053AB}.Release|.NET.ActiveCfg = Release|Any CPU
		{1FEAFB7D-1173-4B2D-ABB1-B546941053AB}.Release|Any CPU.ActiveCfg = Release|Any CPU
		{1FEAFB7D-1173-4B2D-ABB1-B546941053AB}.Release|Any CPU.Build.0 = Release|Any CPU
		{1FEAFB7D-1173-4B2D-ABB1-B546941053AB}.Release|Mixed Platforms.ActiveCfg = Release|Any CPU
		{1FEAFB7D-1173-4B2D-ABB1-B546941053AB}.Release|Mixed Platforms.Build.0 = Release|Any CPU
		{1FEAFB7D-1173-4B2D-ABB1-B546941053AB}.Release|x86.ActiveCfg = Release|Any CPU
		{125370E1-A7FB-4458-A2AC-CA7C044FC944}.Debug|.NET.ActiveCfg = Debug|Any CPU
		{125370E1-A7FB-4458-A2AC-CA7C044FC944}.Debug|Any CPU.ActiveCfg = Debug|Any CPU
		{125370E1-A7FB-4458-A2AC-CA7C044FC944}.Debug|Any CPU.Build.0 = Debug|Any CPU
		{125370E1-A7FB-4458-A2AC-CA7C044FC944}.Debug|Mixed Platforms.ActiveCfg = Debug|Any CPU
		{125370E1-A7FB-4458-A2AC-CA7C044FC944}.Debug|Mixed Platforms.Build.0 = Debug|Any CPU
		{125370E1-A7FB-4458-A2AC-CA7C044FC944}.Debug|x86.ActiveCfg = Debug|Any CPU
		{125370E1-A7FB-4458-A2AC-CA7C044FC944}.DebugNUnit|.NET.ActiveCfg = Debug|Any CPU
		{125370E1-A7FB-4458-A2AC-CA7C044FC944}.DebugNUnit|Any CPU.ActiveCfg = Debug|Any CPU
		{125370E1-A7FB-4458-A2AC-CA7C044FC944}.DebugNUnit|Any CPU.Build.0 = Debug|Any CPU
		{125370E1-A7FB-4458-A2AC-CA7C044FC944}.DebugNUnit|Mixed Platforms.ActiveCfg = Debug|Any CPU
		{125370E1-A7FB-4458-A2AC-CA7C044FC944}.DebugNUnit|Mixed Platforms.Build.0 = Debug|Any CPU
		{125370E1-A7FB-4458-A2AC-CA7C044FC944}.DebugNUnit|x86.ActiveCfg = Debug|Any CPU
		{125370E1-A7FB-4458-A2AC-CA7C044FC944}.DebugVSIntegration|.NET.ActiveCfg = Debug|Any CPU
		{125370E1-A7FB-4458-A2AC-CA7C044FC944}.DebugVSIntegration|Any CPU.ActiveCfg = Debug|Any CPU
		{125370E1-A7FB-4458-A2AC-CA7C044FC944}.DebugVSIntegration|Any CPU.Build.0 = Debug|Any CPU
		{125370E1-A7FB-4458-A2AC-CA7C044FC944}.DebugVSIntegration|Mixed Platforms.ActiveCfg = Debug|Any CPU
		{125370E1-A7FB-4458-A2AC-CA7C044FC944}.DebugVSIntegration|Mixed Platforms.Build.0 = Debug|Any CPU
		{125370E1-A7FB-4458-A2AC-CA7C044FC944}.DebugVSIntegration|x86.ActiveCfg = Debug|Any CPU
		{125370E1-A7FB-4458-A2AC-CA7C044FC944}.Release|.NET.ActiveCfg = Release|Any CPU
		{125370E1-A7FB-4458-A2AC-CA7C044FC944}.Release|Any CPU.ActiveCfg = Release|Any CPU
		{125370E1-A7FB-4458-A2AC-CA7C044FC944}.Release|Any CPU.Build.0 = Release|Any CPU
		{125370E1-A7FB-4458-A2AC-CA7C044FC944}.Release|Mixed Platforms.ActiveCfg = Release|Any CPU
		{125370E1-A7FB-4458-A2AC-CA7C044FC944}.Release|Mixed Platforms.Build.0 = Release|Any CPU
		{125370E1-A7FB-4458-A2AC-CA7C044FC944}.Release|x86.ActiveCfg = Release|Any CPU
		{8E92B6F7-3D6E-4B01-B465-7B600E4E2FF9}.Debug|.NET.ActiveCfg = Debug|Any CPU
		{8E92B6F7-3D6E-4B01-B465-7B600E4E2FF9}.Debug|Any CPU.ActiveCfg = Debug|Any CPU
		{8E92B6F7-3D6E-4B01-B465-7B600E4E2FF9}.Debug|Any CPU.Build.0 = Debug|Any CPU
		{8E92B6F7-3D6E-4B01-B465-7B600E4E2FF9}.Debug|Mixed Platforms.ActiveCfg = Debug|Any CPU
		{8E92B6F7-3D6E-4B01-B465-7B600E4E2FF9}.Debug|Mixed Platforms.Build.0 = Debug|Any CPU
		{8E92B6F7-3D6E-4B01-B465-7B600E4E2FF9}.Debug|x86.ActiveCfg = Debug|Any CPU
		{8E92B6F7-3D6E-4B01-B465-7B600E4E2FF9}.DebugNUnit|.NET.ActiveCfg = Debug|Any CPU
		{8E92B6F7-3D6E-4B01-B465-7B600E4E2FF9}.DebugNUnit|Any CPU.ActiveCfg = Debug|Any CPU
		{8E92B6F7-3D6E-4B01-B465-7B600E4E2FF9}.DebugNUnit|Any CPU.Build.0 = Debug|Any CPU
		{8E92B6F7-3D6E-4B01-B465-7B600E4E2FF9}.DebugNUnit|Mixed Platforms.ActiveCfg = Debug|Any CPU
		{8E92B6F7-3D6E-4B01-B465-7B600E4E2FF9}.DebugNUnit|Mixed Platforms.Build.0 = Debug|Any CPU
		{8E92B6F7-3D6E-4B01-B465-7B600E4E2FF9}.DebugNUnit|x86.ActiveCfg = Debug|Any CPU
		{8E92B6F7-3D6E-4B01-B465-7B600E4E2FF9}.DebugVSIntegration|.NET.ActiveCfg = Debug|Any CPU
		{8E92B6F7-3D6E-4B01-B465-7B600E4E2FF9}.DebugVSIntegration|Any CPU.ActiveCfg = Debug|Any CPU
		{8E92B6F7-3D6E-4B01-B465-7B600E4E2FF9}.DebugVSIntegration|Any CPU.Build.0 = Debug|Any CPU
		{8E92B6F7-3D6E-4B01-B465-7B600E4E2FF9}.DebugVSIntegration|Mixed Platforms.ActiveCfg = Debug|Any CPU
		{8E92B6F7-3D6E-4B01-B465-7B600E4E2FF9}.DebugVSIntegration|Mixed Platforms.Build.0 = Debug|Any CPU
		{8E92B6F7-3D6E-4B01-B465-7B600E4E2FF9}.DebugVSIntegration|x86.ActiveCfg = Debug|Any CPU
		{8E92B6F7-3D6E-4B01-B465-7B600E4E2FF9}.Release|.NET.ActiveCfg = Release|Any CPU
		{8E92B6F7-3D6E-4B01-B465-7B600E4E2FF9}.Release|Any CPU.ActiveCfg = Release|Any CPU
		{8E92B6F7-3D6E-4B01-B465-7B600E4E2FF9}.Release|Any CPU.Build.0 = Release|Any CPU
		{8E92B6F7-3D6E-4B01-B465-7B600E4E2FF9}.Release|Mixed Platforms.ActiveCfg = Release|Any CPU
		{8E92B6F7-3D6E-4B01-B465-7B600E4E2FF9}.Release|Mixed Platforms.Build.0 = Release|Any CPU
		{8E92B6F7-3D6E-4B01-B465-7B600E4E2FF9}.Release|x86.ActiveCfg = Release|Any CPU
		{2E8080B8-CD6E-4AFC-AB32-6032ED9F99C5}.Debug|.NET.ActiveCfg = Debug|Any CPU
		{2E8080B8-CD6E-4AFC-AB32-6032ED9F99C5}.Debug|Any CPU.ActiveCfg = Debug|Any CPU
		{2E8080B8-CD6E-4AFC-AB32-6032ED9F99C5}.Debug|Any CPU.Build.0 = Debug|Any CPU
		{2E8080B8-CD6E-4AFC-AB32-6032ED9F99C5}.Debug|Mixed Platforms.ActiveCfg = Debug|Any CPU
		{2E8080B8-CD6E-4AFC-AB32-6032ED9F99C5}.Debug|Mixed Platforms.Build.0 = Debug|Any CPU
		{2E8080B8-CD6E-4AFC-AB32-6032ED9F99C5}.Debug|x86.ActiveCfg = Debug|Any CPU
		{2E8080B8-CD6E-4AFC-AB32-6032ED9F99C5}.DebugNUnit|.NET.ActiveCfg = Debug|Any CPU
		{2E8080B8-CD6E-4AFC-AB32-6032ED9F99C5}.DebugNUnit|Any CPU.ActiveCfg = Debug|Any CPU
		{2E8080B8-CD6E-4AFC-AB32-6032ED9F99C5}.DebugNUnit|Any CPU.Build.0 = Debug|Any CPU
		{2E8080B8-CD6E-4AFC-AB32-6032ED9F99C5}.DebugNUnit|Mixed Platforms.ActiveCfg = Debug|Any CPU
		{2E8080B8-CD6E-4AFC-AB32-6032ED9F99C5}.DebugNUnit|Mixed Platforms.Build.0 = Debug|Any CPU
		{2E8080B8-CD6E-4AFC-AB32-6032ED9F99C5}.DebugNUnit|x86.ActiveCfg = Debug|Any CPU
		{2E8080B8-CD6E-4AFC-AB32-6032ED9F99C5}.DebugVSIntegration|.NET.ActiveCfg = Debug|Any CPU
		{2E8080B8-CD6E-4AFC-AB32-6032ED9F99C5}.DebugVSIntegration|Any CPU.ActiveCfg = Debug|Any CPU
		{2E8080B8-CD6E-4AFC-AB32-6032ED9F99C5}.DebugVSIntegration|Any CPU.Build.0 = Debug|Any CPU
		{2E8080B8-CD6E-4AFC-AB32-6032ED9F99C5}.DebugVSIntegration|Mixed Platforms.ActiveCfg = Debug|Any CPU
		{2E8080B8-CD6E-4AFC-AB32-6032ED9F99C5}.DebugVSIntegration|Mixed Platforms.Build.0 = Debug|Any CPU
		{2E8080B8-CD6E-4AFC-AB32-6032ED9F99C5}.DebugVSIntegration|x86.ActiveCfg = Debug|Any CPU
		{2E8080B8-CD6E-4AFC-AB32-6032ED9F99C5}.Release|.NET.ActiveCfg = Release|Any CPU
		{2E8080B8-CD6E-4AFC-AB32-6032ED9F99C5}.Release|Any CPU.ActiveCfg = Release|Any CPU
		{2E8080B8-CD6E-4AFC-AB32-6032ED9F99C5}.Release|Any CPU.Build.0 = Release|Any CPU
		{2E8080B8-CD6E-4AFC-AB32-6032ED9F99C5}.Release|Mixed Platforms.ActiveCfg = Release|Any CPU
		{2E8080B8-CD6E-4AFC-AB32-6032ED9F99C5}.Release|Mixed Platforms.Build.0 = Release|Any CPU
		{2E8080B8-CD6E-4AFC-AB32-6032ED9F99C5}.Release|x86.ActiveCfg = Release|Any CPU
		{B393DAD9-0D9F-441A-B269-5D23EF444410}.Debug|.NET.ActiveCfg = Debug|Any CPU
		{B393DAD9-0D9F-441A-B269-5D23EF444410}.Debug|Any CPU.ActiveCfg = Debug|Any CPU
		{B393DAD9-0D9F-441A-B269-5D23EF444410}.Debug|Any CPU.Build.0 = Debug|Any CPU
		{B393DAD9-0D9F-441A-B269-5D23EF444410}.Debug|Mixed Platforms.ActiveCfg = Debug|Any CPU
		{B393DAD9-0D9F-441A-B269-5D23EF444410}.Debug|Mixed Platforms.Build.0 = Debug|Any CPU
		{B393DAD9-0D9F-441A-B269-5D23EF444410}.Debug|x86.ActiveCfg = Debug|Any CPU
		{B393DAD9-0D9F-441A-B269-5D23EF444410}.DebugNUnit|.NET.ActiveCfg = Debug|Any CPU
		{B393DAD9-0D9F-441A-B269-5D23EF444410}.DebugNUnit|Any CPU.ActiveCfg = Debug|Any CPU
		{B393DAD9-0D9F-441A-B269-5D23EF444410}.DebugNUnit|Any CPU.Build.0 = Debug|Any CPU
		{B393DAD9-0D9F-441A-B269-5D23EF444410}.DebugNUnit|Mixed Platforms.ActiveCfg = Debug|Any CPU
		{B393DAD9-0D9F-441A-B269-5D23EF444410}.DebugNUnit|Mixed Platforms.Build.0 = Debug|Any CPU
		{B393DAD9-0D9F-441A-B269-5D23EF444410}.DebugNUnit|x86.ActiveCfg = Debug|Any CPU
		{B393DAD9-0D9F-441A-B269-5D23EF444410}.DebugVSIntegration|.NET.ActiveCfg = Debug|Any CPU
		{B393DAD9-0D9F-441A-B269-5D23EF444410}.DebugVSIntegration|Any CPU.ActiveCfg = Debug|Any CPU
		{B393DAD9-0D9F-441A-B269-5D23EF444410}.DebugVSIntegration|Any CPU.Build.0 = Debug|Any CPU
		{B393DAD9-0D9F-441A-B269-5D23EF444410}.DebugVSIntegration|Mixed Platforms.ActiveCfg = Debug|Any CPU
		{B393DAD9-0D9F-441A-B269-5D23EF444410}.DebugVSIntegration|Mixed Platforms.Build.0 = Debug|Any CPU
		{B393DAD9-0D9F-441A-B269-5D23EF444410}.DebugVSIntegration|x86.ActiveCfg = Debug|Any CPU
		{B393DAD9-0D9F-441A-B269-5D23EF444410}.Release|.NET.ActiveCfg = Release|Any CPU
		{B393DAD9-0D9F-441A-B269-5D23EF444410}.Release|Any CPU.ActiveCfg = Release|Any CPU
		{B393DAD9-0D9F-441A-B269-5D23EF444410}.Release|Any CPU.Build.0 = Release|Any CPU
		{B393DAD9-0D9F-441A-B269-5D23EF444410}.Release|Mixed Platforms.ActiveCfg = Release|Any CPU
		{B393DAD9-0D9F-441A-B269-5D23EF444410}.Release|Mixed Platforms.Build.0 = Release|Any CPU
		{B393DAD9-0D9F-441A-B269-5D23EF444410}.Release|x86.ActiveCfg = Release|Any CPU
		{76AFCDB4-119F-4881-99AB-C750832DE0C5}.Debug|.NET.ActiveCfg = Debug|Any CPU
		{76AFCDB4-119F-4881-99AB-C750832DE0C5}.Debug|Any CPU.ActiveCfg = Debug|Any CPU
		{76AFCDB4-119F-4881-99AB-C750832DE0C5}.Debug|Any CPU.Build.0 = Debug|Any CPU
		{76AFCDB4-119F-4881-99AB-C750832DE0C5}.Debug|Mixed Platforms.ActiveCfg = Debug|Any CPU
		{76AFCDB4-119F-4881-99AB-C750832DE0C5}.Debug|Mixed Platforms.Build.0 = Debug|Any CPU
		{76AFCDB4-119F-4881-99AB-C750832DE0C5}.Debug|x86.ActiveCfg = Debug|Any CPU
		{76AFCDB4-119F-4881-99AB-C750832DE0C5}.DebugNUnit|.NET.ActiveCfg = Debug|Any CPU
		{76AFCDB4-119F-4881-99AB-C750832DE0C5}.DebugNUnit|Any CPU.ActiveCfg = Debug|Any CPU
		{76AFCDB4-119F-4881-99AB-C750832DE0C5}.DebugNUnit|Any CPU.Build.0 = Debug|Any CPU
		{76AFCDB4-119F-4881-99AB-C750832DE0C5}.DebugNUnit|Mixed Platforms.ActiveCfg = Debug|Any CPU
		{76AFCDB4-119F-4881-99AB-C750832DE0C5}.DebugNUnit|Mixed Platforms.Build.0 = Debug|Any CPU
		{76AFCDB4-119F-4881-99AB-C750832DE0C5}.DebugNUnit|x86.ActiveCfg = Debug|Any CPU
		{76AFCDB4-119F-4881-99AB-C750832DE0C5}.DebugVSIntegration|.NET.ActiveCfg = Debug|Any CPU
		{76AFCDB4-119F-4881-99AB-C750832DE0C5}.DebugVSIntegration|Any CPU.ActiveCfg = Debug|Any CPU
		{76AFCDB4-119F-4881-99AB-C750832DE0C5}.DebugVSIntegration|Any CPU.Build.0 = Debug|Any CPU
		{76AFCDB4-119F-4881-99AB-C750832DE0C5}.DebugVSIntegration|Mixed Platforms.ActiveCfg = Debug|Any CPU
		{76AFCDB4-119F-4881-99AB-C750832DE0C5}.DebugVSIntegration|Mixed Platforms.Build.0 = Debug|Any CPU
		{76AFCDB4-119F-4881-99AB-C750832DE0C5}.DebugVSIntegration|x86.ActiveCfg = Debug|Any CPU
		{76AFCDB4-119F-4881-99AB-C750832DE0C5}.Release|.NET.ActiveCfg = Release|Any CPU
		{76AFCDB4-119F-4881-99AB-C750832DE0C5}.Release|Any CPU.ActiveCfg = Release|Any CPU
		{76AFCDB4-119F-4881-99AB-C750832DE0C5}.Release|Any CPU.Build.0 = Release|Any CPU
		{76AFCDB4-119F-4881-99AB-C750832DE0C5}.Release|Mixed Platforms.ActiveCfg = Release|Any CPU
		{76AFCDB4-119F-4881-99AB-C750832DE0C5}.Release|Mixed Platforms.Build.0 = Release|Any CPU
		{76AFCDB4-119F-4881-99AB-C750832DE0C5}.Release|x86.ActiveCfg = Release|Any CPU
		{C4CA2E94-9E2B-41FC-BF25-6A32849B1E6D}.Debug|.NET.ActiveCfg = Debug|.NET
		{C4CA2E94-9E2B-41FC-BF25-6A32849B1E6D}.Debug|.NET.Build.0 = Debug|.NET
		{C4CA2E94-9E2B-41FC-BF25-6A32849B1E6D}.Debug|Any CPU.ActiveCfg = Debug|.NET
		{C4CA2E94-9E2B-41FC-BF25-6A32849B1E6D}.Debug|Mixed Platforms.ActiveCfg = Debug|.NET
		{C4CA2E94-9E2B-41FC-BF25-6A32849B1E6D}.Debug|Mixed Platforms.Build.0 = Debug|.NET
		{C4CA2E94-9E2B-41FC-BF25-6A32849B1E6D}.Debug|x86.ActiveCfg = Debug|.NET
		{C4CA2E94-9E2B-41FC-BF25-6A32849B1E6D}.DebugNUnit|.NET.ActiveCfg = Debug|.NET
		{C4CA2E94-9E2B-41FC-BF25-6A32849B1E6D}.DebugNUnit|.NET.Build.0 = Debug|.NET
		{C4CA2E94-9E2B-41FC-BF25-6A32849B1E6D}.DebugNUnit|Any CPU.ActiveCfg = Debug|.NET
		{C4CA2E94-9E2B-41FC-BF25-6A32849B1E6D}.DebugNUnit|Mixed Platforms.ActiveCfg = Debug|.NET
		{C4CA2E94-9E2B-41FC-BF25-6A32849B1E6D}.DebugNUnit|Mixed Platforms.Build.0 = Debug|.NET
		{C4CA2E94-9E2B-41FC-BF25-6A32849B1E6D}.DebugNUnit|x86.ActiveCfg = Debug|.NET
		{C4CA2E94-9E2B-41FC-BF25-6A32849B1E6D}.DebugVSIntegration|.NET.ActiveCfg = Debug|.NET
		{C4CA2E94-9E2B-41FC-BF25-6A32849B1E6D}.DebugVSIntegration|.NET.Build.0 = Debug|.NET
		{C4CA2E94-9E2B-41FC-BF25-6A32849B1E6D}.DebugVSIntegration|Any CPU.ActiveCfg = Debug|.NET
		{C4CA2E94-9E2B-41FC-BF25-6A32849B1E6D}.DebugVSIntegration|Mixed Platforms.ActiveCfg = Debug|.NET
		{C4CA2E94-9E2B-41FC-BF25-6A32849B1E6D}.DebugVSIntegration|Mixed Platforms.Build.0 = Debug|.NET
		{C4CA2E94-9E2B-41FC-BF25-6A32849B1E6D}.DebugVSIntegration|x86.ActiveCfg = Debug|.NET
		{C4CA2E94-9E2B-41FC-BF25-6A32849B1E6D}.Release|.NET.ActiveCfg = Debug|.NET
		{C4CA2E94-9E2B-41FC-BF25-6A32849B1E6D}.Release|.NET.Build.0 = Debug|.NET
		{C4CA2E94-9E2B-41FC-BF25-6A32849B1E6D}.Release|Any CPU.ActiveCfg = Debug|.NET
		{C4CA2E94-9E2B-41FC-BF25-6A32849B1E6D}.Release|Mixed Platforms.ActiveCfg = Debug|.NET
		{C4CA2E94-9E2B-41FC-BF25-6A32849B1E6D}.Release|Mixed Platforms.Build.0 = Debug|.NET
		{C4CA2E94-9E2B-41FC-BF25-6A32849B1E6D}.Release|x86.ActiveCfg = Debug|.NET
		{D8F63DFF-5230-43E4-9AB2-DA6E721A1FAE}.Debug|.NET.ActiveCfg = Debug|Any CPU
		{D8F63DFF-5230-43E4-9AB2-DA6E721A1FAE}.Debug|Any CPU.ActiveCfg = Debug|Any CPU
		{D8F63DFF-5230-43E4-9AB2-DA6E721A1FAE}.Debug|Any CPU.Build.0 = Debug|Any CPU
		{D8F63DFF-5230-43E4-9AB2-DA6E721A1FAE}.Debug|Mixed Platforms.ActiveCfg = Debug|Any CPU
		{D8F63DFF-5230-43E4-9AB2-DA6E721A1FAE}.Debug|Mixed Platforms.Build.0 = Debug|Any CPU
		{D8F63DFF-5230-43E4-9AB2-DA6E721A1FAE}.Debug|x86.ActiveCfg = Debug|Any CPU
		{D8F63DFF-5230-43E4-9AB2-DA6E721A1FAE}.DebugNUnit|.NET.ActiveCfg = Debug|Any CPU
		{D8F63DFF-5230-43E4-9AB2-DA6E721A1FAE}.DebugNUnit|Any CPU.ActiveCfg = Debug|Any CPU
		{D8F63DFF-5230-43E4-9AB2-DA6E721A1FAE}.DebugNUnit|Any CPU.Build.0 = Debug|Any CPU
		{D8F63DFF-5230-43E4-9AB2-DA6E721A1FAE}.DebugNUnit|Mixed Platforms.ActiveCfg = Debug|Any CPU
		{D8F63DFF-5230-43E4-9AB2-DA6E721A1FAE}.DebugNUnit|Mixed Platforms.Build.0 = Debug|Any CPU
		{D8F63DFF-5230-43E4-9AB2-DA6E721A1FAE}.DebugNUnit|x86.ActiveCfg = Debug|Any CPU
		{D8F63DFF-5230-43E4-9AB2-DA6E721A1FAE}.DebugVSIntegration|.NET.ActiveCfg = Debug|Any CPU
		{D8F63DFF-5230-43E4-9AB2-DA6E721A1FAE}.DebugVSIntegration|Any CPU.ActiveCfg = Debug|Any CPU
		{D8F63DFF-5230-43E4-9AB2-DA6E721A1FAE}.DebugVSIntegration|Any CPU.Build.0 = Debug|Any CPU
		{D8F63DFF-5230-43E4-9AB2-DA6E721A1FAE}.DebugVSIntegration|Mixed Platforms.ActiveCfg = Debug|Any CPU
		{D8F63DFF-5230-43E4-9AB2-DA6E721A1FAE}.DebugVSIntegration|Mixed Platforms.Build.0 = Debug|Any CPU
		{D8F63DFF-5230-43E4-9AB2-DA6E721A1FAE}.DebugVSIntegration|x86.ActiveCfg = Debug|Any CPU
		{D8F63DFF-5230-43E4-9AB2-DA6E721A1FAE}.Release|.NET.ActiveCfg = Release|Any CPU
		{D8F63DFF-5230-43E4-9AB2-DA6E721A1FAE}.Release|Any CPU.ActiveCfg = Release|Any CPU
		{D8F63DFF-5230-43E4-9AB2-DA6E721A1FAE}.Release|Any CPU.Build.0 = Release|Any CPU
		{D8F63DFF-5230-43E4-9AB2-DA6E721A1FAE}.Release|Mixed Platforms.ActiveCfg = Release|Any CPU
		{D8F63DFF-5230-43E4-9AB2-DA6E721A1FAE}.Release|Mixed Platforms.Build.0 = Release|Any CPU
		{D8F63DFF-5230-43E4-9AB2-DA6E721A1FAE}.Release|x86.ActiveCfg = Release|Any CPU
		{4FEBBB25-D5C0-48F0-A822-2E0D6F3D777E}.Debug|.NET.ActiveCfg = Debug|Any CPU
		{4FEBBB25-D5C0-48F0-A822-2E0D6F3D777E}.Debug|Any CPU.ActiveCfg = Debug|Any CPU
		{4FEBBB25-D5C0-48F0-A822-2E0D6F3D777E}.Debug|Any CPU.Build.0 = Debug|Any CPU
		{4FEBBB25-D5C0-48F0-A822-2E0D6F3D777E}.Debug|Mixed Platforms.ActiveCfg = Debug|Any CPU
		{4FEBBB25-D5C0-48F0-A822-2E0D6F3D777E}.Debug|Mixed Platforms.Build.0 = Debug|Any CPU
		{4FEBBB25-D5C0-48F0-A822-2E0D6F3D777E}.Debug|x86.ActiveCfg = Debug|Any CPU
		{4FEBBB25-D5C0-48F0-A822-2E0D6F3D777E}.DebugNUnit|.NET.ActiveCfg = Debug|Any CPU
		{4FEBBB25-D5C0-48F0-A822-2E0D6F3D777E}.DebugNUnit|Any CPU.ActiveCfg = Debug|Any CPU
		{4FEBBB25-D5C0-48F0-A822-2E0D6F3D777E}.DebugNUnit|Any CPU.Build.0 = Debug|Any CPU
		{4FEBBB25-D5C0-48F0-A822-2E0D6F3D777E}.DebugNUnit|Mixed Platforms.ActiveCfg = Debug|Any CPU
		{4FEBBB25-D5C0-48F0-A822-2E0D6F3D777E}.DebugNUnit|Mixed Platforms.Build.0 = Debug|Any CPU
		{4FEBBB25-D5C0-48F0-A822-2E0D6F3D777E}.DebugNUnit|x86.ActiveCfg = Debug|Any CPU
		{4FEBBB25-D5C0-48F0-A822-2E0D6F3D777E}.DebugVSIntegration|.NET.ActiveCfg = Debug|Any CPU
		{4FEBBB25-D5C0-48F0-A822-2E0D6F3D777E}.DebugVSIntegration|Any CPU.ActiveCfg = Debug|Any CPU
		{4FEBBB25-D5C0-48F0-A822-2E0D6F3D777E}.DebugVSIntegration|Any CPU.Build.0 = Debug|Any CPU
		{4FEBBB25-D5C0-48F0-A822-2E0D6F3D777E}.DebugVSIntegration|Mixed Platforms.ActiveCfg = Debug|Any CPU
		{4FEBBB25-D5C0-48F0-A822-2E0D6F3D777E}.DebugVSIntegration|Mixed Platforms.Build.0 = Debug|Any CPU
		{4FEBBB25-D5C0-48F0-A822-2E0D6F3D777E}.DebugVSIntegration|x86.ActiveCfg = Debug|Any CPU
		{4FEBBB25-D5C0-48F0-A822-2E0D6F3D777E}.Release|.NET.ActiveCfg = Release|Any CPU
		{4FEBBB25-D5C0-48F0-A822-2E0D6F3D777E}.Release|Any CPU.ActiveCfg = Release|Any CPU
		{4FEBBB25-D5C0-48F0-A822-2E0D6F3D777E}.Release|Any CPU.Build.0 = Release|Any CPU
		{4FEBBB25-D5C0-48F0-A822-2E0D6F3D777E}.Release|Mixed Platforms.ActiveCfg = Release|Any CPU
		{4FEBBB25-D5C0-48F0-A822-2E0D6F3D777E}.Release|Mixed Platforms.Build.0 = Release|Any CPU
		{4FEBBB25-D5C0-48F0-A822-2E0D6F3D777E}.Release|x86.ActiveCfg = Release|Any CPU
		{A43C651D-C467-4214-86EE-23EDF2242A1F}.Debug|.NET.ActiveCfg = Debug|Any CPU
		{A43C651D-C467-4214-86EE-23EDF2242A1F}.Debug|Any CPU.ActiveCfg = Debug|Any CPU
		{A43C651D-C467-4214-86EE-23EDF2242A1F}.Debug|Any CPU.Build.0 = Debug|Any CPU
		{A43C651D-C467-4214-86EE-23EDF2242A1F}.Debug|Mixed Platforms.ActiveCfg = Debug|Any CPU
		{A43C651D-C467-4214-86EE-23EDF2242A1F}.Debug|Mixed Platforms.Build.0 = Debug|Any CPU
		{A43C651D-C467-4214-86EE-23EDF2242A1F}.Debug|x86.ActiveCfg = Debug|Any CPU
		{A43C651D-C467-4214-86EE-23EDF2242A1F}.DebugNUnit|.NET.ActiveCfg = Debug|Any CPU
		{A43C651D-C467-4214-86EE-23EDF2242A1F}.DebugNUnit|Any CPU.ActiveCfg = Debug|Any CPU
		{A43C651D-C467-4214-86EE-23EDF2242A1F}.DebugNUnit|Any CPU.Build.0 = Debug|Any CPU
		{A43C651D-C467-4214-86EE-23EDF2242A1F}.DebugNUnit|Mixed Platforms.ActiveCfg = Debug|Any CPU
		{A43C651D-C467-4214-86EE-23EDF2242A1F}.DebugNUnit|Mixed Platforms.Build.0 = Debug|Any CPU
		{A43C651D-C467-4214-86EE-23EDF2242A1F}.DebugNUnit|x86.ActiveCfg = Debug|Any CPU
		{A43C651D-C467-4214-86EE-23EDF2242A1F}.DebugVSIntegration|.NET.ActiveCfg = Debug|Any CPU
		{A43C651D-C467-4214-86EE-23EDF2242A1F}.DebugVSIntegration|Any CPU.ActiveCfg = Debug|Any CPU
		{A43C651D-C467-4214-86EE-23EDF2242A1F}.DebugVSIntegration|Any CPU.Build.0 = Debug|Any CPU
		{A43C651D-C467-4214-86EE-23EDF2242A1F}.DebugVSIntegration|Mixed Platforms.ActiveCfg = Debug|Any CPU
		{A43C651D-C467-4214-86EE-23EDF2242A1F}.DebugVSIntegration|Mixed Platforms.Build.0 = Debug|Any CPU
		{A43C651D-C467-4214-86EE-23EDF2242A1F}.DebugVSIntegration|x86.ActiveCfg = Debug|Any CPU
		{A43C651D-C467-4214-86EE-23EDF2242A1F}.Release|.NET.ActiveCfg = Release|Any CPU
		{A43C651D-C467-4214-86EE-23EDF2242A1F}.Release|Any CPU.ActiveCfg = Release|Any CPU
		{A43C651D-C467-4214-86EE-23EDF2242A1F}.Release|Any CPU.Build.0 = Release|Any CPU
		{A43C651D-C467-4214-86EE-23EDF2242A1F}.Release|Mixed Platforms.ActiveCfg = Release|Any CPU
		{A43C651D-C467-4214-86EE-23EDF2242A1F}.Release|Mixed Platforms.Build.0 = Release|Any CPU
		{A43C651D-C467-4214-86EE-23EDF2242A1F}.Release|x86.ActiveCfg = Release|Any CPU
	EndGlobalSection
	GlobalSection(SolutionProperties) = preSolution
		HideSolutionNode = FALSE
	EndGlobalSection
	GlobalSection(NestedProjects) = preSolution
		{D8F63DFF-5230-43E4-9AB2-DA6E721A1FAE} = {37EFCE76-0C25-4760-90C9-CCB69ABA61C5}
		{4FEBBB25-D5C0-48F0-A822-2E0D6F3D777E} = {37EFCE76-0C25-4760-90C9-CCB69ABA61C5}
		{A43C651D-C467-4214-86EE-23EDF2242A1F} = {37EFCE76-0C25-4760-90C9-CCB69ABA61C5}
		{187D6F5F-8A84-4527-B63B-5037CD93E1E6} = {B750A861-A08C-4E1A-82BC-DE4B521FF221}
		{C71100E4-D848-4173-BCA9-578E6E874CB1} = {B750A861-A08C-4E1A-82BC-DE4B521FF221}
		{5942A443-37C5-49CE-AB3A-E47154593FBD} = {B750A861-A08C-4E1A-82BC-DE4B521FF221}
		{CF898BD4-44FA-4045-A52F-09096C0AF42D} = {B750A861-A08C-4E1A-82BC-DE4B521FF221}
		{871E4607-2A33-4BBD-9F47-F337536829B0} = {B750A861-A08C-4E1A-82BC-DE4B521FF221}
		{6283BC6E-A74C-4023-AEBE-856AA7E86092} = {B750A861-A08C-4E1A-82BC-DE4B521FF221}
		{BEED8A0E-EE58-4823-97E2-951AAEA7799B} = {B750A861-A08C-4E1A-82BC-DE4B521FF221}
		{DBE39397-4AAC-443E-B18F-8C2FFE097E3D} = {187D6F5F-8A84-4527-B63B-5037CD93E1E6}
		{D5CBF671-B1EF-442F-80CD-0606EE8C44D8} = {187D6F5F-8A84-4527-B63B-5037CD93E1E6}
		{7A30904D-40C9-408D-813E-12E16C488EAA} = {187D6F5F-8A84-4527-B63B-5037CD93E1E6}
		{74788B39-49AB-4708-AD96-B5558AF48C7A} = {C71100E4-D848-4173-BCA9-578E6E874CB1}
		{6F6C0C53-6489-439D-A92F-2EBA93D8A889} = {C71100E4-D848-4173-BCA9-578E6E874CB1}
		{B37EA36C-9C56-4EC2-BD17-4B884F9D6ACE} = {C71100E4-D848-4173-BCA9-578E6E874CB1}
		{40B1F906-58AC-42AD-837C-3F31B289659C} = {5942A443-37C5-49CE-AB3A-E47154593FBD}
		{8E92B6F7-3D6E-4B01-B465-7B600E4E2FF9} = {5942A443-37C5-49CE-AB3A-E47154593FBD}
		{C61238A6-EA8A-427F-BCF1-5D70DBEF06F6} = {CF898BD4-44FA-4045-A52F-09096C0AF42D}
		{2E8080B8-CD6E-4AFC-AB32-6032ED9F99C5} = {CF898BD4-44FA-4045-A52F-09096C0AF42D}
		{B393DAD9-0D9F-441A-B269-5D23EF444410} = {CF898BD4-44FA-4045-A52F-09096C0AF42D}
		{76AFCDB4-119F-4881-99AB-C750832DE0C5} = {CF898BD4-44FA-4045-A52F-09096C0AF42D}
		{11331540-BE27-41A8-B10C-D1C7A686E554} = {871E4607-2A33-4BBD-9F47-F337536829B0}
		{4684F559-E4BA-466E-8EED-962987B34363} = {6283BC6E-A74C-4023-AEBE-856AA7E86092}
		{1FEAFB7D-1173-4B2D-ABB1-B546941053AB} = {6283BC6E-A74C-4023-AEBE-856AA7E86092}
		{125370E1-A7FB-4458-A2AC-CA7C044FC944} = {BEED8A0E-EE58-4823-97E2-951AAEA7799B}
		{C4CA2E94-9E2B-41FC-BF25-6A32849B1E6D} = {CCC92ACB-FD44-4592-B099-8021832D1A4B}
	EndGlobalSection
EndGlobal
