Microsoft Visual Studio Solution File, Format Version 8.00
Project("{E6FDF86B-F3D1-11D4-8576-0002A516ECE8}") = "AntlrDotNet", "AntlrDotNet.vjsproj", "{105127C9-CD0A-43C8-9314-D3C67A0C529A}"
	ProjectSection(ProjectDependencies) = postProject
	EndProjectSection
EndProject
Global
	GlobalSection(SolutionConfiguration) = preSolution
		Debug = Debug
		Release = Release
	EndGlobalSection
	GlobalSection(ProjectConfiguration) = postSolution
		{105127C9-CD0A-43C8-9314-D3C67A0C529A}.Debug.ActiveCfg = Debug|.NET
		{105127C9-CD0A-43C8-9314-D3C67A0C529A}.Debug.Build.0 = Debug|.NET
		{105127C9-CD0A-43C8-9314-D3C67A0C529A}.Release.ActiveCfg = Release|.NET
		{105127C9-CD0A-43C8-9314-D3C67A0C529A}.Release.Build.0 = Release|.NET
	EndGlobalSection
	GlobalSection(ExtensibilityGlobals) = postSolution
	EndGlobalSection
	GlobalSection(ExtensibilityAddIns) = postSolution
	EndGlobalSection
EndGlobal
