Microsoft Visual Studio Solution File, Format Version 8.00
Project("{E6FDF86B-F3D1-11D4-8576-0002A516ECE8}") = "Command", "Command.vjsproj", "{53B0A577-08BE-4EAE-9FB5-45D395ECCA52}"
	ProjectSection(ProjectDependencies) = postProject
	EndProjectSection
EndProject
Global
	GlobalSection(SolutionConfiguration) = preSolution
		Debug = Debug
		Release = Release
	EndGlobalSection
	GlobalSection(ProjectConfiguration) = postSolution
		{53B0A577-08BE-4EAE-9FB5-45D395ECCA52}.Debug.ActiveCfg = Debug|.NET
		{53B0A577-08BE-4EAE-9FB5-45D395ECCA52}.Debug.Build.0 = Debug|.NET
		{53B0A577-08BE-4EAE-9FB5-45D395ECCA52}.Release.ActiveCfg = Release|.NET
		{53B0A577-08BE-4EAE-9FB5-45D395ECCA52}.Release.Build.0 = Release|.NET
	EndGlobalSection
	GlobalSection(ExtensibilityGlobals) = postSolution
	EndGlobalSection
	GlobalSection(ExtensibilityAddIns) = postSolution
	EndGlobalSection
EndGlobal
