Microsoft Visual Studio Solution File, Format Version 8.00
Project("{FAE04EC0-301F-11D3-BF4B-00C04F79EFBC}") = "ExampleAOP", "ExampleAOP.csproj", "{5F813277-D340-4519-9EFB-E97DC4268C0A}"
	ProjectSection(ProjectDependencies) = postProject
	EndProjectSection
EndProject
Global
	GlobalSection(SolutionConfiguration) = preSolution
		Debug = Debug
		Release = Release
	EndGlobalSection
	GlobalSection(ProjectConfiguration) = postSolution
		{5F813277-D340-4519-9EFB-E97DC4268C0A}.Debug.ActiveCfg = Debug|.NET
		{5F813277-D340-4519-9EFB-E97DC4268C0A}.Debug.Build.0 = Debug|.NET
		{5F813277-D340-4519-9EFB-E97DC4268C0A}.Release.ActiveCfg = Release|.NET
		{5F813277-D340-4519-9EFB-E97DC4268C0A}.Release.Build.0 = Release|.NET
	EndGlobalSection
	GlobalSection(ExtensibilityGlobals) = postSolution
	EndGlobalSection
	GlobalSection(ExtensibilityAddIns) = postSolution
	EndGlobalSection
EndGlobal
