Microsoft Visual Studio Solution File, Format Version 8.00
Project("{E6FDF86B-F3D1-11D4-8576-0002A516ECE8}") = "Mediator", "Mediator.vjsproj", "{EFC1F5B5-562F-416B-BDDF-FC87D0C75ABF}"
	ProjectSection(ProjectDependencies) = postProject
	EndProjectSection
EndProject
Global
	GlobalSection(SolutionConfiguration) = preSolution
		Debug = Debug
		Release = Release
	EndGlobalSection
	GlobalSection(ProjectConfiguration) = postSolution
		{EFC1F5B5-562F-416B-BDDF-FC87D0C75ABF}.Debug.ActiveCfg = Debug|.NET
		{EFC1F5B5-562F-416B-BDDF-FC87D0C75ABF}.Debug.Build.0 = Debug|.NET
		{EFC1F5B5-562F-416B-BDDF-FC87D0C75ABF}.Release.ActiveCfg = Release|.NET
		{EFC1F5B5-562F-416B-BDDF-FC87D0C75ABF}.Release.Build.0 = Release|.NET
	EndGlobalSection
	GlobalSection(ExtensibilityGlobals) = postSolution
	EndGlobalSection
	GlobalSection(ExtensibilityAddIns) = postSolution
	EndGlobalSection
EndGlobal
