
Microsoft Visual Studio Solution File, Format Version 9.00
# Visual Studio 2005
Project("{FAE04EC0-301F-11D3-BF4B-00C04F79EFBC}") = "Mono.Cecil", "..\Libraries\cecil-0.4.3\Mono.Cecil.csproj", "{D8F63DFF-5230-43E4-9AB2-DA6E721A1FAE}"
EndProject
Project("{2150E333-8FDC-42A3-9474-1A3956D46DE8}") = "Libraries", "Libraries", "{37EFCE76-0C25-4760-90C9-CCB69ABA61C5}"
	ProjectSection(FolderStartupServices) = postProject
		{B4F97281-0DBD-4835-9ED8-7DFB966E87FF} = {B4F97281-0DBD-4835-9ED8-7DFB966E87FF}
	EndProjectSection
EndProject
Project("{2150E333-8FDC-42A3-9474-1A3956D46DE8}") = "Source", "Source", "{B750A861-A08C-4E1A-82BC-DE4B521FF221}"
	ProjectSection(FolderStartupServices) = postProject
		{B4F97281-0DBD-4835-9ED8-7DFB966E87FF} = {B4F97281-0DBD-4835-9ED8-7DFB966E87FF}
	EndProjectSection
EndProject
Project("{2150E333-8FDC-42A3-9474-1A3956D46DE8}") = "UnitTests", "UnitTests", "{C0F8605A-5ACF-4D1E-AA33-8D059E509998}"
	ProjectSection(FolderStartupServices) = postProject
		{B4F97281-0DBD-4835-9ED8-7DFB966E87FF} = {B4F97281-0DBD-4835-9ED8-7DFB966E87FF}
	EndProjectSection
EndProject
Project("{2150E333-8FDC-42A3-9474-1A3956D46DE8}") = "IL Analyzer and Weaver", "IL Analyzer and Weaver", "{187D6F5F-8A84-4527-B63B-5037CD93E1E6}"
	ProjectSection(FolderStartupServices) = postProject
		{B4F97281-0DBD-4835-9ED8-7DFB966E87FF} = {B4F97281-0DBD-4835-9ED8-7DFB966E87FF}
	EndProjectSection
EndProject
Project("{2150E333-8FDC-42A3-9474-1A3956D46DE8}") = "Java Compiletime", "Java Compiletime", "{8E22E764-B44D-41C7-81AF-EF9D491081ED}"
	ProjectSection(FolderStartupServices) = postProject
		{B4F97281-0DBD-4835-9ED8-7DFB966E87FF} = {B4F97281-0DBD-4835-9ED8-7DFB966E87FF}
	EndProjectSection
EndProject
Project("{2150E333-8FDC-42A3-9474-1A3956D46DE8}") = "Visual Studio Integration", "Visual Studio Integration", "{C71100E4-D848-4173-BCA9-578E6E874CB1}"
	ProjectSection(FolderStartupServices) = postProject
		{B4F97281-0DBD-4835-9ED8-7DFB966E87FF} = {B4F97281-0DBD-4835-9ED8-7DFB966E87FF}
	EndProjectSection
EndProject
Project("{FAE04EC0-301F-11D3-BF4B-00C04F79EFBC}") = "StarLight.VisualStudio.LanguageServices", "VSIntegration\VisualStudio.LanguageServices\StarLight.VisualStudio.LanguageServices.csproj", "{74788B39-49AB-4708-AD96-B5558AF48C7A}"
EndProject
Project("{FAE04EC0-301F-11D3-BF4B-00C04F79EFBC}") = "StarLight.VisualStudio.Project", "VSIntegration\VisualStudio.Project\StarLight.VisualStudio.Project.csproj", "{6F6C0C53-6489-439D-A92F-2EBA93D8A889}"
EndProject
Project("{FAE04EC0-301F-11D3-BF4B-00C04F79EFBC}") = "StarLight.MSBuild.Tasks", "VSIntegration\MSBuildTasks\StarLight.MSBuild.Tasks.csproj", "{B37EA36C-9C56-4EC2-BD17-4B884F9D6ACE}"
EndProject
Project("{2150E333-8FDC-42A3-9474-1A3956D46DE8}") = "Data Store", "Data Store", "{5942A443-37C5-49CE-AB3A-E47154593FBD}"
	ProjectSection(FolderStartupServices) = postProject
		{B4F97281-0DBD-4835-9ED8-7DFB966E87FF} = {B4F97281-0DBD-4835-9ED8-7DFB966E87FF}
	EndProjectSection
EndProject
Project("{2150E333-8FDC-42A3-9474-1A3956D46DE8}") = "Solution Items", "Solution Items", "{40C9556A-C48D-4E1C-875C-80A45D2AAC5C}"
	ProjectSection(SolutionItems) = preProject
		localtestrun.testrunconfig = localtestrun.testrunconfig
		StarLight1.vsmdi = StarLight1.vsmdi
	EndProjectSection
	ProjectSection(FolderStartupServices) = postProject
		{B4F97281-0DBD-4835-9ED8-7DFB966E87FF} = {B4F97281-0DBD-4835-9ED8-7DFB966E87FF}
	EndProjectSection
EndProject
Project("{FAE04EC0-301F-11D3-BF4B-00C04F79EFBC}") = "TestILWeaver", "UnitTests\TestILWeaver\TestILWeaver.csproj", "{8EAD531D-F959-4445-9C5B-68E82F639550}"
EndProject
Project("{FAE04EC0-301F-11D3-BF4B-00C04F79EFBC}") = "TestLanguageModel", "UnitTests\TestLanguageModel\TestLanguageModel.csproj", "{6CA26E71-2EE9-4CCB-99DD-C7839F0D0E63}"
EndProject
Project("{FAE04EC0-301F-11D3-BF4B-00C04F79EFBC}") = "TestILAnalyzer", "UnitTests\TestILAnalyzer\TestILAnalyzer.csproj", "{1B4B4933-6267-4AEC-9F9C-1FF8B6C7546B}"
EndProject
Project("{2150E333-8FDC-42A3-9474-1A3956D46DE8}") = "ContextInfo", "ContextInfo", "{CF898BD4-44FA-4045-A52F-09096C0AF42D}"
	ProjectSection(FolderStartupServices) = postProject
		{B4F97281-0DBD-4835-9ED8-7DFB966E87FF} = {B4F97281-0DBD-4835-9ED8-7DFB966E87FF}
	EndProjectSection
EndProject
Project("{FAE04EC0-301F-11D3-BF4B-00C04F79EFBC}") = "ContextInfo", "ContextInfo\ContextInfo.csproj", "{C61238A6-EA8A-427F-BCF1-5D70DBEF06F6}"
EndProject
Project("{FAE04EC0-301F-11D3-BF4B-00C04F79EFBC}") = "TestContextInfo", "UnitTests\TestContextInfo\TestContextInfo.csproj", "{A5619D31-2996-4312-A7BA-0AF687445C23}"
EndProject
Project("{FAE04EC0-301F-11D3-BF4B-00C04F79EFBC}") = "ConsoleTestTarget", "UnitTests\ConsoleTestTarget\ConsoleTestTarget.csproj", "{EAE30DE8-46F0-473F-8D45-DD22D4C323DB}"
EndProject
Project("{FAE04EC0-301F-11D3-BF4B-00C04F79EFBC}") = "StarLight.CoreServices", "CoreServices\StarLight.CoreServices.csproj", "{11331540-BE27-41A8-B10C-D1C7A686E554}"
EndProject
Project("{2150E333-8FDC-42A3-9474-1A3956D46DE8}") = "Core Services", "Core Services", "{871E4607-2A33-4BBD-9F47-F337536829B0}"
	ProjectSection(FolderStartupServices) = postProject
		{B4F97281-0DBD-4835-9ED8-7DFB966E87FF} = {B4F97281-0DBD-4835-9ED8-7DFB966E87FF}
	EndProjectSection
EndProject
Project("{FAE04EC0-301F-11D3-BF4B-00C04F79EFBC}") = "TestTarget", "UnitTests\TestTarget\TestTarget.csproj", "{2A0211B9-5EA6-439F-A5E7-9C16F35BDD5E}"
EndProject
Project("{FAE04EC0-301F-11D3-BF4B-00C04F79EFBC}") = "ILReader", "UnitTests\ILReader\ILReader.csproj", "{002AEBBE-70BA-4D3F-AE41-6E49D4E11E86}"
EndProject
Project("{E6FDF86B-F3D1-11D4-8576-0002A516ECE8}") = "StarLightJavaCompiletime", "Compiletime\StarLightJavaCompiletime.vjsproj", "{55E29217-7071-4FA1-8810-79614584BBBB}"
EndProject
Project("{FAE04EC0-301F-11D3-BF4B-00C04F79EFBC}") = "ILAnalyzer", "ILAnalyzer\ILAnalyzer.csproj", "{DBE39397-4AAC-443E-B18F-8C2FFE097E3D}"
EndProject
Project("{FAE04EC0-301F-11D3-BF4B-00C04F79EFBC}") = "ILAnalyzerCaller", "ILAnalyzerCaller\ILAnalyzerCaller.csproj", "{D5CBF671-B1EF-442F-80CD-0606EE8C44D8}"
EndProject
Project("{FAE04EC0-301F-11D3-BF4B-00C04F79EFBC}") = "ILWeaver", "ILWeaver\ILWeaver.csproj", "{7A30904D-40C9-408D-813E-12E16C488EAA}"
EndProject
Project("{FAE04EC0-301F-11D3-BF4B-00C04F79EFBC}") = "DataStoreContainer", "Repository\DataStoreContainer.csproj", "{40B1F906-58AC-42AD-837C-3F31B289659C}"
EndProject
Project("{E6FDF86B-F3D1-11D4-8576-0002A516ECE8}") = "LanguageModel", "Compiletime\Composestar\Repository\LanguageModel\LanguageModel.vjsproj", "{12970BDF-D7FE-4206-A988-1940B7B9A93B}"
EndProject
Project("{2150E333-8FDC-42A3-9474-1A3956D46DE8}") = "CpsParser", "CpsParser", "{6283BC6E-A74C-4023-AEBE-856AA7E86092}"
	ProjectSection(FolderStartupServices) = postProject
		{B4F97281-0DBD-4835-9ED8-7DFB966E87FF} = {B4F97281-0DBD-4835-9ED8-7DFB966E87FF}
	EndProjectSection
EndProject
Project("{FAE04EC0-301F-11D3-BF4B-00C04F79EFBC}") = "CpsParser", "CpsParser\CpsParser.csproj", "{4684F559-E4BA-466E-8EED-962987B34363}"
EndProject
Project("{FAE04EC0-301F-11D3-BF4B-00C04F79EFBC}") = "CpsParserCaller", "CpsParserCaller\CpsParserCaller.csproj", "{1FEAFB7D-1173-4B2D-ABB1-B546941053AB}"
EndProject
Project("{2150E333-8FDC-42A3-9474-1A3956D46DE8}") = "Utilities", "Utilities", "{BEED8A0E-EE58-4823-97E2-951AAEA7799B}"
	ProjectSection(FolderStartupServices) = postProject
		{B4F97281-0DBD-4835-9ED8-7DFB966E87FF} = {B4F97281-0DBD-4835-9ED8-7DFB966E87FF}
	EndProjectSection
EndProject
Project("{FAE04EC0-301F-11D3-BF4B-00C04F79EFBC}") = "CecilUtilities", "Utilities\Cecil\CecilUtilities.csproj", "{125370E1-A7FB-4458-A2AC-CA7C044FC944}"
EndProject
Project("{2150E333-8FDC-42A3-9474-1A3956D46DE8}") = "Performance Tests", "Performance Tests", "{DD7707E3-DA7B-4747-BC1C-12126CBF581C}"
	ProjectSection(FolderStartupServices) = postProject
		{B4F97281-0DBD-4835-9ED8-7DFB966E87FF} = {B4F97281-0DBD-4835-9ED8-7DFB966E87FF}
	EndProjectSection
EndProject
Project("{FAE04EC0-301F-11D3-BF4B-00C04F79EFBC}") = "PTestCpsFileParser", "Tests\PerformanceTests\PTestCpsFileParser\PTestCpsFileParser.csproj", "{D518CE08-B54C-4727-B307-E1EEE3D54EB7}"
EndProject
Project("{FAE04EC0-301F-11D3-BF4B-00C04F79EFBC}") = "AllPerformanceTests", "Tests\PerformanceTests\AllPerformanceTests\AllPerformanceTests.csproj", "{8FFA9599-9D70-4C45-AD9A-E803D6322753}"
EndProject
Project("{FAE04EC0-301F-11D3-BF4B-00C04F79EFBC}") = "PTestILAnalyzer", "Tests\PerformanceTests\PTestILAnalyzer\PTestILAnalyzer.csproj", "{75ACE89F-E583-4A5B-94F8-218C764B4EF9}"
EndProject
Project("{2150E333-8FDC-42A3-9474-1A3956D46DE8}") = "Tests", "Tests", "{C6578CAD-D331-409C-BC16-989AEDF2A660}"
	ProjectSection(FolderStartupServices) = postProject
		{B4F97281-0DBD-4835-9ED8-7DFB966E87FF} = {B4F97281-0DBD-4835-9ED8-7DFB966E87FF}
	EndProjectSection
EndProject
Project("{FAE04EC0-301F-11D3-BF4B-00C04F79EFBC}") = "TestMocks", "TestMocks\TestMocks.csproj", "{E3F2BDF7-7AC5-4C89-A01E-10D269EB0B1C}"
EndProject
Project("{FAE04EC0-301F-11D3-BF4B-00C04F79EFBC}") = "StarLightEntities", "StarLightEntities\StarLightEntities.csproj", "{8E92B6F7-3D6E-4B01-B465-7B600E4E2FF9}"
EndProject
Global
	GlobalSection(TestCaseManagementSettings) = postSolution
		CategoryFile = StarLight1.vsmdi
	EndGlobalSection
	GlobalSection(TextTemplating) = postSolution
		TextTemplating = 1
	EndGlobalSection
	GlobalSection(SolutionConfigurationPlatforms) = preSolution
		Debug|Any CPU = Debug|Any CPU
		Debug|Mixed Platforms = Debug|Mixed Platforms
		Debug|x86 = Debug|x86
		DebugNUnit|Any CPU = DebugNUnit|Any CPU
		DebugNUnit|Mixed Platforms = DebugNUnit|Mixed Platforms
		DebugNUnit|x86 = DebugNUnit|x86
		DebugVSIntegration|Any CPU = DebugVSIntegration|Any CPU
		DebugVSIntegration|Mixed Platforms = DebugVSIntegration|Mixed Platforms
		DebugVSIntegration|x86 = DebugVSIntegration|x86
		Release|Any CPU = Release|Any CPU
		Release|Mixed Platforms = Release|Mixed Platforms
		Release|x86 = Release|x86
	EndGlobalSection
	GlobalSection(ProjectConfigurationPlatforms) = postSolution
		{D8F63DFF-5230-43E4-9AB2-DA6E721A1FAE}.Debug|Any CPU.ActiveCfg = Debug|Any CPU
		{D8F63DFF-5230-43E4-9AB2-DA6E721A1FAE}.Debug|Any CPU.Build.0 = Debug|Any CPU
		{D8F63DFF-5230-43E4-9AB2-DA6E721A1FAE}.Debug|Mixed Platforms.ActiveCfg = Debug|Any CPU
		{D8F63DFF-5230-43E4-9AB2-DA6E721A1FAE}.Debug|Mixed Platforms.Build.0 = Debug|Any CPU
		{D8F63DFF-5230-43E4-9AB2-DA6E721A1FAE}.Debug|x86.ActiveCfg = Debug|Any CPU
		{D8F63DFF-5230-43E4-9AB2-DA6E721A1FAE}.DebugNUnit|Any CPU.ActiveCfg = DebugNUnit|Any CPU
		{D8F63DFF-5230-43E4-9AB2-DA6E721A1FAE}.DebugNUnit|Any CPU.Build.0 = DebugNUnit|Any CPU
		{D8F63DFF-5230-43E4-9AB2-DA6E721A1FAE}.DebugNUnit|Mixed Platforms.ActiveCfg = DebugNUnit|Any CPU
		{D8F63DFF-5230-43E4-9AB2-DA6E721A1FAE}.DebugNUnit|Mixed Platforms.Build.0 = DebugNUnit|Any CPU
		{D8F63DFF-5230-43E4-9AB2-DA6E721A1FAE}.DebugNUnit|x86.ActiveCfg = DebugNUnit|Any CPU
		{D8F63DFF-5230-43E4-9AB2-DA6E721A1FAE}.DebugVSIntegration|Any CPU.ActiveCfg = DebugVSIntegration|Any CPU
		{D8F63DFF-5230-43E4-9AB2-DA6E721A1FAE}.DebugVSIntegration|Any CPU.Build.0 = DebugVSIntegration|Any CPU
		{D8F63DFF-5230-43E4-9AB2-DA6E721A1FAE}.DebugVSIntegration|Mixed Platforms.ActiveCfg = DebugVSIntegration|Any CPU
		{D8F63DFF-5230-43E4-9AB2-DA6E721A1FAE}.DebugVSIntegration|Mixed Platforms.Build.0 = DebugVSIntegration|Any CPU
		{D8F63DFF-5230-43E4-9AB2-DA6E721A1FAE}.DebugVSIntegration|x86.ActiveCfg = DebugVSIntegration|Any CPU
		{D8F63DFF-5230-43E4-9AB2-DA6E721A1FAE}.Release|Any CPU.ActiveCfg = Release|Any CPU
		{D8F63DFF-5230-43E4-9AB2-DA6E721A1FAE}.Release|Any CPU.Build.0 = Release|Any CPU
		{D8F63DFF-5230-43E4-9AB2-DA6E721A1FAE}.Release|Mixed Platforms.ActiveCfg = Release|Any CPU
		{D8F63DFF-5230-43E4-9AB2-DA6E721A1FAE}.Release|Mixed Platforms.Build.0 = Release|Any CPU
		{D8F63DFF-5230-43E4-9AB2-DA6E721A1FAE}.Release|x86.ActiveCfg = Release|Any CPU
		{74788B39-49AB-4708-AD96-B5558AF48C7A}.Debug|Any CPU.ActiveCfg = Debug|Any CPU
		{74788B39-49AB-4708-AD96-B5558AF48C7A}.Debug|Any CPU.Build.0 = Debug|Any CPU
		{74788B39-49AB-4708-AD96-B5558AF48C7A}.Debug|Mixed Platforms.ActiveCfg = Debug|Any CPU
		{74788B39-49AB-4708-AD96-B5558AF48C7A}.Debug|x86.ActiveCfg = Debug|Any CPU
		{74788B39-49AB-4708-AD96-B5558AF48C7A}.DebugNUnit|Any CPU.ActiveCfg = Debug|Any CPU
		{74788B39-49AB-4708-AD96-B5558AF48C7A}.DebugNUnit|Any CPU.Build.0 = Debug|Any CPU
		{74788B39-49AB-4708-AD96-B5558AF48C7A}.DebugNUnit|Mixed Platforms.ActiveCfg = Debug|Any CPU
		{74788B39-49AB-4708-AD96-B5558AF48C7A}.DebugNUnit|Mixed Platforms.Build.0 = Debug|Any CPU
		{74788B39-49AB-4708-AD96-B5558AF48C7A}.DebugNUnit|x86.ActiveCfg = Debug|Any CPU
		{74788B39-49AB-4708-AD96-B5558AF48C7A}.DebugVSIntegration|Any CPU.ActiveCfg = DebugVSIntegration|Any CPU
		{74788B39-49AB-4708-AD96-B5558AF48C7A}.DebugVSIntegration|Any CPU.Build.0 = DebugVSIntegration|Any CPU
		{74788B39-49AB-4708-AD96-B5558AF48C7A}.DebugVSIntegration|Mixed Platforms.ActiveCfg = DebugVSIntegration|Any CPU
		{74788B39-49AB-4708-AD96-B5558AF48C7A}.DebugVSIntegration|Mixed Platforms.Build.0 = DebugVSIntegration|Any CPU
		{74788B39-49AB-4708-AD96-B5558AF48C7A}.DebugVSIntegration|x86.ActiveCfg = DebugVSIntegration|Any CPU
		{74788B39-49AB-4708-AD96-B5558AF48C7A}.Release|Any CPU.ActiveCfg = Release|Any CPU
		{74788B39-49AB-4708-AD96-B5558AF48C7A}.Release|Any CPU.Build.0 = Release|Any CPU
		{74788B39-49AB-4708-AD96-B5558AF48C7A}.Release|Mixed Platforms.ActiveCfg = Release|Any CPU
		{74788B39-49AB-4708-AD96-B5558AF48C7A}.Release|Mixed Platforms.Build.0 = Release|Any CPU
		{74788B39-49AB-4708-AD96-B5558AF48C7A}.Release|x86.ActiveCfg = Release|Any CPU
		{6F6C0C53-6489-439D-A92F-2EBA93D8A889}.Debug|Any CPU.ActiveCfg = Debug|Any CPU
		{6F6C0C53-6489-439D-A92F-2EBA93D8A889}.Debug|Any CPU.Build.0 = Debug|Any CPU
		{6F6C0C53-6489-439D-A92F-2EBA93D8A889}.Debug|Mixed Platforms.ActiveCfg = Debug|Any CPU
		{6F6C0C53-6489-439D-A92F-2EBA93D8A889}.Debug|x86.ActiveCfg = Debug|Any CPU
		{6F6C0C53-6489-439D-A92F-2EBA93D8A889}.DebugNUnit|Any CPU.ActiveCfg = Debug|Any CPU
		{6F6C0C53-6489-439D-A92F-2EBA93D8A889}.DebugNUnit|Any CPU.Build.0 = Debug|Any CPU
		{6F6C0C53-6489-439D-A92F-2EBA93D8A889}.DebugNUnit|Mixed Platforms.ActiveCfg = Debug|Any CPU
		{6F6C0C53-6489-439D-A92F-2EBA93D8A889}.DebugNUnit|Mixed Platforms.Build.0 = Debug|Any CPU
		{6F6C0C53-6489-439D-A92F-2EBA93D8A889}.DebugNUnit|x86.ActiveCfg = Debug|Any CPU
		{6F6C0C53-6489-439D-A92F-2EBA93D8A889}.DebugVSIntegration|Any CPU.ActiveCfg = DebugVSIntegration|Any CPU
		{6F6C0C53-6489-439D-A92F-2EBA93D8A889}.DebugVSIntegration|Any CPU.Build.0 = DebugVSIntegration|Any CPU
		{6F6C0C53-6489-439D-A92F-2EBA93D8A889}.DebugVSIntegration|Mixed Platforms.ActiveCfg = DebugVSIntegration|Any CPU
		{6F6C0C53-6489-439D-A92F-2EBA93D8A889}.DebugVSIntegration|Mixed Platforms.Build.0 = DebugVSIntegration|Any CPU
		{6F6C0C53-6489-439D-A92F-2EBA93D8A889}.DebugVSIntegration|x86.ActiveCfg = DebugVSIntegration|Any CPU
		{6F6C0C53-6489-439D-A92F-2EBA93D8A889}.Release|Any CPU.ActiveCfg = Release|Any CPU
		{6F6C0C53-6489-439D-A92F-2EBA93D8A889}.Release|Any CPU.Build.0 = Release|Any CPU
		{6F6C0C53-6489-439D-A92F-2EBA93D8A889}.Release|Mixed Platforms.ActiveCfg = Release|Any CPU
		{6F6C0C53-6489-439D-A92F-2EBA93D8A889}.Release|Mixed Platforms.Build.0 = Release|Any CPU
		{6F6C0C53-6489-439D-A92F-2EBA93D8A889}.Release|x86.ActiveCfg = Release|Any CPU
		{B37EA36C-9C56-4EC2-BD17-4B884F9D6ACE}.Debug|Any CPU.ActiveCfg = Debug|Any CPU
		{B37EA36C-9C56-4EC2-BD17-4B884F9D6ACE}.Debug|Any CPU.Build.0 = Debug|Any CPU
		{B37EA36C-9C56-4EC2-BD17-4B884F9D6ACE}.Debug|Mixed Platforms.ActiveCfg = Debug|Any CPU
		{B37EA36C-9C56-4EC2-BD17-4B884F9D6ACE}.Debug|x86.ActiveCfg = Debug|Any CPU
		{B37EA36C-9C56-4EC2-BD17-4B884F9D6ACE}.DebugNUnit|Any CPU.ActiveCfg = Debug|Any CPU
		{B37EA36C-9C56-4EC2-BD17-4B884F9D6ACE}.DebugNUnit|Any CPU.Build.0 = Debug|Any CPU
		{B37EA36C-9C56-4EC2-BD17-4B884F9D6ACE}.DebugNUnit|Mixed Platforms.ActiveCfg = Debug|Any CPU
		{B37EA36C-9C56-4EC2-BD17-4B884F9D6ACE}.DebugNUnit|Mixed Platforms.Build.0 = Debug|Any CPU
		{B37EA36C-9C56-4EC2-BD17-4B884F9D6ACE}.DebugNUnit|x86.ActiveCfg = Debug|Any CPU
		{B37EA36C-9C56-4EC2-BD17-4B884F9D6ACE}.DebugVSIntegration|Any CPU.ActiveCfg = DebugVSIntegration|Any CPU
		{B37EA36C-9C56-4EC2-BD17-4B884F9D6ACE}.DebugVSIntegration|Any CPU.Build.0 = DebugVSIntegration|Any CPU
		{B37EA36C-9C56-4EC2-BD17-4B884F9D6ACE}.DebugVSIntegration|Mixed Platforms.ActiveCfg = DebugVSIntegration|Any CPU
		{B37EA36C-9C56-4EC2-BD17-4B884F9D6ACE}.DebugVSIntegration|Mixed Platforms.Build.0 = DebugVSIntegration|Any CPU
		{B37EA36C-9C56-4EC2-BD17-4B884F9D6ACE}.DebugVSIntegration|x86.ActiveCfg = DebugVSIntegration|Any CPU
		{B37EA36C-9C56-4EC2-BD17-4B884F9D6ACE}.Release|Any CPU.ActiveCfg = Release|Any CPU
		{B37EA36C-9C56-4EC2-BD17-4B884F9D6ACE}.Release|Any CPU.Build.0 = Release|Any CPU
		{B37EA36C-9C56-4EC2-BD17-4B884F9D6ACE}.Release|Mixed Platforms.ActiveCfg = Release|Any CPU
		{B37EA36C-9C56-4EC2-BD17-4B884F9D6ACE}.Release|Mixed Platforms.Build.0 = Release|Any CPU
		{B37EA36C-9C56-4EC2-BD17-4B884F9D6ACE}.Release|x86.ActiveCfg = Release|Any CPU
		{8EAD531D-F959-4445-9C5B-68E82F639550}.Debug|Any CPU.ActiveCfg = Debug|Any CPU
		{8EAD531D-F959-4445-9C5B-68E82F639550}.Debug|Any CPU.Build.0 = Debug|Any CPU
		{8EAD531D-F959-4445-9C5B-68E82F639550}.Debug|Mixed Platforms.ActiveCfg = Debug|Any CPU
		{8EAD531D-F959-4445-9C5B-68E82F639550}.Debug|Mixed Platforms.Build.0 = Debug|Any CPU
		{8EAD531D-F959-4445-9C5B-68E82F639550}.Debug|x86.ActiveCfg = Debug|Any CPU
		{8EAD531D-F959-4445-9C5B-68E82F639550}.DebugNUnit|Any CPU.ActiveCfg = Debug|Any CPU
		{8EAD531D-F959-4445-9C5B-68E82F639550}.DebugNUnit|Any CPU.Build.0 = Debug|Any CPU
		{8EAD531D-F959-4445-9C5B-68E82F639550}.DebugNUnit|Mixed Platforms.ActiveCfg = Debug|Any CPU
		{8EAD531D-F959-4445-9C5B-68E82F639550}.DebugNUnit|Mixed Platforms.Build.0 = Debug|Any CPU
		{8EAD531D-F959-4445-9C5B-68E82F639550}.DebugNUnit|x86.ActiveCfg = Debug|Any CPU
		{8EAD531D-F959-4445-9C5B-68E82F639550}.DebugVSIntegration|Any CPU.ActiveCfg = Debug|Any CPU
		{8EAD531D-F959-4445-9C5B-68E82F639550}.DebugVSIntegration|Any CPU.Build.0 = Debug|Any CPU
		{8EAD531D-F959-4445-9C5B-68E82F639550}.DebugVSIntegration|Mixed Platforms.ActiveCfg = Debug|Any CPU
		{8EAD531D-F959-4445-9C5B-68E82F639550}.DebugVSIntegration|x86.ActiveCfg = Debug|Any CPU
		{8EAD531D-F959-4445-9C5B-68E82F639550}.Release|Any CPU.ActiveCfg = Release|Any CPU
		{8EAD531D-F959-4445-9C5B-68E82F639550}.Release|Any CPU.Build.0 = Release|Any CPU
		{8EAD531D-F959-4445-9C5B-68E82F639550}.Release|Mixed Platforms.ActiveCfg = Release|Any CPU
		{8EAD531D-F959-4445-9C5B-68E82F639550}.Release|Mixed Platforms.Build.0 = Release|Any CPU
		{8EAD531D-F959-4445-9C5B-68E82F639550}.Release|x86.ActiveCfg = Release|Any CPU
		{6CA26E71-2EE9-4CCB-99DD-C7839F0D0E63}.Debug|Any CPU.ActiveCfg = Debug|Any CPU
		{6CA26E71-2EE9-4CCB-99DD-C7839F0D0E63}.Debug|Any CPU.Build.0 = Debug|Any CPU
		{6CA26E71-2EE9-4CCB-99DD-C7839F0D0E63}.Debug|Mixed Platforms.ActiveCfg = Debug|Any CPU
		{6CA26E71-2EE9-4CCB-99DD-C7839F0D0E63}.Debug|Mixed Platforms.Build.0 = Debug|Any CPU
		{6CA26E71-2EE9-4CCB-99DD-C7839F0D0E63}.Debug|x86.ActiveCfg = Debug|Any CPU
		{6CA26E71-2EE9-4CCB-99DD-C7839F0D0E63}.DebugNUnit|Any CPU.ActiveCfg = Debug|Any CPU
		{6CA26E71-2EE9-4CCB-99DD-C7839F0D0E63}.DebugNUnit|Any CPU.Build.0 = Debug|Any CPU
		{6CA26E71-2EE9-4CCB-99DD-C7839F0D0E63}.DebugNUnit|Mixed Platforms.ActiveCfg = Debug|Any CPU
		{6CA26E71-2EE9-4CCB-99DD-C7839F0D0E63}.DebugNUnit|Mixed Platforms.Build.0 = Debug|Any CPU
		{6CA26E71-2EE9-4CCB-99DD-C7839F0D0E63}.DebugNUnit|x86.ActiveCfg = Debug|Any CPU
		{6CA26E71-2EE9-4CCB-99DD-C7839F0D0E63}.DebugVSIntegration|Any CPU.ActiveCfg = Debug|Any CPU
		{6CA26E71-2EE9-4CCB-99DD-C7839F0D0E63}.DebugVSIntegration|Any CPU.Build.0 = Debug|Any CPU
		{6CA26E71-2EE9-4CCB-99DD-C7839F0D0E63}.DebugVSIntegration|Mixed Platforms.ActiveCfg = Debug|Any CPU
		{6CA26E71-2EE9-4CCB-99DD-C7839F0D0E63}.DebugVSIntegration|Mixed Platforms.Build.0 = Debug|Any CPU
		{6CA26E71-2EE9-4CCB-99DD-C7839F0D0E63}.DebugVSIntegration|x86.ActiveCfg = Debug|Any CPU
		{6CA26E71-2EE9-4CCB-99DD-C7839F0D0E63}.Release|Any CPU.ActiveCfg = Release|Any CPU
		{6CA26E71-2EE9-4CCB-99DD-C7839F0D0E63}.Release|Any CPU.Build.0 = Release|Any CPU
		{6CA26E71-2EE9-4CCB-99DD-C7839F0D0E63}.Release|Mixed Platforms.ActiveCfg = Release|Any CPU
		{6CA26E71-2EE9-4CCB-99DD-C7839F0D0E63}.Release|Mixed Platforms.Build.0 = Release|Any CPU
		{6CA26E71-2EE9-4CCB-99DD-C7839F0D0E63}.Release|x86.ActiveCfg = Release|Any CPU
		{1B4B4933-6267-4AEC-9F9C-1FF8B6C7546B}.Debug|Any CPU.ActiveCfg = Debug|Any CPU
		{1B4B4933-6267-4AEC-9F9C-1FF8B6C7546B}.Debug|Any CPU.Build.0 = Debug|Any CPU
		{1B4B4933-6267-4AEC-9F9C-1FF8B6C7546B}.Debug|Mixed Platforms.ActiveCfg = Debug|Any CPU
		{1B4B4933-6267-4AEC-9F9C-1FF8B6C7546B}.Debug|Mixed Platforms.Build.0 = Debug|Any CPU
		{1B4B4933-6267-4AEC-9F9C-1FF8B6C7546B}.Debug|x86.ActiveCfg = Debug|Any CPU
		{1B4B4933-6267-4AEC-9F9C-1FF8B6C7546B}.DebugNUnit|Any CPU.ActiveCfg = DebugNUnit|Any CPU
		{1B4B4933-6267-4AEC-9F9C-1FF8B6C7546B}.DebugNUnit|Any CPU.Build.0 = DebugNUnit|Any CPU
		{1B4B4933-6267-4AEC-9F9C-1FF8B6C7546B}.DebugNUnit|Mixed Platforms.ActiveCfg = DebugNUnit|Any CPU
		{1B4B4933-6267-4AEC-9F9C-1FF8B6C7546B}.DebugNUnit|Mixed Platforms.Build.0 = DebugNUnit|Any CPU
		{1B4B4933-6267-4AEC-9F9C-1FF8B6C7546B}.DebugNUnit|x86.ActiveCfg = DebugNUnit|Any CPU
		{1B4B4933-6267-4AEC-9F9C-1FF8B6C7546B}.DebugVSIntegration|Any CPU.ActiveCfg = DebugVSIntegration|Any CPU
		{1B4B4933-6267-4AEC-9F9C-1FF8B6C7546B}.DebugVSIntegration|Any CPU.Build.0 = DebugVSIntegration|Any CPU
		{1B4B4933-6267-4AEC-9F9C-1FF8B6C7546B}.DebugVSIntegration|Mixed Platforms.ActiveCfg = DebugVSIntegration|Any CPU
		{1B4B4933-6267-4AEC-9F9C-1FF8B6C7546B}.DebugVSIntegration|Mixed Platforms.Build.0 = DebugVSIntegration|Any CPU
		{1B4B4933-6267-4AEC-9F9C-1FF8B6C7546B}.DebugVSIntegration|x86.ActiveCfg = DebugVSIntegration|Any CPU
		{1B4B4933-6267-4AEC-9F9C-1FF8B6C7546B}.Release|Any CPU.ActiveCfg = Release|Any CPU
		{1B4B4933-6267-4AEC-9F9C-1FF8B6C7546B}.Release|Any CPU.Build.0 = Release|Any CPU
		{1B4B4933-6267-4AEC-9F9C-1FF8B6C7546B}.Release|Mixed Platforms.ActiveCfg = Release|Any CPU
		{1B4B4933-6267-4AEC-9F9C-1FF8B6C7546B}.Release|Mixed Platforms.Build.0 = Release|Any CPU
		{1B4B4933-6267-4AEC-9F9C-1FF8B6C7546B}.Release|x86.ActiveCfg = Release|Any CPU
		{C61238A6-EA8A-427F-BCF1-5D70DBEF06F6}.Debug|Any CPU.ActiveCfg = Debug|Any CPU
		{C61238A6-EA8A-427F-BCF1-5D70DBEF06F6}.Debug|Any CPU.Build.0 = Debug|Any CPU
		{C61238A6-EA8A-427F-BCF1-5D70DBEF06F6}.Debug|Mixed Platforms.ActiveCfg = Debug|Any CPU
		{C61238A6-EA8A-427F-BCF1-5D70DBEF06F6}.Debug|Mixed Platforms.Build.0 = Debug|Any CPU
		{C61238A6-EA8A-427F-BCF1-5D70DBEF06F6}.Debug|x86.ActiveCfg = Debug|Any CPU
		{C61238A6-EA8A-427F-BCF1-5D70DBEF06F6}.DebugNUnit|Any CPU.ActiveCfg = Debug|Any CPU
		{C61238A6-EA8A-427F-BCF1-5D70DBEF06F6}.DebugNUnit|Any CPU.Build.0 = Debug|Any CPU
		{C61238A6-EA8A-427F-BCF1-5D70DBEF06F6}.DebugNUnit|Mixed Platforms.ActiveCfg = Debug|Any CPU
		{C61238A6-EA8A-427F-BCF1-5D70DBEF06F6}.DebugNUnit|Mixed Platforms.Build.0 = Debug|Any CPU
		{C61238A6-EA8A-427F-BCF1-5D70DBEF06F6}.DebugNUnit|x86.ActiveCfg = Debug|Any CPU
		{C61238A6-EA8A-427F-BCF1-5D70DBEF06F6}.DebugVSIntegration|Any CPU.ActiveCfg = Debug|Any CPU
		{C61238A6-EA8A-427F-BCF1-5D70DBEF06F6}.DebugVSIntegration|Any CPU.Build.0 = Debug|Any CPU
		{C61238A6-EA8A-427F-BCF1-5D70DBEF06F6}.DebugVSIntegration|Mixed Platforms.ActiveCfg = Debug|Any CPU
		{C61238A6-EA8A-427F-BCF1-5D70DBEF06F6}.DebugVSIntegration|Mixed Platforms.Build.0 = Debug|Any CPU
		{C61238A6-EA8A-427F-BCF1-5D70DBEF06F6}.DebugVSIntegration|x86.ActiveCfg = Debug|Any CPU
		{C61238A6-EA8A-427F-BCF1-5D70DBEF06F6}.Release|Any CPU.ActiveCfg = Release|Any CPU
		{C61238A6-EA8A-427F-BCF1-5D70DBEF06F6}.Release|Any CPU.Build.0 = Release|Any CPU
		{C61238A6-EA8A-427F-BCF1-5D70DBEF06F6}.Release|Mixed Platforms.ActiveCfg = Release|Any CPU
		{C61238A6-EA8A-427F-BCF1-5D70DBEF06F6}.Release|Mixed Platforms.Build.0 = Release|Any CPU
		{C61238A6-EA8A-427F-BCF1-5D70DBEF06F6}.Release|x86.ActiveCfg = Release|Any CPU
		{A5619D31-2996-4312-A7BA-0AF687445C23}.Debug|Any CPU.ActiveCfg = Debug|Any CPU
		{A5619D31-2996-4312-A7BA-0AF687445C23}.Debug|Any CPU.Build.0 = Debug|Any CPU
		{A5619D31-2996-4312-A7BA-0AF687445C23}.Debug|Mixed Platforms.ActiveCfg = Debug|Any CPU
		{A5619D31-2996-4312-A7BA-0AF687445C23}.Debug|Mixed Platforms.Build.0 = Debug|Any CPU
		{A5619D31-2996-4312-A7BA-0AF687445C23}.Debug|x86.ActiveCfg = Debug|Any CPU
		{A5619D31-2996-4312-A7BA-0AF687445C23}.DebugNUnit|Any CPU.ActiveCfg = Debug|Any CPU
		{A5619D31-2996-4312-A7BA-0AF687445C23}.DebugNUnit|Any CPU.Build.0 = Debug|Any CPU
		{A5619D31-2996-4312-A7BA-0AF687445C23}.DebugNUnit|Mixed Platforms.ActiveCfg = Debug|Any CPU
		{A5619D31-2996-4312-A7BA-0AF687445C23}.DebugNUnit|Mixed Platforms.Build.0 = Debug|Any CPU
		{A5619D31-2996-4312-A7BA-0AF687445C23}.DebugNUnit|x86.ActiveCfg = Debug|Any CPU
		{A5619D31-2996-4312-A7BA-0AF687445C23}.DebugVSIntegration|Any CPU.ActiveCfg = Debug|Any CPU
		{A5619D31-2996-4312-A7BA-0AF687445C23}.DebugVSIntegration|Any CPU.Build.0 = Debug|Any CPU
		{A5619D31-2996-4312-A7BA-0AF687445C23}.DebugVSIntegration|Mixed Platforms.ActiveCfg = Debug|Any CPU
		{A5619D31-2996-4312-A7BA-0AF687445C23}.DebugVSIntegration|Mixed Platforms.Build.0 = Debug|Any CPU
		{A5619D31-2996-4312-A7BA-0AF687445C23}.DebugVSIntegration|x86.ActiveCfg = Debug|Any CPU
		{A5619D31-2996-4312-A7BA-0AF687445C23}.Release|Any CPU.ActiveCfg = Release|Any CPU
		{A5619D31-2996-4312-A7BA-0AF687445C23}.Release|Any CPU.Build.0 = Release|Any CPU
		{A5619D31-2996-4312-A7BA-0AF687445C23}.Release|Mixed Platforms.ActiveCfg = Release|Any CPU
		{A5619D31-2996-4312-A7BA-0AF687445C23}.Release|Mixed Platforms.Build.0 = Release|Any CPU
		{A5619D31-2996-4312-A7BA-0AF687445C23}.Release|x86.ActiveCfg = Release|Any CPU
		{EAE30DE8-46F0-473F-8D45-DD22D4C323DB}.Debug|Any CPU.ActiveCfg = Debug|Any CPU
		{EAE30DE8-46F0-473F-8D45-DD22D4C323DB}.Debug|Any CPU.Build.0 = Debug|Any CPU
		{EAE30DE8-46F0-473F-8D45-DD22D4C323DB}.Debug|Mixed Platforms.ActiveCfg = Debug|Any CPU
		{EAE30DE8-46F0-473F-8D45-DD22D4C323DB}.Debug|Mixed Platforms.Build.0 = Debug|Any CPU
		{EAE30DE8-46F0-473F-8D45-DD22D4C323DB}.Debug|x86.ActiveCfg = Debug|Any CPU
		{EAE30DE8-46F0-473F-8D45-DD22D4C323DB}.DebugNUnit|Any CPU.ActiveCfg = Debug|Any CPU
		{EAE30DE8-46F0-473F-8D45-DD22D4C323DB}.DebugNUnit|Any CPU.Build.0 = Debug|Any CPU
		{EAE30DE8-46F0-473F-8D45-DD22D4C323DB}.DebugNUnit|Mixed Platforms.ActiveCfg = Debug|Any CPU
		{EAE30DE8-46F0-473F-8D45-DD22D4C323DB}.DebugNUnit|Mixed Platforms.Build.0 = Debug|Any CPU
		{EAE30DE8-46F0-473F-8D45-DD22D4C323DB}.DebugNUnit|x86.ActiveCfg = Debug|Any CPU
		{EAE30DE8-46F0-473F-8D45-DD22D4C323DB}.DebugVSIntegration|Any CPU.ActiveCfg = Debug|Any CPU
		{EAE30DE8-46F0-473F-8D45-DD22D4C323DB}.DebugVSIntegration|Any CPU.Build.0 = Debug|Any CPU
		{EAE30DE8-46F0-473F-8D45-DD22D4C323DB}.DebugVSIntegration|Mixed Platforms.ActiveCfg = Debug|Any CPU
		{EAE30DE8-46F0-473F-8D45-DD22D4C323DB}.DebugVSIntegration|Mixed Platforms.Build.0 = Debug|Any CPU
		{EAE30DE8-46F0-473F-8D45-DD22D4C323DB}.DebugVSIntegration|x86.ActiveCfg = Debug|Any CPU
		{EAE30DE8-46F0-473F-8D45-DD22D4C323DB}.Release|Any CPU.ActiveCfg = Release|Any CPU
		{EAE30DE8-46F0-473F-8D45-DD22D4C323DB}.Release|Any CPU.Build.0 = Release|Any CPU
		{EAE30DE8-46F0-473F-8D45-DD22D4C323DB}.Release|Mixed Platforms.ActiveCfg = Release|Any CPU
		{EAE30DE8-46F0-473F-8D45-DD22D4C323DB}.Release|Mixed Platforms.Build.0 = Release|Any CPU
		{EAE30DE8-46F0-473F-8D45-DD22D4C323DB}.Release|x86.ActiveCfg = Release|Any CPU
		{11331540-BE27-41A8-B10C-D1C7A686E554}.Debug|Any CPU.ActiveCfg = Debug|Any CPU
		{11331540-BE27-41A8-B10C-D1C7A686E554}.Debug|Any CPU.Build.0 = Debug|Any CPU
		{11331540-BE27-41A8-B10C-D1C7A686E554}.Debug|Mixed Platforms.ActiveCfg = Debug|Any CPU
		{11331540-BE27-41A8-B10C-D1C7A686E554}.Debug|Mixed Platforms.Build.0 = Debug|Any CPU
		{11331540-BE27-41A8-B10C-D1C7A686E554}.Debug|x86.ActiveCfg = Debug|Any CPU
		{11331540-BE27-41A8-B10C-D1C7A686E554}.DebugNUnit|Any CPU.ActiveCfg = Debug|Any CPU
		{11331540-BE27-41A8-B10C-D1C7A686E554}.DebugNUnit|Any CPU.Build.0 = Debug|Any CPU
		{11331540-BE27-41A8-B10C-D1C7A686E554}.DebugNUnit|Mixed Platforms.ActiveCfg = Debug|Any CPU
		{11331540-BE27-41A8-B10C-D1C7A686E554}.DebugNUnit|Mixed Platforms.Build.0 = Debug|Any CPU
		{11331540-BE27-41A8-B10C-D1C7A686E554}.DebugNUnit|x86.ActiveCfg = Debug|Any CPU
		{11331540-BE27-41A8-B10C-D1C7A686E554}.DebugVSIntegration|Any CPU.ActiveCfg = Debug|Any CPU
		{11331540-BE27-41A8-B10C-D1C7A686E554}.DebugVSIntegration|Any CPU.Build.0 = Debug|Any CPU
		{11331540-BE27-41A8-B10C-D1C7A686E554}.DebugVSIntegration|Mixed Platforms.ActiveCfg = Debug|Any CPU
		{11331540-BE27-41A8-B10C-D1C7A686E554}.DebugVSIntegration|Mixed Platforms.Build.0 = Debug|Any CPU
		{11331540-BE27-41A8-B10C-D1C7A686E554}.DebugVSIntegration|x86.ActiveCfg = Debug|Any CPU
		{11331540-BE27-41A8-B10C-D1C7A686E554}.Release|Any CPU.ActiveCfg = Release|Any CPU
		{11331540-BE27-41A8-B10C-D1C7A686E554}.Release|Any CPU.Build.0 = Release|Any CPU
		{11331540-BE27-41A8-B10C-D1C7A686E554}.Release|Mixed Platforms.ActiveCfg = Release|Any CPU
		{11331540-BE27-41A8-B10C-D1C7A686E554}.Release|Mixed Platforms.Build.0 = Release|Any CPU
		{11331540-BE27-41A8-B10C-D1C7A686E554}.Release|x86.ActiveCfg = Release|Any CPU
		{2A0211B9-5EA6-439F-A5E7-9C16F35BDD5E}.Debug|Any CPU.ActiveCfg = Debug|Any CPU
		{2A0211B9-5EA6-439F-A5E7-9C16F35BDD5E}.Debug|Any CPU.Build.0 = Debug|Any CPU
		{2A0211B9-5EA6-439F-A5E7-9C16F35BDD5E}.Debug|Mixed Platforms.ActiveCfg = Debug|Any CPU
		{2A0211B9-5EA6-439F-A5E7-9C16F35BDD5E}.Debug|Mixed Platforms.Build.0 = Debug|Any CPU
		{2A0211B9-5EA6-439F-A5E7-9C16F35BDD5E}.Debug|x86.ActiveCfg = Debug|Any CPU
		{2A0211B9-5EA6-439F-A5E7-9C16F35BDD5E}.DebugNUnit|Any CPU.ActiveCfg = Debug|Any CPU
		{2A0211B9-5EA6-439F-A5E7-9C16F35BDD5E}.DebugNUnit|Any CPU.Build.0 = Debug|Any CPU
		{2A0211B9-5EA6-439F-A5E7-9C16F35BDD5E}.DebugNUnit|Mixed Platforms.ActiveCfg = Debug|Any CPU
		{2A0211B9-5EA6-439F-A5E7-9C16F35BDD5E}.DebugNUnit|Mixed Platforms.Build.0 = Debug|Any CPU
		{2A0211B9-5EA6-439F-A5E7-9C16F35BDD5E}.DebugNUnit|x86.ActiveCfg = Debug|Any CPU
		{2A0211B9-5EA6-439F-A5E7-9C16F35BDD5E}.DebugVSIntegration|Any CPU.ActiveCfg = Debug|Any CPU
		{2A0211B9-5EA6-439F-A5E7-9C16F35BDD5E}.DebugVSIntegration|Any CPU.Build.0 = Debug|Any CPU
		{2A0211B9-5EA6-439F-A5E7-9C16F35BDD5E}.DebugVSIntegration|Mixed Platforms.ActiveCfg = Debug|Any CPU
		{2A0211B9-5EA6-439F-A5E7-9C16F35BDD5E}.DebugVSIntegration|Mixed Platforms.Build.0 = Debug|Any CPU
		{2A0211B9-5EA6-439F-A5E7-9C16F35BDD5E}.DebugVSIntegration|x86.ActiveCfg = Debug|Any CPU
		{2A0211B9-5EA6-439F-A5E7-9C16F35BDD5E}.Release|Any CPU.ActiveCfg = Release|Any CPU
		{2A0211B9-5EA6-439F-A5E7-9C16F35BDD5E}.Release|Any CPU.Build.0 = Release|Any CPU
		{2A0211B9-5EA6-439F-A5E7-9C16F35BDD5E}.Release|Mixed Platforms.ActiveCfg = Release|Any CPU
		{2A0211B9-5EA6-439F-A5E7-9C16F35BDD5E}.Release|Mixed Platforms.Build.0 = Release|Any CPU
		{2A0211B9-5EA6-439F-A5E7-9C16F35BDD5E}.Release|x86.ActiveCfg = Release|Any CPU
		{002AEBBE-70BA-4D3F-AE41-6E49D4E11E86}.Debug|Any CPU.ActiveCfg = Debug|Any CPU
		{002AEBBE-70BA-4D3F-AE41-6E49D4E11E86}.Debug|Any CPU.Build.0 = Debug|Any CPU
		{002AEBBE-70BA-4D3F-AE41-6E49D4E11E86}.Debug|Mixed Platforms.ActiveCfg = Debug|Any CPU
		{002AEBBE-70BA-4D3F-AE41-6E49D4E11E86}.Debug|Mixed Platforms.Build.0 = Debug|Any CPU
		{002AEBBE-70BA-4D3F-AE41-6E49D4E11E86}.Debug|x86.ActiveCfg = Debug|Any CPU
		{002AEBBE-70BA-4D3F-AE41-6E49D4E11E86}.DebugNUnit|Any CPU.ActiveCfg = Debug|Any CPU
		{002AEBBE-70BA-4D3F-AE41-6E49D4E11E86}.DebugNUnit|Any CPU.Build.0 = Debug|Any CPU
		{002AEBBE-70BA-4D3F-AE41-6E49D4E11E86}.DebugNUnit|Mixed Platforms.ActiveCfg = Debug|Any CPU
		{002AEBBE-70BA-4D3F-AE41-6E49D4E11E86}.DebugNUnit|Mixed Platforms.Build.0 = Debug|Any CPU
		{002AEBBE-70BA-4D3F-AE41-6E49D4E11E86}.DebugNUnit|x86.ActiveCfg = Debug|Any CPU
		{002AEBBE-70BA-4D3F-AE41-6E49D4E11E86}.DebugVSIntegration|Any CPU.ActiveCfg = Debug|Any CPU
		{002AEBBE-70BA-4D3F-AE41-6E49D4E11E86}.DebugVSIntegration|Any CPU.Build.0 = Debug|Any CPU
		{002AEBBE-70BA-4D3F-AE41-6E49D4E11E86}.DebugVSIntegration|Mixed Platforms.ActiveCfg = Debug|Any CPU
		{002AEBBE-70BA-4D3F-AE41-6E49D4E11E86}.DebugVSIntegration|Mixed Platforms.Build.0 = Debug|Any CPU
		{002AEBBE-70BA-4D3F-AE41-6E49D4E11E86}.DebugVSIntegration|x86.ActiveCfg = Debug|Any CPU
		{002AEBBE-70BA-4D3F-AE41-6E49D4E11E86}.Release|Any CPU.ActiveCfg = Release|Any CPU
		{002AEBBE-70BA-4D3F-AE41-6E49D4E11E86}.Release|Any CPU.Build.0 = Release|Any CPU
		{002AEBBE-70BA-4D3F-AE41-6E49D4E11E86}.Release|Mixed Platforms.ActiveCfg = Release|Any CPU
		{002AEBBE-70BA-4D3F-AE41-6E49D4E11E86}.Release|Mixed Platforms.Build.0 = Release|Any CPU
		{002AEBBE-70BA-4D3F-AE41-6E49D4E11E86}.Release|x86.ActiveCfg = Release|Any CPU
		{55E29217-7071-4FA1-8810-79614584BBBB}.Debug|Any CPU.ActiveCfg = Debug|x86
		{55E29217-7071-4FA1-8810-79614584BBBB}.Debug|Mixed Platforms.ActiveCfg = Debug|x86
		{55E29217-7071-4FA1-8810-79614584BBBB}.Debug|x86.ActiveCfg = Debug|x86
		{55E29217-7071-4FA1-8810-79614584BBBB}.Debug|x86.Build.0 = Debug|x86
		{55E29217-7071-4FA1-8810-79614584BBBB}.DebugNUnit|Any CPU.ActiveCfg = DebugNUnit|x86
		{55E29217-7071-4FA1-8810-79614584BBBB}.DebugNUnit|Mixed Platforms.ActiveCfg = DebugNUnit|x86
		{55E29217-7071-4FA1-8810-79614584BBBB}.DebugNUnit|Mixed Platforms.Build.0 = DebugNUnit|x86
		{55E29217-7071-4FA1-8810-79614584BBBB}.DebugNUnit|x86.ActiveCfg = DebugNUnit|x86
		{55E29217-7071-4FA1-8810-79614584BBBB}.DebugNUnit|x86.Build.0 = DebugNUnit|x86
		{55E29217-7071-4FA1-8810-79614584BBBB}.DebugVSIntegration|Any CPU.ActiveCfg = DebugVSIntegration|x86
		{55E29217-7071-4FA1-8810-79614584BBBB}.DebugVSIntegration|Mixed Platforms.ActiveCfg = DebugVSIntegration|x86
		{55E29217-7071-4FA1-8810-79614584BBBB}.DebugVSIntegration|Mixed Platforms.Build.0 = DebugVSIntegration|x86
		{55E29217-7071-4FA1-8810-79614584BBBB}.DebugVSIntegration|x86.ActiveCfg = DebugVSIntegration|x86
		{55E29217-7071-4FA1-8810-79614584BBBB}.DebugVSIntegration|x86.Build.0 = DebugVSIntegration|x86
		{55E29217-7071-4FA1-8810-79614584BBBB}.Release|Any CPU.ActiveCfg = Release|x86
		{55E29217-7071-4FA1-8810-79614584BBBB}.Release|Mixed Platforms.ActiveCfg = Release|x86
		{55E29217-7071-4FA1-8810-79614584BBBB}.Release|Mixed Platforms.Build.0 = Release|x86
		{55E29217-7071-4FA1-8810-79614584BBBB}.Release|x86.ActiveCfg = Release|x86
		{55E29217-7071-4FA1-8810-79614584BBBB}.Release|x86.Build.0 = Release|x86
		{DBE39397-4AAC-443E-B18F-8C2FFE097E3D}.Debug|Any CPU.ActiveCfg = Debug|Any CPU
		{DBE39397-4AAC-443E-B18F-8C2FFE097E3D}.Debug|Any CPU.Build.0 = Debug|Any CPU
		{DBE39397-4AAC-443E-B18F-8C2FFE097E3D}.Debug|Mixed Platforms.ActiveCfg = Debug|Any CPU
		{DBE39397-4AAC-443E-B18F-8C2FFE097E3D}.Debug|Mixed Platforms.Build.0 = Debug|Any CPU
		{DBE39397-4AAC-443E-B18F-8C2FFE097E3D}.Debug|x86.ActiveCfg = Debug|Any CPU
		{DBE39397-4AAC-443E-B18F-8C2FFE097E3D}.DebugNUnit|Any CPU.ActiveCfg = DebugNUnit|Any CPU
		{DBE39397-4AAC-443E-B18F-8C2FFE097E3D}.DebugNUnit|Any CPU.Build.0 = DebugNUnit|Any CPU
		{DBE39397-4AAC-443E-B18F-8C2FFE097E3D}.DebugNUnit|Mixed Platforms.ActiveCfg = DebugNUnit|Any CPU
		{DBE39397-4AAC-443E-B18F-8C2FFE097E3D}.DebugNUnit|Mixed Platforms.Build.0 = DebugNUnit|Any CPU
		{DBE39397-4AAC-443E-B18F-8C2FFE097E3D}.DebugNUnit|x86.ActiveCfg = DebugNUnit|Any CPU
		{DBE39397-4AAC-443E-B18F-8C2FFE097E3D}.DebugVSIntegration|Any CPU.ActiveCfg = DebugVSIntegration|Any CPU
		{DBE39397-4AAC-443E-B18F-8C2FFE097E3D}.DebugVSIntegration|Any CPU.Build.0 = DebugVSIntegration|Any CPU
		{DBE39397-4AAC-443E-B18F-8C2FFE097E3D}.DebugVSIntegration|Mixed Platforms.ActiveCfg = DebugVSIntegration|Any CPU
		{DBE39397-4AAC-443E-B18F-8C2FFE097E3D}.DebugVSIntegration|Mixed Platforms.Build.0 = DebugVSIntegration|Any CPU
		{DBE39397-4AAC-443E-B18F-8C2FFE097E3D}.DebugVSIntegration|x86.ActiveCfg = DebugVSIntegration|Any CPU
		{DBE39397-4AAC-443E-B18F-8C2FFE097E3D}.Release|Any CPU.ActiveCfg = Release|Any CPU
		{DBE39397-4AAC-443E-B18F-8C2FFE097E3D}.Release|Any CPU.Build.0 = Release|Any CPU
		{DBE39397-4AAC-443E-B18F-8C2FFE097E3D}.Release|Mixed Platforms.ActiveCfg = Release|Any CPU
		{DBE39397-4AAC-443E-B18F-8C2FFE097E3D}.Release|Mixed Platforms.Build.0 = Release|Any CPU
		{DBE39397-4AAC-443E-B18F-8C2FFE097E3D}.Release|x86.ActiveCfg = Release|Any CPU
		{D5CBF671-B1EF-442F-80CD-0606EE8C44D8}.Debug|Any CPU.ActiveCfg = Debug|Any CPU
		{D5CBF671-B1EF-442F-80CD-0606EE8C44D8}.Debug|Any CPU.Build.0 = Debug|Any CPU
		{D5CBF671-B1EF-442F-80CD-0606EE8C44D8}.Debug|Mixed Platforms.ActiveCfg = Debug|Any CPU
		{D5CBF671-B1EF-442F-80CD-0606EE8C44D8}.Debug|Mixed Platforms.Build.0 = Debug|Any CPU
		{D5CBF671-B1EF-442F-80CD-0606EE8C44D8}.Debug|x86.ActiveCfg = Debug|Any CPU
		{D5CBF671-B1EF-442F-80CD-0606EE8C44D8}.DebugNUnit|Any CPU.ActiveCfg = DebugNUnit|Any CPU
		{D5CBF671-B1EF-442F-80CD-0606EE8C44D8}.DebugNUnit|Any CPU.Build.0 = DebugNUnit|Any CPU
		{D5CBF671-B1EF-442F-80CD-0606EE8C44D8}.DebugNUnit|Mixed Platforms.ActiveCfg = DebugNUnit|Any CPU
		{D5CBF671-B1EF-442F-80CD-0606EE8C44D8}.DebugNUnit|Mixed Platforms.Build.0 = DebugNUnit|Any CPU
		{D5CBF671-B1EF-442F-80CD-0606EE8C44D8}.DebugNUnit|x86.ActiveCfg = DebugNUnit|Any CPU
		{D5CBF671-B1EF-442F-80CD-0606EE8C44D8}.DebugVSIntegration|Any CPU.ActiveCfg = DebugVSIntegration|Any CPU
		{D5CBF671-B1EF-442F-80CD-0606EE8C44D8}.DebugVSIntegration|Any CPU.Build.0 = DebugVSIntegration|Any CPU
		{D5CBF671-B1EF-442F-80CD-0606EE8C44D8}.DebugVSIntegration|Mixed Platforms.ActiveCfg = DebugVSIntegration|Any CPU
		{D5CBF671-B1EF-442F-80CD-0606EE8C44D8}.DebugVSIntegration|Mixed Platforms.Build.0 = DebugVSIntegration|Any CPU
		{D5CBF671-B1EF-442F-80CD-0606EE8C44D8}.DebugVSIntegration|x86.ActiveCfg = DebugVSIntegration|Any CPU
		{D5CBF671-B1EF-442F-80CD-0606EE8C44D8}.Release|Any CPU.ActiveCfg = Release|Any CPU
		{D5CBF671-B1EF-442F-80CD-0606EE8C44D8}.Release|Any CPU.Build.0 = Release|Any CPU
		{D5CBF671-B1EF-442F-80CD-0606EE8C44D8}.Release|Mixed Platforms.ActiveCfg = Release|Any CPU
		{D5CBF671-B1EF-442F-80CD-0606EE8C44D8}.Release|Mixed Platforms.Build.0 = Release|Any CPU
		{D5CBF671-B1EF-442F-80CD-0606EE8C44D8}.Release|x86.ActiveCfg = Release|Any CPU
		{7A30904D-40C9-408D-813E-12E16C488EAA}.Debug|Any CPU.ActiveCfg = Debug|Any CPU
		{7A30904D-40C9-408D-813E-12E16C488EAA}.Debug|Any CPU.Build.0 = Debug|Any CPU
		{7A30904D-40C9-408D-813E-12E16C488EAA}.Debug|Mixed Platforms.ActiveCfg = Debug|Any CPU
		{7A30904D-40C9-408D-813E-12E16C488EAA}.Debug|Mixed Platforms.Build.0 = Debug|Any CPU
		{7A30904D-40C9-408D-813E-12E16C488EAA}.Debug|x86.ActiveCfg = Debug|Any CPU
		{7A30904D-40C9-408D-813E-12E16C488EAA}.DebugNUnit|Any CPU.ActiveCfg = DebugNUnit|Any CPU
		{7A30904D-40C9-408D-813E-12E16C488EAA}.DebugNUnit|Any CPU.Build.0 = DebugNUnit|Any CPU
		{7A30904D-40C9-408D-813E-12E16C488EAA}.DebugNUnit|Mixed Platforms.ActiveCfg = DebugNUnit|Any CPU
		{7A30904D-40C9-408D-813E-12E16C488EAA}.DebugNUnit|Mixed Platforms.Build.0 = DebugNUnit|Any CPU
		{7A30904D-40C9-408D-813E-12E16C488EAA}.DebugNUnit|x86.ActiveCfg = DebugNUnit|Any CPU
		{7A30904D-40C9-408D-813E-12E16C488EAA}.DebugVSIntegration|Any CPU.ActiveCfg = DebugVSIntegration|Any CPU
		{7A30904D-40C9-408D-813E-12E16C488EAA}.DebugVSIntegration|Any CPU.Build.0 = DebugVSIntegration|Any CPU
		{7A30904D-40C9-408D-813E-12E16C488EAA}.DebugVSIntegration|Mixed Platforms.ActiveCfg = DebugVSIntegration|Any CPU
		{7A30904D-40C9-408D-813E-12E16C488EAA}.DebugVSIntegration|Mixed Platforms.Build.0 = DebugVSIntegration|Any CPU
		{7A30904D-40C9-408D-813E-12E16C488EAA}.DebugVSIntegration|x86.ActiveCfg = DebugVSIntegration|Any CPU
		{7A30904D-40C9-408D-813E-12E16C488EAA}.Release|Any CPU.ActiveCfg = Release|Any CPU
		{7A30904D-40C9-408D-813E-12E16C488EAA}.Release|Any CPU.Build.0 = Release|Any CPU
		{7A30904D-40C9-408D-813E-12E16C488EAA}.Release|Mixed Platforms.ActiveCfg = Release|Any CPU
		{7A30904D-40C9-408D-813E-12E16C488EAA}.Release|Mixed Platforms.Build.0 = Release|Any CPU
		{7A30904D-40C9-408D-813E-12E16C488EAA}.Release|x86.ActiveCfg = Release|Any CPU
		{40B1F906-58AC-42AD-837C-3F31B289659C}.Debug|Any CPU.ActiveCfg = Debug|Any CPU
		{40B1F906-58AC-42AD-837C-3F31B289659C}.Debug|Any CPU.Build.0 = Debug|Any CPU
		{40B1F906-58AC-42AD-837C-3F31B289659C}.Debug|Mixed Platforms.ActiveCfg = Debug|Any CPU
		{40B1F906-58AC-42AD-837C-3F31B289659C}.Debug|Mixed Platforms.Build.0 = Debug|Any CPU
		{40B1F906-58AC-42AD-837C-3F31B289659C}.Debug|x86.ActiveCfg = Debug|Any CPU
		{40B1F906-58AC-42AD-837C-3F31B289659C}.DebugNUnit|Any CPU.ActiveCfg = Debug|Any CPU
		{40B1F906-58AC-42AD-837C-3F31B289659C}.DebugNUnit|Any CPU.Build.0 = Debug|Any CPU
		{40B1F906-58AC-42AD-837C-3F31B289659C}.DebugNUnit|Mixed Platforms.ActiveCfg = Debug|Any CPU
		{40B1F906-58AC-42AD-837C-3F31B289659C}.DebugNUnit|Mixed Platforms.Build.0 = Debug|Any CPU
		{40B1F906-58AC-42AD-837C-3F31B289659C}.DebugNUnit|x86.ActiveCfg = Debug|Any CPU
		{40B1F906-58AC-42AD-837C-3F31B289659C}.DebugVSIntegration|Any CPU.ActiveCfg = Debug|Any CPU
		{40B1F906-58AC-42AD-837C-3F31B289659C}.DebugVSIntegration|Any CPU.Build.0 = Debug|Any CPU
		{40B1F906-58AC-42AD-837C-3F31B289659C}.DebugVSIntegration|Mixed Platforms.ActiveCfg = Debug|Any CPU
		{40B1F906-58AC-42AD-837C-3F31B289659C}.DebugVSIntegration|Mixed Platforms.Build.0 = Debug|Any CPU
		{40B1F906-58AC-42AD-837C-3F31B289659C}.DebugVSIntegration|x86.ActiveCfg = Debug|Any CPU
		{40B1F906-58AC-42AD-837C-3F31B289659C}.Release|Any CPU.ActiveCfg = Release|Any CPU
		{40B1F906-58AC-42AD-837C-3F31B289659C}.Release|Any CPU.Build.0 = Release|Any CPU
		{40B1F906-58AC-42AD-837C-3F31B289659C}.Release|Mixed Platforms.ActiveCfg = Release|Any CPU
		{40B1F906-58AC-42AD-837C-3F31B289659C}.Release|Mixed Platforms.Build.0 = Release|Any CPU
		{40B1F906-58AC-42AD-837C-3F31B289659C}.Release|x86.ActiveCfg = Release|Any CPU
		{12970BDF-D7FE-4206-A988-1940B7B9A93B}.Debug|Any CPU.ActiveCfg = Debug|x86
		{12970BDF-D7FE-4206-A988-1940B7B9A93B}.Debug|Mixed Platforms.ActiveCfg = Debug|x86
		{12970BDF-D7FE-4206-A988-1940B7B9A93B}.Debug|Mixed Platforms.Build.0 = Debug|x86
		{12970BDF-D7FE-4206-A988-1940B7B9A93B}.Debug|x86.ActiveCfg = Debug|x86
		{12970BDF-D7FE-4206-A988-1940B7B9A93B}.Debug|x86.Build.0 = Debug|x86
		{12970BDF-D7FE-4206-A988-1940B7B9A93B}.DebugNUnit|Any CPU.ActiveCfg = Debug|x86
		{12970BDF-D7FE-4206-A988-1940B7B9A93B}.DebugNUnit|Mixed Platforms.ActiveCfg = Debug|x86
		{12970BDF-D7FE-4206-A988-1940B7B9A93B}.DebugNUnit|Mixed Platforms.Build.0 = Debug|x86
		{12970BDF-D7FE-4206-A988-1940B7B9A93B}.DebugNUnit|x86.ActiveCfg = Debug|x86
		{12970BDF-D7FE-4206-A988-1940B7B9A93B}.DebugNUnit|x86.Build.0 = Debug|x86
		{12970BDF-D7FE-4206-A988-1940B7B9A93B}.DebugVSIntegration|Any CPU.ActiveCfg = Debug|x86
		{12970BDF-D7FE-4206-A988-1940B7B9A93B}.DebugVSIntegration|Mixed Platforms.ActiveCfg = Debug|x86
		{12970BDF-D7FE-4206-A988-1940B7B9A93B}.DebugVSIntegration|Mixed Platforms.Build.0 = Debug|x86
		{12970BDF-D7FE-4206-A988-1940B7B9A93B}.DebugVSIntegration|x86.ActiveCfg = Debug|x86
		{12970BDF-D7FE-4206-A988-1940B7B9A93B}.DebugVSIntegration|x86.Build.0 = Debug|x86
		{12970BDF-D7FE-4206-A988-1940B7B9A93B}.Release|Any CPU.ActiveCfg = Release|x86
		{12970BDF-D7FE-4206-A988-1940B7B9A93B}.Release|Mixed Platforms.ActiveCfg = Release|x86
		{12970BDF-D7FE-4206-A988-1940B7B9A93B}.Release|Mixed Platforms.Build.0 = Release|x86
		{12970BDF-D7FE-4206-A988-1940B7B9A93B}.Release|x86.ActiveCfg = Release|x86
		{12970BDF-D7FE-4206-A988-1940B7B9A93B}.Release|x86.Build.0 = Release|x86
		{4684F559-E4BA-466E-8EED-962987B34363}.Debug|Any CPU.ActiveCfg = Debug|Any CPU
		{4684F559-E4BA-466E-8EED-962987B34363}.Debug|Any CPU.Build.0 = Debug|Any CPU
		{4684F559-E4BA-466E-8EED-962987B34363}.Debug|Mixed Platforms.ActiveCfg = Debug|Any CPU
		{4684F559-E4BA-466E-8EED-962987B34363}.Debug|Mixed Platforms.Build.0 = Debug|Any CPU
		{4684F559-E4BA-466E-8EED-962987B34363}.Debug|x86.ActiveCfg = Debug|Any CPU
		{4684F559-E4BA-466E-8EED-962987B34363}.DebugNUnit|Any CPU.ActiveCfg = Debug|Any CPU
		{4684F559-E4BA-466E-8EED-962987B34363}.DebugNUnit|Any CPU.Build.0 = Debug|Any CPU
		{4684F559-E4BA-466E-8EED-962987B34363}.DebugNUnit|Mixed Platforms.ActiveCfg = Debug|Any CPU
		{4684F559-E4BA-466E-8EED-962987B34363}.DebugNUnit|Mixed Platforms.Build.0 = Debug|Any CPU
		{4684F559-E4BA-466E-8EED-962987B34363}.DebugNUnit|x86.ActiveCfg = Debug|Any CPU
		{4684F559-E4BA-466E-8EED-962987B34363}.DebugVSIntegration|Any CPU.ActiveCfg = Debug|Any CPU
		{4684F559-E4BA-466E-8EED-962987B34363}.DebugVSIntegration|Any CPU.Build.0 = Debug|Any CPU
		{4684F559-E4BA-466E-8EED-962987B34363}.DebugVSIntegration|Mixed Platforms.ActiveCfg = Debug|Any CPU
		{4684F559-E4BA-466E-8EED-962987B34363}.DebugVSIntegration|Mixed Platforms.Build.0 = Debug|Any CPU
		{4684F559-E4BA-466E-8EED-962987B34363}.DebugVSIntegration|x86.ActiveCfg = Debug|Any CPU
		{4684F559-E4BA-466E-8EED-962987B34363}.Release|Any CPU.ActiveCfg = Release|Any CPU
		{4684F559-E4BA-466E-8EED-962987B34363}.Release|Any CPU.Build.0 = Release|Any CPU
		{4684F559-E4BA-466E-8EED-962987B34363}.Release|Mixed Platforms.ActiveCfg = Release|Any CPU
		{4684F559-E4BA-466E-8EED-962987B34363}.Release|Mixed Platforms.Build.0 = Release|Any CPU
		{4684F559-E4BA-466E-8EED-962987B34363}.Release|x86.ActiveCfg = Release|Any CPU
		{1FEAFB7D-1173-4B2D-ABB1-B546941053AB}.Debug|Any CPU.ActiveCfg = Debug|Any CPU
		{1FEAFB7D-1173-4B2D-ABB1-B546941053AB}.Debug|Any CPU.Build.0 = Debug|Any CPU
		{1FEAFB7D-1173-4B2D-ABB1-B546941053AB}.Debug|Mixed Platforms.ActiveCfg = Debug|Any CPU
		{1FEAFB7D-1173-4B2D-ABB1-B546941053AB}.Debug|Mixed Platforms.Build.0 = Debug|Any CPU
		{1FEAFB7D-1173-4B2D-ABB1-B546941053AB}.Debug|x86.ActiveCfg = Debug|Any CPU
		{1FEAFB7D-1173-4B2D-ABB1-B546941053AB}.DebugNUnit|Any CPU.ActiveCfg = Debug|Any CPU
		{1FEAFB7D-1173-4B2D-ABB1-B546941053AB}.DebugNUnit|Any CPU.Build.0 = Debug|Any CPU
		{1FEAFB7D-1173-4B2D-ABB1-B546941053AB}.DebugNUnit|Mixed Platforms.ActiveCfg = Debug|Any CPU
		{1FEAFB7D-1173-4B2D-ABB1-B546941053AB}.DebugNUnit|Mixed Platforms.Build.0 = Debug|Any CPU
		{1FEAFB7D-1173-4B2D-ABB1-B546941053AB}.DebugNUnit|x86.ActiveCfg = Debug|Any CPU
		{1FEAFB7D-1173-4B2D-ABB1-B546941053AB}.DebugVSIntegration|Any CPU.ActiveCfg = Debug|Any CPU
		{1FEAFB7D-1173-4B2D-ABB1-B546941053AB}.DebugVSIntegration|Any CPU.Build.0 = Debug|Any CPU
		{1FEAFB7D-1173-4B2D-ABB1-B546941053AB}.DebugVSIntegration|Mixed Platforms.ActiveCfg = Debug|Any CPU
		{1FEAFB7D-1173-4B2D-ABB1-B546941053AB}.DebugVSIntegration|Mixed Platforms.Build.0 = Debug|Any CPU
		{1FEAFB7D-1173-4B2D-ABB1-B546941053AB}.DebugVSIntegration|x86.ActiveCfg = Debug|Any CPU
		{1FEAFB7D-1173-4B2D-ABB1-B546941053AB}.Release|Any CPU.ActiveCfg = Release|Any CPU
		{1FEAFB7D-1173-4B2D-ABB1-B546941053AB}.Release|Any CPU.Build.0 = Release|Any CPU
		{1FEAFB7D-1173-4B2D-ABB1-B546941053AB}.Release|Mixed Platforms.ActiveCfg = Release|Any CPU
		{1FEAFB7D-1173-4B2D-ABB1-B546941053AB}.Release|Mixed Platforms.Build.0 = Release|Any CPU
		{1FEAFB7D-1173-4B2D-ABB1-B546941053AB}.Release|x86.ActiveCfg = Release|Any CPU
		{125370E1-A7FB-4458-A2AC-CA7C044FC944}.Debug|Any CPU.ActiveCfg = Debug|Any CPU
		{125370E1-A7FB-4458-A2AC-CA7C044FC944}.Debug|Any CPU.Build.0 = Debug|Any CPU
		{125370E1-A7FB-4458-A2AC-CA7C044FC944}.Debug|Mixed Platforms.ActiveCfg = Debug|Any CPU
		{125370E1-A7FB-4458-A2AC-CA7C044FC944}.Debug|Mixed Platforms.Build.0 = Debug|Any CPU
		{125370E1-A7FB-4458-A2AC-CA7C044FC944}.Debug|x86.ActiveCfg = Debug|Any CPU
		{125370E1-A7FB-4458-A2AC-CA7C044FC944}.DebugNUnit|Any CPU.ActiveCfg = Debug|Any CPU
		{125370E1-A7FB-4458-A2AC-CA7C044FC944}.DebugNUnit|Any CPU.Build.0 = Debug|Any CPU
		{125370E1-A7FB-4458-A2AC-CA7C044FC944}.DebugNUnit|Mixed Platforms.ActiveCfg = Debug|Any CPU
		{125370E1-A7FB-4458-A2AC-CA7C044FC944}.DebugNUnit|Mixed Platforms.Build.0 = Debug|Any CPU
		{125370E1-A7FB-4458-A2AC-CA7C044FC944}.DebugNUnit|x86.ActiveCfg = Debug|Any CPU
		{125370E1-A7FB-4458-A2AC-CA7C044FC944}.DebugVSIntegration|Any CPU.ActiveCfg = Debug|Any CPU
		{125370E1-A7FB-4458-A2AC-CA7C044FC944}.DebugVSIntegration|Any CPU.Build.0 = Debug|Any CPU
		{125370E1-A7FB-4458-A2AC-CA7C044FC944}.DebugVSIntegration|Mixed Platforms.ActiveCfg = Debug|Any CPU
		{125370E1-A7FB-4458-A2AC-CA7C044FC944}.DebugVSIntegration|Mixed Platforms.Build.0 = Debug|Any CPU
		{125370E1-A7FB-4458-A2AC-CA7C044FC944}.DebugVSIntegration|x86.ActiveCfg = Debug|Any CPU
		{125370E1-A7FB-4458-A2AC-CA7C044FC944}.Release|Any CPU.ActiveCfg = Release|Any CPU
		{125370E1-A7FB-4458-A2AC-CA7C044FC944}.Release|Any CPU.Build.0 = Release|Any CPU
		{125370E1-A7FB-4458-A2AC-CA7C044FC944}.Release|Mixed Platforms.ActiveCfg = Release|Any CPU
		{125370E1-A7FB-4458-A2AC-CA7C044FC944}.Release|Mixed Platforms.Build.0 = Release|Any CPU
		{125370E1-A7FB-4458-A2AC-CA7C044FC944}.Release|x86.ActiveCfg = Release|Any CPU
		{D518CE08-B54C-4727-B307-E1EEE3D54EB7}.Debug|Any CPU.ActiveCfg = Debug|Any CPU
		{D518CE08-B54C-4727-B307-E1EEE3D54EB7}.Debug|Any CPU.Build.0 = Debug|Any CPU
		{D518CE08-B54C-4727-B307-E1EEE3D54EB7}.Debug|Mixed Platforms.ActiveCfg = Debug|Any CPU
		{D518CE08-B54C-4727-B307-E1EEE3D54EB7}.Debug|Mixed Platforms.Build.0 = Debug|Any CPU
		{D518CE08-B54C-4727-B307-E1EEE3D54EB7}.Debug|x86.ActiveCfg = Debug|Any CPU
		{D518CE08-B54C-4727-B307-E1EEE3D54EB7}.DebugNUnit|Any CPU.ActiveCfg = Debug|Any CPU
		{D518CE08-B54C-4727-B307-E1EEE3D54EB7}.DebugNUnit|Any CPU.Build.0 = Debug|Any CPU
		{D518CE08-B54C-4727-B307-E1EEE3D54EB7}.DebugNUnit|Mixed Platforms.ActiveCfg = Debug|Any CPU
		{D518CE08-B54C-4727-B307-E1EEE3D54EB7}.DebugNUnit|Mixed Platforms.Build.0 = Debug|Any CPU
		{D518CE08-B54C-4727-B307-E1EEE3D54EB7}.DebugNUnit|x86.ActiveCfg = Debug|Any CPU
		{D518CE08-B54C-4727-B307-E1EEE3D54EB7}.DebugVSIntegration|Any CPU.ActiveCfg = Debug|Any CPU
		{D518CE08-B54C-4727-B307-E1EEE3D54EB7}.DebugVSIntegration|Any CPU.Build.0 = Debug|Any CPU
		{D518CE08-B54C-4727-B307-E1EEE3D54EB7}.DebugVSIntegration|Mixed Platforms.ActiveCfg = Debug|Any CPU
		{D518CE08-B54C-4727-B307-E1EEE3D54EB7}.DebugVSIntegration|Mixed Platforms.Build.0 = Debug|Any CPU
		{D518CE08-B54C-4727-B307-E1EEE3D54EB7}.DebugVSIntegration|x86.ActiveCfg = Debug|Any CPU
		{D518CE08-B54C-4727-B307-E1EEE3D54EB7}.Release|Any CPU.ActiveCfg = Release|Any CPU
		{D518CE08-B54C-4727-B307-E1EEE3D54EB7}.Release|Any CPU.Build.0 = Release|Any CPU
		{D518CE08-B54C-4727-B307-E1EEE3D54EB7}.Release|Mixed Platforms.ActiveCfg = Release|Any CPU
		{D518CE08-B54C-4727-B307-E1EEE3D54EB7}.Release|Mixed Platforms.Build.0 = Release|Any CPU
		{D518CE08-B54C-4727-B307-E1EEE3D54EB7}.Release|x86.ActiveCfg = Release|Any CPU
		{8FFA9599-9D70-4C45-AD9A-E803D6322753}.Debug|Any CPU.ActiveCfg = Debug|Any CPU
		{8FFA9599-9D70-4C45-AD9A-E803D6322753}.Debug|Any CPU.Build.0 = Debug|Any CPU
		{8FFA9599-9D70-4C45-AD9A-E803D6322753}.Debug|Mixed Platforms.ActiveCfg = Debug|Any CPU
		{8FFA9599-9D70-4C45-AD9A-E803D6322753}.Debug|Mixed Platforms.Build.0 = Debug|Any CPU
		{8FFA9599-9D70-4C45-AD9A-E803D6322753}.Debug|x86.ActiveCfg = Debug|Any CPU
		{8FFA9599-9D70-4C45-AD9A-E803D6322753}.DebugNUnit|Any CPU.ActiveCfg = Debug|Any CPU
		{8FFA9599-9D70-4C45-AD9A-E803D6322753}.DebugNUnit|Any CPU.Build.0 = Debug|Any CPU
		{8FFA9599-9D70-4C45-AD9A-E803D6322753}.DebugNUnit|Mixed Platforms.ActiveCfg = Debug|Any CPU
		{8FFA9599-9D70-4C45-AD9A-E803D6322753}.DebugNUnit|Mixed Platforms.Build.0 = Debug|Any CPU
		{8FFA9599-9D70-4C45-AD9A-E803D6322753}.DebugNUnit|x86.ActiveCfg = Debug|Any CPU
		{8FFA9599-9D70-4C45-AD9A-E803D6322753}.DebugVSIntegration|Any CPU.ActiveCfg = Debug|Any CPU
		{8FFA9599-9D70-4C45-AD9A-E803D6322753}.DebugVSIntegration|Any CPU.Build.0 = Debug|Any CPU
		{8FFA9599-9D70-4C45-AD9A-E803D6322753}.DebugVSIntegration|Mixed Platforms.ActiveCfg = Debug|Any CPU
		{8FFA9599-9D70-4C45-AD9A-E803D6322753}.DebugVSIntegration|Mixed Platforms.Build.0 = Debug|Any CPU
		{8FFA9599-9D70-4C45-AD9A-E803D6322753}.DebugVSIntegration|x86.ActiveCfg = Debug|Any CPU
		{8FFA9599-9D70-4C45-AD9A-E803D6322753}.Release|Any CPU.ActiveCfg = Release|Any CPU
		{8FFA9599-9D70-4C45-AD9A-E803D6322753}.Release|Any CPU.Build.0 = Release|Any CPU
		{8FFA9599-9D70-4C45-AD9A-E803D6322753}.Release|Mixed Platforms.ActiveCfg = Release|Any CPU
		{8FFA9599-9D70-4C45-AD9A-E803D6322753}.Release|Mixed Platforms.Build.0 = Release|Any CPU
		{8FFA9599-9D70-4C45-AD9A-E803D6322753}.Release|x86.ActiveCfg = Release|Any CPU
		{75ACE89F-E583-4A5B-94F8-218C764B4EF9}.Debug|Any CPU.ActiveCfg = Debug|Any CPU
		{75ACE89F-E583-4A5B-94F8-218C764B4EF9}.Debug|Any CPU.Build.0 = Debug|Any CPU
		{75ACE89F-E583-4A5B-94F8-218C764B4EF9}.Debug|Mixed Platforms.ActiveCfg = Debug|Any CPU
		{75ACE89F-E583-4A5B-94F8-218C764B4EF9}.Debug|Mixed Platforms.Build.0 = Debug|Any CPU
		{75ACE89F-E583-4A5B-94F8-218C764B4EF9}.Debug|x86.ActiveCfg = Debug|Any CPU
		{75ACE89F-E583-4A5B-94F8-218C764B4EF9}.DebugNUnit|Any CPU.ActiveCfg = Debug|Any CPU
		{75ACE89F-E583-4A5B-94F8-218C764B4EF9}.DebugNUnit|Any CPU.Build.0 = Debug|Any CPU
		{75ACE89F-E583-4A5B-94F8-218C764B4EF9}.DebugNUnit|Mixed Platforms.ActiveCfg = Debug|Any CPU
		{75ACE89F-E583-4A5B-94F8-218C764B4EF9}.DebugNUnit|Mixed Platforms.Build.0 = Debug|Any CPU
		{75ACE89F-E583-4A5B-94F8-218C764B4EF9}.DebugNUnit|x86.ActiveCfg = Debug|Any CPU
		{75ACE89F-E583-4A5B-94F8-218C764B4EF9}.DebugVSIntegration|Any CPU.ActiveCfg = Debug|Any CPU
		{75ACE89F-E583-4A5B-94F8-218C764B4EF9}.DebugVSIntegration|Any CPU.Build.0 = Debug|Any CPU
		{75ACE89F-E583-4A5B-94F8-218C764B4EF9}.DebugVSIntegration|Mixed Platforms.ActiveCfg = Debug|Any CPU
		{75ACE89F-E583-4A5B-94F8-218C764B4EF9}.DebugVSIntegration|Mixed Platforms.Build.0 = Debug|Any CPU
		{75ACE89F-E583-4A5B-94F8-218C764B4EF9}.DebugVSIntegration|x86.ActiveCfg = Debug|Any CPU
		{75ACE89F-E583-4A5B-94F8-218C764B4EF9}.Release|Any CPU.ActiveCfg = Release|Any CPU
		{75ACE89F-E583-4A5B-94F8-218C764B4EF9}.Release|Any CPU.Build.0 = Release|Any CPU
		{75ACE89F-E583-4A5B-94F8-218C764B4EF9}.Release|Mixed Platforms.ActiveCfg = Release|Any CPU
		{75ACE89F-E583-4A5B-94F8-218C764B4EF9}.Release|Mixed Platforms.Build.0 = Release|Any CPU
		{75ACE89F-E583-4A5B-94F8-218C764B4EF9}.Release|x86.ActiveCfg = Release|Any CPU
		{E3F2BDF7-7AC5-4C89-A01E-10D269EB0B1C}.Debug|Any CPU.ActiveCfg = Debug|Any CPU
		{E3F2BDF7-7AC5-4C89-A01E-10D269EB0B1C}.Debug|Any CPU.Build.0 = Debug|Any CPU
		{E3F2BDF7-7AC5-4C89-A01E-10D269EB0B1C}.Debug|Mixed Platforms.ActiveCfg = Debug|Any CPU
		{E3F2BDF7-7AC5-4C89-A01E-10D269EB0B1C}.Debug|Mixed Platforms.Build.0 = Debug|Any CPU
		{E3F2BDF7-7AC5-4C89-A01E-10D269EB0B1C}.Debug|x86.ActiveCfg = Debug|Any CPU
		{E3F2BDF7-7AC5-4C89-A01E-10D269EB0B1C}.DebugNUnit|Any CPU.ActiveCfg = Debug|Any CPU
		{E3F2BDF7-7AC5-4C89-A01E-10D269EB0B1C}.DebugNUnit|Any CPU.Build.0 = Debug|Any CPU
		{E3F2BDF7-7AC5-4C89-A01E-10D269EB0B1C}.DebugNUnit|Mixed Platforms.ActiveCfg = Debug|Any CPU
		{E3F2BDF7-7AC5-4C89-A01E-10D269EB0B1C}.DebugNUnit|Mixed Platforms.Build.0 = Debug|Any CPU
		{E3F2BDF7-7AC5-4C89-A01E-10D269EB0B1C}.DebugNUnit|x86.ActiveCfg = Debug|Any CPU
		{E3F2BDF7-7AC5-4C89-A01E-10D269EB0B1C}.DebugVSIntegration|Any CPU.ActiveCfg = Debug|Any CPU
		{E3F2BDF7-7AC5-4C89-A01E-10D269EB0B1C}.DebugVSIntegration|Any CPU.Build.0 = Debug|Any CPU
		{E3F2BDF7-7AC5-4C89-A01E-10D269EB0B1C}.DebugVSIntegration|Mixed Platforms.ActiveCfg = Debug|Any CPU
		{E3F2BDF7-7AC5-4C89-A01E-10D269EB0B1C}.DebugVSIntegration|Mixed Platforms.Build.0 = Debug|Any CPU
		{E3F2BDF7-7AC5-4C89-A01E-10D269EB0B1C}.DebugVSIntegration|x86.ActiveCfg = Debug|Any CPU
		{E3F2BDF7-7AC5-4C89-A01E-10D269EB0B1C}.Release|Any CPU.ActiveCfg = Release|Any CPU
		{E3F2BDF7-7AC5-4C89-A01E-10D269EB0B1C}.Release|Any CPU.Build.0 = Release|Any CPU
		{E3F2BDF7-7AC5-4C89-A01E-10D269EB0B1C}.Release|Mixed Platforms.ActiveCfg = Release|Any CPU
		{E3F2BDF7-7AC5-4C89-A01E-10D269EB0B1C}.Release|Mixed Platforms.Build.0 = Release|Any CPU
		{E3F2BDF7-7AC5-4C89-A01E-10D269EB0B1C}.Release|x86.ActiveCfg = Release|Any CPU
		{8E92B6F7-3D6E-4B01-B465-7B600E4E2FF9}.Debug|Any CPU.ActiveCfg = Debug|Any CPU
		{8E92B6F7-3D6E-4B01-B465-7B600E4E2FF9}.Debug|Any CPU.Build.0 = Debug|Any CPU
		{8E92B6F7-3D6E-4B01-B465-7B600E4E2FF9}.Debug|Mixed Platforms.ActiveCfg = Debug|Any CPU
		{8E92B6F7-3D6E-4B01-B465-7B600E4E2FF9}.Debug|Mixed Platforms.Build.0 = Debug|Any CPU
		{8E92B6F7-3D6E-4B01-B465-7B600E4E2FF9}.Debug|x86.ActiveCfg = Debug|Any CPU
		{8E92B6F7-3D6E-4B01-B465-7B600E4E2FF9}.DebugNUnit|Any CPU.ActiveCfg = Debug|Any CPU
		{8E92B6F7-3D6E-4B01-B465-7B600E4E2FF9}.DebugNUnit|Any CPU.Build.0 = Debug|Any CPU
		{8E92B6F7-3D6E-4B01-B465-7B600E4E2FF9}.DebugNUnit|Mixed Platforms.ActiveCfg = Debug|Any CPU
		{8E92B6F7-3D6E-4B01-B465-7B600E4E2FF9}.DebugNUnit|Mixed Platforms.Build.0 = Debug|Any CPU
		{8E92B6F7-3D6E-4B01-B465-7B600E4E2FF9}.DebugNUnit|x86.ActiveCfg = Debug|Any CPU
		{8E92B6F7-3D6E-4B01-B465-7B600E4E2FF9}.DebugVSIntegration|Any CPU.ActiveCfg = Debug|Any CPU
		{8E92B6F7-3D6E-4B01-B465-7B600E4E2FF9}.DebugVSIntegration|Any CPU.Build.0 = Debug|Any CPU
		{8E92B6F7-3D6E-4B01-B465-7B600E4E2FF9}.DebugVSIntegration|Mixed Platforms.ActiveCfg = Debug|Any CPU
		{8E92B6F7-3D6E-4B01-B465-7B600E4E2FF9}.DebugVSIntegration|Mixed Platforms.Build.0 = Debug|Any CPU
		{8E92B6F7-3D6E-4B01-B465-7B600E4E2FF9}.DebugVSIntegration|x86.ActiveCfg = Debug|Any CPU
		{8E92B6F7-3D6E-4B01-B465-7B600E4E2FF9}.Release|Any CPU.ActiveCfg = Release|Any CPU
		{8E92B6F7-3D6E-4B01-B465-7B600E4E2FF9}.Release|Any CPU.Build.0 = Release|Any CPU
		{8E92B6F7-3D6E-4B01-B465-7B600E4E2FF9}.Release|Mixed Platforms.ActiveCfg = Release|Any CPU
		{8E92B6F7-3D6E-4B01-B465-7B600E4E2FF9}.Release|Mixed Platforms.Build.0 = Release|Any CPU
		{8E92B6F7-3D6E-4B01-B465-7B600E4E2FF9}.Release|x86.ActiveCfg = Release|Any CPU
	EndGlobalSection
	GlobalSection(SolutionProperties) = preSolution
		HideSolutionNode = FALSE
	EndGlobalSection
	GlobalSection(NestedProjects) = preSolution
		{D8F63DFF-5230-43E4-9AB2-DA6E721A1FAE} = {37EFCE76-0C25-4760-90C9-CCB69ABA61C5}
		{187D6F5F-8A84-4527-B63B-5037CD93E1E6} = {B750A861-A08C-4E1A-82BC-DE4B521FF221}
		{8E22E764-B44D-41C7-81AF-EF9D491081ED} = {B750A861-A08C-4E1A-82BC-DE4B521FF221}
		{C71100E4-D848-4173-BCA9-578E6E874CB1} = {B750A861-A08C-4E1A-82BC-DE4B521FF221}
		{5942A443-37C5-49CE-AB3A-E47154593FBD} = {B750A861-A08C-4E1A-82BC-DE4B521FF221}
		{CF898BD4-44FA-4045-A52F-09096C0AF42D} = {B750A861-A08C-4E1A-82BC-DE4B521FF221}
		{871E4607-2A33-4BBD-9F47-F337536829B0} = {B750A861-A08C-4E1A-82BC-DE4B521FF221}
		{6283BC6E-A74C-4023-AEBE-856AA7E86092} = {B750A861-A08C-4E1A-82BC-DE4B521FF221}
		{BEED8A0E-EE58-4823-97E2-951AAEA7799B} = {B750A861-A08C-4E1A-82BC-DE4B521FF221}
		{C0F8605A-5ACF-4D1E-AA33-8D059E509998} = {C6578CAD-D331-409C-BC16-989AEDF2A660}
		{DD7707E3-DA7B-4747-BC1C-12126CBF581C} = {C6578CAD-D331-409C-BC16-989AEDF2A660}
		{E3F2BDF7-7AC5-4C89-A01E-10D269EB0B1C} = {C6578CAD-D331-409C-BC16-989AEDF2A660}
		{DBE39397-4AAC-443E-B18F-8C2FFE097E3D} = {187D6F5F-8A84-4527-B63B-5037CD93E1E6}
		{D5CBF671-B1EF-442F-80CD-0606EE8C44D8} = {187D6F5F-8A84-4527-B63B-5037CD93E1E6}
		{7A30904D-40C9-408D-813E-12E16C488EAA} = {187D6F5F-8A84-4527-B63B-5037CD93E1E6}
		{55E29217-7071-4FA1-8810-79614584BBBB} = {8E22E764-B44D-41C7-81AF-EF9D491081ED}
		{74788B39-49AB-4708-AD96-B5558AF48C7A} = {C71100E4-D848-4173-BCA9-578E6E874CB1}
		{6F6C0C53-6489-439D-A92F-2EBA93D8A889} = {C71100E4-D848-4173-BCA9-578E6E874CB1}
		{B37EA36C-9C56-4EC2-BD17-4B884F9D6ACE} = {C71100E4-D848-4173-BCA9-578E6E874CB1}
		{40B1F906-58AC-42AD-837C-3F31B289659C} = {5942A443-37C5-49CE-AB3A-E47154593FBD}
		{12970BDF-D7FE-4206-A988-1940B7B9A93B} = {5942A443-37C5-49CE-AB3A-E47154593FBD}
		{8E92B6F7-3D6E-4B01-B465-7B600E4E2FF9} = {5942A443-37C5-49CE-AB3A-E47154593FBD}
		{8EAD531D-F959-4445-9C5B-68E82F639550} = {C0F8605A-5ACF-4D1E-AA33-8D059E509998}
		{6CA26E71-2EE9-4CCB-99DD-C7839F0D0E63} = {C0F8605A-5ACF-4D1E-AA33-8D059E509998}
		{1B4B4933-6267-4AEC-9F9C-1FF8B6C7546B} = {C0F8605A-5ACF-4D1E-AA33-8D059E509998}
		{A5619D31-2996-4312-A7BA-0AF687445C23} = {C0F8605A-5ACF-4D1E-AA33-8D059E509998}
		{EAE30DE8-46F0-473F-8D45-DD22D4C323DB} = {C0F8605A-5ACF-4D1E-AA33-8D059E509998}
		{2A0211B9-5EA6-439F-A5E7-9C16F35BDD5E} = {C0F8605A-5ACF-4D1E-AA33-8D059E509998}
		{002AEBBE-70BA-4D3F-AE41-6E49D4E11E86} = {C0F8605A-5ACF-4D1E-AA33-8D059E509998}
		{40C9556A-C48D-4E1C-875C-80A45D2AAC5C} = {C0F8605A-5ACF-4D1E-AA33-8D059E509998}
		{C61238A6-EA8A-427F-BCF1-5D70DBEF06F6} = {CF898BD4-44FA-4045-A52F-09096C0AF42D}
		{11331540-BE27-41A8-B10C-D1C7A686E554} = {871E4607-2A33-4BBD-9F47-F337536829B0}
		{4684F559-E4BA-466E-8EED-962987B34363} = {6283BC6E-A74C-4023-AEBE-856AA7E86092}
		{1FEAFB7D-1173-4B2D-ABB1-B546941053AB} = {6283BC6E-A74C-4023-AEBE-856AA7E86092}
		{125370E1-A7FB-4458-A2AC-CA7C044FC944} = {BEED8A0E-EE58-4823-97E2-951AAEA7799B}
		{D518CE08-B54C-4727-B307-E1EEE3D54EB7} = {DD7707E3-DA7B-4747-BC1C-12126CBF581C}
		{8FFA9599-9D70-4C45-AD9A-E803D6322753} = {DD7707E3-DA7B-4747-BC1C-12126CBF581C}
		{75ACE89F-E583-4A5B-94F8-218C764B4EF9} = {DD7707E3-DA7B-4747-BC1C-12126CBF581C}
	EndGlobalSection
EndGlobal
