Microsoft Visual Studio Solution File, Format Version 9.00
# Visual Studio 2005
Project("{D0A7707A-04E2-4AA9-A44E-89783E5BD8A8}") = "Prototype", "Prototype.cpsproj", "{DA4350E1-FDD8-4701-9430-941B9C39CB46}"
EndProject
Global
	GlobalSection(SolutionConfigurationPlatforms) = preSolution
		Debug|Any CPU = Debug|Any CPU
		Release|Any CPU = Release|Any CPU
	EndGlobalSection
	GlobalSection(ProjectConfigurationPlatforms) = postSolution
		{DA4350E1-FDD8-4701-9430-941B9C39CB46}.Debug|Any CPU.ActiveCfg = Debug|Any CPU
		{DA4350E1-FDD8-4701-9430-941B9C39CB46}.Debug|Any CPU.Build.0 = Debug|Any CPU
		{DA4350E1-FDD8-4701-9430-941B9C39CB46}.Release|Any CPU.ActiveCfg = Release|Any CPU
		{DA4350E1-FDD8-4701-9430-941B9C39CB46}.Release|Any CPU.Build.0 = Release|Any CPU
	EndGlobalSection
	GlobalSection(SolutionProperties) = preSolution
		HideSolutionNode = FALSE
	EndGlobalSection
EndGlobal
