Microsoft Visual Studio Solution File, Format Version 8.00
Project("{FAE04EC0-301F-11D3-BF4B-00C04F79EFBC}") = "CSharp", "CSharp.csproj", "{B0A1577D-951D-4886-8726-9388FB15CFF4}"
	ProjectSection(ProjectDependencies) = postProject
	EndProjectSection
EndProject
Project("{FAE04EC0-301F-11D3-BF4B-00C04F79EFBC}") = "antlr.runtime-2.7.2", "antlr.runtime\antlr.runtime-2.7.2.csproj", "{CB7CC882-ED47-46C0-AAAE-7A437F22F1C6}"
	ProjectSection(ProjectDependencies) = postProject
	EndProjectSection
EndProject
Global
	GlobalSection(SolutionConfiguration) = preSolution
		antlr java = antlr java
		Debug = Debug
		Release = Release
	EndGlobalSection
	GlobalSection(ProjectConfiguration) = postSolution
		{B0A1577D-951D-4886-8726-9388FB15CFF4}.antlr java.ActiveCfg = antlr java|.NET
		{B0A1577D-951D-4886-8726-9388FB15CFF4}.antlr java.Build.0 = antlr java|.NET
		{B0A1577D-951D-4886-8726-9388FB15CFF4}.Debug.ActiveCfg = Debug|.NET
		{B0A1577D-951D-4886-8726-9388FB15CFF4}.Debug.Build.0 = Debug|.NET
		{B0A1577D-951D-4886-8726-9388FB15CFF4}.Release.ActiveCfg = Release|.NET
		{B0A1577D-951D-4886-8726-9388FB15CFF4}.Release.Build.0 = Release|.NET
		{CB7CC882-ED47-46C0-AAAE-7A437F22F1C6}.antlr java.ActiveCfg = Release|.NET
		{CB7CC882-ED47-46C0-AAAE-7A437F22F1C6}.antlr java.Build.0 = Release|.NET
		{CB7CC882-ED47-46C0-AAAE-7A437F22F1C6}.Debug.ActiveCfg = Debug|.NET
		{CB7CC882-ED47-46C0-AAAE-7A437F22F1C6}.Debug.Build.0 = Debug|.NET
		{CB7CC882-ED47-46C0-AAAE-7A437F22F1C6}.Release.ActiveCfg = Release|.NET
		{CB7CC882-ED47-46C0-AAAE-7A437F22F1C6}.Release.Build.0 = Release|.NET
	EndGlobalSection
	GlobalSection(ExtensibilityGlobals) = postSolution
	EndGlobalSection
	GlobalSection(ExtensibilityAddIns) = postSolution
	EndGlobalSection
EndGlobal
