
Microsoft Visual Studio Solution File, Format Version 9.00
# Visual Studio 2005
Project("{FAE04EC0-301F-11D3-BF4B-00C04F79EFBC}") = "ILAnalyzer", "ILAnalyzer\ILAnalyzer.csproj", "{DBE39397-4AAC-443E-B18F-8C2FFE097E3D}"
EndProject
Project("{FAE04EC0-301F-11D3-BF4B-00C04F79EFBC}") = "ILAnalyzerCaller", "ILAnalyzerCaller\ILAnalyzerCaller.csproj", "{D5CBF671-B1EF-442F-80CD-0606EE8C44D8}"
EndProject
Project("{FAE04EC0-301F-11D3-BF4B-00C04F79EFBC}") = "Mono.Cecil", "D:\Development\Research\cecil-0.4.3\Mono.Cecil.csproj", "{D8F63DFF-5230-43E4-9AB2-DA6E721A1FAE}"
EndProject
Project("{FAE04EC0-301F-11D3-BF4B-00C04F79EFBC}") = "ILWeaver", "ILWeaver\ILWeaver.csproj", "{7A30904D-40C9-408D-813E-12E16C488EAA}"
EndProject
Global
	GlobalSection(SolutionConfigurationPlatforms) = preSolution
		Debug|Any CPU = Debug|Any CPU
		Release|Any CPU = Release|Any CPU
	EndGlobalSection
	GlobalSection(ProjectConfigurationPlatforms) = postSolution
		{DBE39397-4AAC-443E-B18F-8C2FFE097E3D}.Debug|Any CPU.ActiveCfg = Debug|Any CPU
		{DBE39397-4AAC-443E-B18F-8C2FFE097E3D}.Debug|Any CPU.Build.0 = Debug|Any CPU
		{DBE39397-4AAC-443E-B18F-8C2FFE097E3D}.Release|Any CPU.ActiveCfg = Release|Any CPU
		{DBE39397-4AAC-443E-B18F-8C2FFE097E3D}.Release|Any CPU.Build.0 = Release|Any CPU
		{D5CBF671-B1EF-442F-80CD-0606EE8C44D8}.Debug|Any CPU.ActiveCfg = Debug|Any CPU
		{D5CBF671-B1EF-442F-80CD-0606EE8C44D8}.Debug|Any CPU.Build.0 = Debug|Any CPU
		{D5CBF671-B1EF-442F-80CD-0606EE8C44D8}.Release|Any CPU.ActiveCfg = Release|Any CPU
		{D5CBF671-B1EF-442F-80CD-0606EE8C44D8}.Release|Any CPU.Build.0 = Release|Any CPU
		{D8F63DFF-5230-43E4-9AB2-DA6E721A1FAE}.Debug|Any CPU.ActiveCfg = Debug|Any CPU
		{D8F63DFF-5230-43E4-9AB2-DA6E721A1FAE}.Debug|Any CPU.Build.0 = Debug|Any CPU
		{D8F63DFF-5230-43E4-9AB2-DA6E721A1FAE}.Release|Any CPU.ActiveCfg = Release|Any CPU
		{D8F63DFF-5230-43E4-9AB2-DA6E721A1FAE}.Release|Any CPU.Build.0 = Release|Any CPU
		{7A30904D-40C9-408D-813E-12E16C488EAA}.Debug|Any CPU.ActiveCfg = Debug|Any CPU
		{7A30904D-40C9-408D-813E-12E16C488EAA}.Debug|Any CPU.Build.0 = Debug|Any CPU
		{7A30904D-40C9-408D-813E-12E16C488EAA}.Release|Any CPU.ActiveCfg = Release|Any CPU
		{7A30904D-40C9-408D-813E-12E16C488EAA}.Release|Any CPU.Build.0 = Release|Any CPU
	EndGlobalSection
	GlobalSection(SolutionProperties) = preSolution
		HideSolutionNode = FALSE
	EndGlobalSection
EndGlobal
