
Microsoft Visual Studio Solution File, Format Version 9.00
# Visual Studio 2005
Project("{D0A7707A-04E2-4AA9-A44E-89783E5BD8A8}") = "StarLightPlatypus", "StarLightPlatypus\StarLightPlatypus.cpsproj", "{D518ED2F-85C7-44C9-8C45-11E5FB182CD1}"
EndProject
Project("{E6FDF86B-F3D1-11D4-8576-0002A516ECE8}") = "Platypus", "SourcePlatypus\Platypus.vjsproj", "{F14076D8-1484-4A28-A31F-04D4BFF810F6}"
EndProject
Global
	GlobalSection(SolutionConfigurationPlatforms) = preSolution
		Debug|Any CPU = Debug|Any CPU
		Debug|Mixed Platforms = Debug|Mixed Platforms
		Debug|x86 = Debug|x86
		Release|Any CPU = Release|Any CPU
		Release|Mixed Platforms = Release|Mixed Platforms
		Release|x86 = Release|x86
	EndGlobalSection
	GlobalSection(ProjectConfigurationPlatforms) = postSolution
		{D518ED2F-85C7-44C9-8C45-11E5FB182CD1}.Debug|Any CPU.ActiveCfg = Debug|Any CPU
		{D518ED2F-85C7-44C9-8C45-11E5FB182CD1}.Debug|Any CPU.Build.0 = Debug|Any CPU
		{D518ED2F-85C7-44C9-8C45-11E5FB182CD1}.Debug|Mixed Platforms.ActiveCfg = Debug|Any CPU
		{D518ED2F-85C7-44C9-8C45-11E5FB182CD1}.Debug|Mixed Platforms.Build.0 = Debug|Any CPU
		{D518ED2F-85C7-44C9-8C45-11E5FB182CD1}.Debug|x86.ActiveCfg = Debug|Any CPU
		{D518ED2F-85C7-44C9-8C45-11E5FB182CD1}.Release|Any CPU.ActiveCfg = Release|Any CPU
		{D518ED2F-85C7-44C9-8C45-11E5FB182CD1}.Release|Any CPU.Build.0 = Release|Any CPU
		{D518ED2F-85C7-44C9-8C45-11E5FB182CD1}.Release|Mixed Platforms.ActiveCfg = Release|Any CPU
		{D518ED2F-85C7-44C9-8C45-11E5FB182CD1}.Release|Mixed Platforms.Build.0 = Release|Any CPU
		{D518ED2F-85C7-44C9-8C45-11E5FB182CD1}.Release|x86.ActiveCfg = Release|Any CPU
		{F14076D8-1484-4A28-A31F-04D4BFF810F6}.Debug|Any CPU.ActiveCfg = Debug|x86
		{F14076D8-1484-4A28-A31F-04D4BFF810F6}.Debug|Mixed Platforms.ActiveCfg = Debug|x86
		{F14076D8-1484-4A28-A31F-04D4BFF810F6}.Debug|Mixed Platforms.Build.0 = Debug|x86
		{F14076D8-1484-4A28-A31F-04D4BFF810F6}.Debug|x86.ActiveCfg = Debug|x86
		{F14076D8-1484-4A28-A31F-04D4BFF810F6}.Debug|x86.Build.0 = Debug|x86
		{F14076D8-1484-4A28-A31F-04D4BFF810F6}.Release|Any CPU.ActiveCfg = Release|x86
		{F14076D8-1484-4A28-A31F-04D4BFF810F6}.Release|Mixed Platforms.ActiveCfg = Release|x86
		{F14076D8-1484-4A28-A31F-04D4BFF810F6}.Release|Mixed Platforms.Build.0 = Release|x86
		{F14076D8-1484-4A28-A31F-04D4BFF810F6}.Release|x86.ActiveCfg = Release|x86
		{F14076D8-1484-4A28-A31F-04D4BFF810F6}.Release|x86.Build.0 = Release|x86
	EndGlobalSection
	GlobalSection(SolutionProperties) = preSolution
		HideSolutionNode = FALSE
	EndGlobalSection
EndGlobal
